PODS:
  - AFNetworking (1.3.4)
  - CCHLinkTextView (1.0.1)
  - CCHMapClusterController (1.6.4)
  - CCHMapsActivity (0.0.2)
  - GoogleAnalytics-iOS-SDK (3.0.9)
  - OCMock (3.1.1)
  - TUSafariActivity (1.0.0)

DEPENDENCIES:
  - AFNetworking (~> 1.3)
  - CCHLinkTextView
  - CCHMapClusterController
  - CCHMapsActivity
  - GoogleAnalytics-iOS-SDK
  - OCMock
  - TUSafariActivity (from `https://github.com/davbeck/TUSafariActivity.git`, commit `c67c2c4272d89765a927dd034708772f3a4a39ee`)

EXTERNAL SOURCES:
  TUSafariActivity:
    :commit: c67c2c4272d89765a927dd034708772f3a4a39ee
    :git: https://github.com/davbeck/TUSafariActivity.git

SPEC CHECKSUMS:
  AFNetworking: 80c4e0652b08eb34e25b9c0ff3c82556fe5967b4
  CCHLinkTextView: eb9a0d2d901a5c1f592c1a8f0446b4249740117d
  CCHMapClusterController: 8e997444e7b21da6462ff32182241f35488de748
  CCHMapsActivity: ef3e9f2bd8c7461d702bb53155c186dcfa59b651
  GoogleAnalytics-iOS-SDK: d9e198b1f955259a72886769be7377cdfcdb2250
  OCMock: f6cb8c162ab9d5620dddf411282c7b2c0ee78854
  TUSafariActivity: bd9da588f5f9136ba445d89f8f86b6dccf4d46ba

COCOAPODS: 0.34.2
