PODS:
  - AFNetworking (1.3.2)
  - AGWindowView (0.1.3)
  - GoogleAnalytics-iOS-SDK (3.0.1)
  - iRate (1.7.5)
  - OCMock (2.2)
  - TUSafariActivity (1.0.0)

DEPENDENCIES:
  - AFNetworking (~> 1.3.2)
  - AGWindowView (>= 0.1.3)
  - GoogleAnalytics-iOS-SDK (>= 3.0.1)
  - iRate (>= 1.7.5)
  - OCMock (>= 2.2)
  - TUSafariActivity (>= 1.0.0)

SPEC CHECKSUMS:
  AFNetworking: 7f9bcd7c287a75476cd5c61e82fd3380e93e4c54
  AGWindowView: 363c13bd0c57b96c283d89f5aaf110c44359c7a2
  GoogleAnalytics-iOS-SDK: ea0118af32b97a92ac98b25ecc2aa2a286c835c7
  iRate: 8de5eaeca627c7708c8aec279eeb8daf2551c774
  OCMock: 5300ae6b75398fc3ae6cbf9102191333d35f6852
  TUSafariActivity: bd9da588f5f9136ba445d89f8f86b6dccf4d46ba

COCOAPODS: 0.24.0
