// !$*UTF8*$!
{
	archiveVersion = 1;
	classes = {
	};
	objectVersion = 46;
	objects = {

/* Begin PBXBuildFile section */
		4805808D16C19DF100C49272 /* MainStoryboard.storyboard in Resources */ = {isa = PBXBuildFile; fileRef = 4805808C16C19DF100C49272 /* MainStoryboard.storyboard */; };
		4805809516C5BD8800C49272 /* AddressBook.framework in Frameworks */ = {isa = PBXBuildFile; fileRef = 4805809416C5BD8800C49272 /* AddressBook.framework */; };
		4808CF3D16FCFE4C00E89E97 /* MapClusteringAnnotation.m in Sources */ = {isa = PBXBuildFile; fileRef = 4808CF3816FCFE4C00E89E97 /* MapClusteringAnnotation.m */; };
		4808CF3E16FCFE4C00E89E97 /* MapClusteringController.m in Sources */ = {isa = PBXBuildFile; fileRef = 4808CF3A16FCFE4C00E89E97 /* MapClusteringController.m */; };
		4808CF3F16FCFE4C00E89E97 /* MapClusteringControllerUtils.m in Sources */ = {isa = PBXBuildFile; fileRef = 4808CF3C16FCFE4C00E89E97 /* MapClusteringControllerUtils.m */; };
		4808CF4016FCFF1600E89E97 /* MapClusteringControllerUtils.m in Sources */ = {isa = PBXBuildFile; fileRef = 4808CF3C16FCFE4C00E89E97 /* MapClusteringControllerUtils.m */; };
		4808CF441700C1E000E89E97 /* MapClusteringControllerUtilsTests.m in Sources */ = {isa = PBXBuildFile; fileRef = 4808CF431700C1E000E89E97 /* MapClusteringControllerUtilsTests.m */; };
		4808CF451700C21600E89E97 /* MapClusteringAnnotation.m in Sources */ = {isa = PBXBuildFile; fileRef = 4808CF3816FCFE4C00E89E97 /* MapClusteringAnnotation.m */; };
		480FFF8716A0C6160012CCD5 /* SenTestingKit.framework in Frameworks */ = {isa = PBXBuildFile; fileRef = 6222BF2416A037CE006ED538 /* SenTestingKit.framework */; };
		480FFF8816A0C6160012CCD5 /* UIKit.framework in Frameworks */ = {isa = PBXBuildFile; fileRef = 627E43B6169B0F050065C1F1 /* UIKit.framework */; };
		480FFF8916A0C6160012CCD5 /* Foundation.framework in Frameworks */ = {isa = PBXBuildFile; fileRef = 627E43B8169B0F050065C1F1 /* Foundation.framework */; };
		480FFF8F16A0C6160012CCD5 /* InfoPlist.strings in Resources */ = {isa = PBXBuildFile; fileRef = 480FFF8D16A0C6160012CCD5 /* InfoPlist.strings */; };
		480FFF9B16A0C6890012CCD5 /* StolpersteineNetworkServiceTests.m in Sources */ = {isa = PBXBuildFile; fileRef = 480FFF9A16A0C6890012CCD5 /* StolpersteineNetworkServiceTests.m */; };
		480FFF9C16A0C74B0012CCD5 /* SystemConfiguration.framework in Frameworks */ = {isa = PBXBuildFile; fileRef = 627E4402169B27360065C1F1 /* SystemConfiguration.framework */; };
		480FFF9D16A0C7520012CCD5 /* MobileCoreServices.framework in Frameworks */ = {isa = PBXBuildFile; fileRef = 627E4404169B273D0065C1F1 /* MobileCoreServices.framework */; };
		480FFF9E16A0C75D0012CCD5 /* CoreLocation.framework in Frameworks */ = {isa = PBXBuildFile; fileRef = 484C8EE4169B609F001CEA59 /* CoreLocation.framework */; };
		480FFF9F16A0C79D0012CCD5 /* StolpersteinNetworkService.m in Sources */ = {isa = PBXBuildFile; fileRef = 627E4431169C420A0065C1F1 /* StolpersteinNetworkService.m */; };
		480FFFA016A0C79D0012CCD5 /* NSDictionary+Parsing.m in Sources */ = {isa = PBXBuildFile; fileRef = 6222BF0016A030E5006ED538 /* NSDictionary+Parsing.m */; };
		480FFFA116A0C79D0012CCD5 /* Stolperstein.m in Sources */ = {isa = PBXBuildFile; fileRef = 627E4437169C43970065C1F1 /* Stolperstein.m */; };
		484C8EE5169B609F001CEA59 /* CoreLocation.framework in Frameworks */ = {isa = PBXBuildFile; fileRef = 484C8EE4169B609F001CEA59 /* CoreLocation.framework */; };
		48633B9716C03F690057A317 /* CopyableImageView.m in Sources */ = {isa = PBXBuildFile; fileRef = 48633B8816C03F690057A317 /* CopyableImageView.m */; };
		48633B9816C03F690057A317 /* MapViewController.m in Sources */ = {isa = PBXBuildFile; fileRef = 48633B8A16C03F690057A317 /* MapViewController.m */; };
		48633B9C16C03F690057A317 /* StolpersteinDetailViewController.m in Sources */ = {isa = PBXBuildFile; fileRef = 48633B9416C03F690057A317 /* StolpersteinDetailViewController.m */; };
		48633B9D16C03F690057A317 /* StolpersteinListViewController.m in Sources */ = {isa = PBXBuildFile; fileRef = 48633B9616C03F690057A317 /* StolpersteinListViewController.m */; };
		48633BA016C03FCE0057A317 /* AppDelegate.m in Sources */ = {isa = PBXBuildFile; fileRef = 48633B9F16C03FCE0057A317 /* AppDelegate.m */; };
		48633BA616C040520057A317 /* InfoPlist.strings in Resources */ = {isa = PBXBuildFile; fileRef = 48633BA216C040520057A317 /* InfoPlist.strings */; };
		48633BAA16C041150057A317 /* Localizable.strings in Resources */ = {isa = PBXBuildFile; fileRef = 48633BAC16C041150057A317 /* Localizable.strings */; };
		4865313616E1253100E4A483 /* chevron.png in Resources */ = {isa = PBXBuildFile; fileRef = 4865313216E1253100E4A483 /* chevron.png */; };
		4865313716E1253100E4A483 /* chevron@2x.png in Resources */ = {isa = PBXBuildFile; fileRef = 4865313316E1253100E4A483 /* chevron@2x.png */; };
		4865313816E1253100E4A483 /* text-field-frame.png in Resources */ = {isa = PBXBuildFile; fileRef = 4865313416E1253100E4A483 /* text-field-frame.png */; };
		4865313916E1253100E4A483 /* text-field-frame@2x.png in Resources */ = {isa = PBXBuildFile; fileRef = 4865313516E1253100E4A483 /* text-field-frame@2x.png */; };
		4879B6B016E25490006593D8 /* Default-568h@2x.png in Resources */ = {isa = PBXBuildFile; fileRef = 4879B6AD16E25490006593D8 /* Default-568h@2x.png */; };
		4879B6B116E25490006593D8 /* Default.png in Resources */ = {isa = PBXBuildFile; fileRef = 4879B6AE16E25490006593D8 /* Default.png */; };
		4879B6B216E25490006593D8 /* Default@2x.png in Resources */ = {isa = PBXBuildFile; fileRef = 4879B6AF16E25490006593D8 /* Default@2x.png */; };
		4879B6BC16E281D5006593D8 /* Icon-72.png in Resources */ = {isa = PBXBuildFile; fileRef = 4879B6B416E281D5006593D8 /* Icon-72.png */; };
		4879B6BD16E281D5006593D8 /* Icon-72@2x.png in Resources */ = {isa = PBXBuildFile; fileRef = 4879B6B516E281D5006593D8 /* Icon-72@2x.png */; };
		4879B6BE16E281D5006593D8 /* Icon-Small-50.png in Resources */ = {isa = PBXBuildFile; fileRef = 4879B6B616E281D5006593D8 /* Icon-Small-50.png */; };
		4879B6BF16E281D5006593D8 /* Icon-Small-50@2x.png in Resources */ = {isa = PBXBuildFile; fileRef = 4879B6B716E281D5006593D8 /* Icon-Small-50@2x.png */; };
		4879B6C016E281D5006593D8 /* Icon-Small.png in Resources */ = {isa = PBXBuildFile; fileRef = 4879B6B816E281D5006593D8 /* Icon-Small.png */; };
		4879B6C116E281D5006593D8 /* Icon-Small@2x.png in Resources */ = {isa = PBXBuildFile; fileRef = 4879B6B916E281D5006593D8 /* Icon-Small@2x.png */; };
		4879B6C216E281D5006593D8 /* Icon.png in Resources */ = {isa = PBXBuildFile; fileRef = 4879B6BA16E281D5006593D8 /* Icon.png */; };
		4879B6C316E281D5006593D8 /* Icon@2x.png in Resources */ = {isa = PBXBuildFile; fileRef = 4879B6BB16E281D5006593D8 /* Icon@2x.png */; };
		48A08C9016DBF5A5000A2470 /* Localization.m in Sources */ = {isa = PBXBuildFile; fileRef = 48A08C8F16DBF5A5000A2470 /* Localization.m */; };
		48A08C9116DBF5A5000A2470 /* Localization.m in Sources */ = {isa = PBXBuildFile; fileRef = 48A08C8F16DBF5A5000A2470 /* Localization.m */; };
		48A08C9416DBF620000A2470 /* LocalizationTests.m in Sources */ = {isa = PBXBuildFile; fileRef = 48A08C9316DBF620000A2470 /* LocalizationTests.m */; };
		48AC6D7016BF0964004C4AF4 /* StolpersteinSearchData.m in Sources */ = {isa = PBXBuildFile; fileRef = 48AC6D6F16BF0964004C4AF4 /* StolpersteinSearchData.m */; };
		48AC6D7116BF0964004C4AF4 /* StolpersteinSearchData.m in Sources */ = {isa = PBXBuildFile; fileRef = 48AC6D6F16BF0964004C4AF4 /* StolpersteinSearchData.m */; };
		48AC6D7216BF0964004C4AF4 /* StolpersteinSearchData.m in Sources */ = {isa = PBXBuildFile; fileRef = 48AC6D6F16BF0964004C4AF4 /* StolpersteinSearchData.m */; };
		48BAF38416E926DE007250A0 /* Settings.bundle in Resources */ = {isa = PBXBuildFile; fileRef = 48BAF38316E926DE007250A0 /* Settings.bundle */; };
		48BAF38816E9405C007250A0 /* DiagnosticsService.m in Sources */ = {isa = PBXBuildFile; fileRef = 48BAF38716E9405C007250A0 /* DiagnosticsService.m */; };
		6222BF0116A030E5006ED538 /* NSDictionary+Parsing.m in Sources */ = {isa = PBXBuildFile; fileRef = 6222BF0016A030E5006ED538 /* NSDictionary+Parsing.m */; };
		6222BF2516A037CE006ED538 /* SenTestingKit.framework in Frameworks */ = {isa = PBXBuildFile; fileRef = 6222BF2416A037CE006ED538 /* SenTestingKit.framework */; };
		6222BF2616A037CE006ED538 /* UIKit.framework in Frameworks */ = {isa = PBXBuildFile; fileRef = 627E43B6169B0F050065C1F1 /* UIKit.framework */; };
		6222BF2716A037CE006ED538 /* Foundation.framework in Frameworks */ = {isa = PBXBuildFile; fileRef = 627E43B8169B0F050065C1F1 /* Foundation.framework */; };
		6222BF2D16A037CE006ED538 /* InfoPlist.strings in Resources */ = {isa = PBXBuildFile; fileRef = 6222BF2B16A037CE006ED538 /* InfoPlist.strings */; };
		6222BF3916A043B2006ED538 /* StolpersteinNetworkService.m in Sources */ = {isa = PBXBuildFile; fileRef = 627E4431169C420A0065C1F1 /* StolpersteinNetworkService.m */; };
		6222BF3A16A043B2006ED538 /* NSDictionary+Parsing.m in Sources */ = {isa = PBXBuildFile; fileRef = 6222BF0016A030E5006ED538 /* NSDictionary+Parsing.m */; };
		6222BF3B16A043B2006ED538 /* Stolperstein.m in Sources */ = {isa = PBXBuildFile; fileRef = 627E4437169C43970065C1F1 /* Stolperstein.m */; };
		6222BF4516A043F0006ED538 /* CoreLocation.framework in Frameworks */ = {isa = PBXBuildFile; fileRef = 484C8EE4169B609F001CEA59 /* CoreLocation.framework */; };
		6222BF4616A0440A006ED538 /* MobileCoreServices.framework in Frameworks */ = {isa = PBXBuildFile; fileRef = 627E4404169B273D0065C1F1 /* MobileCoreServices.framework */; };
		6222BF4716A04411006ED538 /* SystemConfiguration.framework in Frameworks */ = {isa = PBXBuildFile; fileRef = 627E4402169B27360065C1F1 /* SystemConfiguration.framework */; };
		6243178016BFDF2400055933 /* image-frame.png in Resources */ = {isa = PBXBuildFile; fileRef = 6243177216BFDF2400055933 /* image-frame.png */; };
		6243178116BFDF2400055933 /* image-frame@2x.png in Resources */ = {isa = PBXBuildFile; fileRef = 6243177316BFDF2400055933 /* image-frame@2x.png */; };
		6243178216BFDF2400055933 /* search-text-field-clear-button-landscape.png in Resources */ = {isa = PBXBuildFile; fileRef = 6243177416BFDF2400055933 /* search-text-field-clear-button-landscape.png */; };
		6243178316BFDF2400055933 /* search-text-field-clear-button-landscape@2x.png in Resources */ = {isa = PBXBuildFile; fileRef = 6243177516BFDF2400055933 /* search-text-field-clear-button-landscape@2x.png */; };
		6243178416BFDF2400055933 /* search-text-field-clear-button-portrait.png in Resources */ = {isa = PBXBuildFile; fileRef = 6243177616BFDF2400055933 /* search-text-field-clear-button-portrait.png */; };
		6243178516BFDF2400055933 /* search-text-field-clear-button-portrait@2x.png in Resources */ = {isa = PBXBuildFile; fileRef = 6243177716BFDF2400055933 /* search-text-field-clear-button-portrait@2x.png */; };
		6243178616BFDF2400055933 /* search-text-field-landscape.png in Resources */ = {isa = PBXBuildFile; fileRef = 6243177816BFDF2400055933 /* search-text-field-landscape.png */; };
		6243178716BFDF2400055933 /* search-text-field-landscape@2x.png in Resources */ = {isa = PBXBuildFile; fileRef = 6243177916BFDF2400055933 /* search-text-field-landscape@2x.png */; };
		6243178816BFDF2400055933 /* search-text-field-magnifier-landscape.png in Resources */ = {isa = PBXBuildFile; fileRef = 6243177A16BFDF2400055933 /* search-text-field-magnifier-landscape.png */; };
		6243178916BFDF2400055933 /* search-text-field-magnifier-landscape@2x.png in Resources */ = {isa = PBXBuildFile; fileRef = 6243177B16BFDF2400055933 /* search-text-field-magnifier-landscape@2x.png */; };
		6243178A16BFDF2400055933 /* search-text-field-magnifier-portrait.png in Resources */ = {isa = PBXBuildFile; fileRef = 6243177C16BFDF2400055933 /* search-text-field-magnifier-portrait.png */; };
		6243178B16BFDF2400055933 /* search-text-field-magnifier-portrait@2x.png in Resources */ = {isa = PBXBuildFile; fileRef = 6243177D16BFDF2400055933 /* search-text-field-magnifier-portrait@2x.png */; };
		6243178C16BFDF2400055933 /* search-text-field-portrait.png in Resources */ = {isa = PBXBuildFile; fileRef = 6243177E16BFDF2400055933 /* search-text-field-portrait.png */; };
		6243178D16BFDF2400055933 /* search-text-field-portrait@2x.png in Resources */ = {isa = PBXBuildFile; fileRef = 6243177F16BFDF2400055933 /* search-text-field-portrait@2x.png */; };
		627A0B8D16BBFF5300CFA71E /* AFHTTPClient.m in Sources */ = {isa = PBXBuildFile; fileRef = 627A0B7B16BBFF5300CFA71E /* AFHTTPClient.m */; };
		627A0B8E16BBFF5300CFA71E /* AFHTTPRequestOperation.m in Sources */ = {isa = PBXBuildFile; fileRef = 627A0B7D16BBFF5300CFA71E /* AFHTTPRequestOperation.m */; };
		627A0B8F16BBFF5300CFA71E /* AFImageRequestOperation.m in Sources */ = {isa = PBXBuildFile; fileRef = 627A0B7F16BBFF5300CFA71E /* AFImageRequestOperation.m */; };
		627A0B9016BBFF5300CFA71E /* AFJSONRequestOperation.m in Sources */ = {isa = PBXBuildFile; fileRef = 627A0B8116BBFF5300CFA71E /* AFJSONRequestOperation.m */; };
		627A0B9116BBFF5300CFA71E /* AFNetworkActivityIndicatorManager.m in Sources */ = {isa = PBXBuildFile; fileRef = 627A0B8316BBFF5300CFA71E /* AFNetworkActivityIndicatorManager.m */; };
		627A0B9216BBFF5300CFA71E /* AFPropertyListRequestOperation.m in Sources */ = {isa = PBXBuildFile; fileRef = 627A0B8616BBFF5300CFA71E /* AFPropertyListRequestOperation.m */; };
		627A0B9316BBFF5300CFA71E /* AFURLConnectionOperation.m in Sources */ = {isa = PBXBuildFile; fileRef = 627A0B8816BBFF5300CFA71E /* AFURLConnectionOperation.m */; };
		627A0B9416BBFF5300CFA71E /* AFXMLRequestOperation.m in Sources */ = {isa = PBXBuildFile; fileRef = 627A0B8A16BBFF5300CFA71E /* AFXMLRequestOperation.m */; };
		627A0B9516BBFF5300CFA71E /* UIImageView+AFNetworking.m in Sources */ = {isa = PBXBuildFile; fileRef = 627A0B8C16BBFF5300CFA71E /* UIImageView+AFNetworking.m */; };
		627A0B9D16BBFF7B00CFA71E /* libGoogleAnalytics.a in Frameworks */ = {isa = PBXBuildFile; fileRef = 627A0B9716BBFF7B00CFA71E /* libGoogleAnalytics.a */; };
		627A0B9F16BC007600CFA71E /* CoreData.framework in Frameworks */ = {isa = PBXBuildFile; fileRef = 627A0B9E16BC007600CFA71E /* CoreData.framework */; };
		627A0BA016BC037100CFA71E /* AFHTTPClient.m in Sources */ = {isa = PBXBuildFile; fileRef = 627A0B7B16BBFF5300CFA71E /* AFHTTPClient.m */; };
		627A0BA116BC037100CFA71E /* AFHTTPRequestOperation.m in Sources */ = {isa = PBXBuildFile; fileRef = 627A0B7D16BBFF5300CFA71E /* AFHTTPRequestOperation.m */; };
		627A0BA216BC037100CFA71E /* AFImageRequestOperation.m in Sources */ = {isa = PBXBuildFile; fileRef = 627A0B7F16BBFF5300CFA71E /* AFImageRequestOperation.m */; };
		627A0BA316BC037100CFA71E /* AFJSONRequestOperation.m in Sources */ = {isa = PBXBuildFile; fileRef = 627A0B8116BBFF5300CFA71E /* AFJSONRequestOperation.m */; };
		627A0BA416BC037100CFA71E /* AFNetworkActivityIndicatorManager.m in Sources */ = {isa = PBXBuildFile; fileRef = 627A0B8316BBFF5300CFA71E /* AFNetworkActivityIndicatorManager.m */; };
		627A0BA516BC037100CFA71E /* AFPropertyListRequestOperation.m in Sources */ = {isa = PBXBuildFile; fileRef = 627A0B8616BBFF5300CFA71E /* AFPropertyListRequestOperation.m */; };
		627A0BA616BC037100CFA71E /* AFURLConnectionOperation.m in Sources */ = {isa = PBXBuildFile; fileRef = 627A0B8816BBFF5300CFA71E /* AFURLConnectionOperation.m */; };
		627A0BA716BC037100CFA71E /* AFXMLRequestOperation.m in Sources */ = {isa = PBXBuildFile; fileRef = 627A0B8A16BBFF5300CFA71E /* AFXMLRequestOperation.m */; };
		627A0BA816BC037100CFA71E /* UIImageView+AFNetworking.m in Sources */ = {isa = PBXBuildFile; fileRef = 627A0B8C16BBFF5300CFA71E /* UIImageView+AFNetworking.m */; };
		627A0BA916BC037200CFA71E /* AFHTTPClient.m in Sources */ = {isa = PBXBuildFile; fileRef = 627A0B7B16BBFF5300CFA71E /* AFHTTPClient.m */; };
		627A0BAA16BC037200CFA71E /* AFHTTPRequestOperation.m in Sources */ = {isa = PBXBuildFile; fileRef = 627A0B7D16BBFF5300CFA71E /* AFHTTPRequestOperation.m */; };
		627A0BAB16BC037200CFA71E /* AFImageRequestOperation.m in Sources */ = {isa = PBXBuildFile; fileRef = 627A0B7F16BBFF5300CFA71E /* AFImageRequestOperation.m */; };
		627A0BAC16BC037200CFA71E /* AFJSONRequestOperation.m in Sources */ = {isa = PBXBuildFile; fileRef = 627A0B8116BBFF5300CFA71E /* AFJSONRequestOperation.m */; };
		627A0BAD16BC037200CFA71E /* AFNetworkActivityIndicatorManager.m in Sources */ = {isa = PBXBuildFile; fileRef = 627A0B8316BBFF5300CFA71E /* AFNetworkActivityIndicatorManager.m */; };
		627A0BAE16BC037200CFA71E /* AFPropertyListRequestOperation.m in Sources */ = {isa = PBXBuildFile; fileRef = 627A0B8616BBFF5300CFA71E /* AFPropertyListRequestOperation.m */; };
		627A0BAF16BC037200CFA71E /* AFURLConnectionOperation.m in Sources */ = {isa = PBXBuildFile; fileRef = 627A0B8816BBFF5300CFA71E /* AFURLConnectionOperation.m */; };
		627A0BB016BC037200CFA71E /* AFXMLRequestOperation.m in Sources */ = {isa = PBXBuildFile; fileRef = 627A0B8A16BBFF5300CFA71E /* AFXMLRequestOperation.m */; };
		627A0BB116BC037200CFA71E /* UIImageView+AFNetworking.m in Sources */ = {isa = PBXBuildFile; fileRef = 627A0B8C16BBFF5300CFA71E /* UIImageView+AFNetworking.m */; };
		627C1BF316FB35A000097711 /* MapKit.framework in Frameworks */ = {isa = PBXBuildFile; fileRef = 627E43D9169B0FFC0065C1F1 /* MapKit.framework */; };
		627E43B7169B0F050065C1F1 /* UIKit.framework in Frameworks */ = {isa = PBXBuildFile; fileRef = 627E43B6169B0F050065C1F1 /* UIKit.framework */; };
		627E43B9169B0F050065C1F1 /* Foundation.framework in Frameworks */ = {isa = PBXBuildFile; fileRef = 627E43B8169B0F050065C1F1 /* Foundation.framework */; };
		627E43BB169B0F050065C1F1 /* CoreGraphics.framework in Frameworks */ = {isa = PBXBuildFile; fileRef = 627E43BA169B0F050065C1F1 /* CoreGraphics.framework */; };
		627E43C3169B0F050065C1F1 /* main.m in Sources */ = {isa = PBXBuildFile; fileRef = 627E43C2169B0F050065C1F1 /* main.m */; };
		627E43DA169B0FFC0065C1F1 /* MapKit.framework in Frameworks */ = {isa = PBXBuildFile; fileRef = 627E43D9169B0FFC0065C1F1 /* MapKit.framework */; };
		627E4403169B27370065C1F1 /* SystemConfiguration.framework in Frameworks */ = {isa = PBXBuildFile; fileRef = 627E4402169B27360065C1F1 /* SystemConfiguration.framework */; };
		627E4405169B273D0065C1F1 /* MobileCoreServices.framework in Frameworks */ = {isa = PBXBuildFile; fileRef = 627E4404169B273D0065C1F1 /* MobileCoreServices.framework */; };
		627E4432169C420A0065C1F1 /* StolpersteinNetworkService.m in Sources */ = {isa = PBXBuildFile; fileRef = 627E4431169C420A0065C1F1 /* StolpersteinNetworkService.m */; };
		627E4438169C43970065C1F1 /* Stolperstein.m in Sources */ = {isa = PBXBuildFile; fileRef = 627E4437169C43970065C1F1 /* Stolperstein.m */; };
		62F147C4170202A1003E7DAA /* SearchBar.m in Sources */ = {isa = PBXBuildFile; fileRef = 62F147BD170202A1003E7DAA /* SearchBar.m */; };
		62F147C5170202A1003E7DAA /* SearchDisplayController.m in Sources */ = {isa = PBXBuildFile; fileRef = 62F147C0170202A1003E7DAA /* SearchDisplayController.m */; };
		62F147C6170202A1003E7DAA /* SearchTextField.m in Sources */ = {isa = PBXBuildFile; fileRef = 62F147C3170202A1003E7DAA /* SearchTextField.m */; };
/* End PBXBuildFile section */

/* Begin PBXFileReference section */
		4805808C16C19DF100C49272 /* MainStoryboard.storyboard */ = {isa = PBXFileReference; fileEncoding = 4; lastKnownFileType = file.storyboard; path = MainStoryboard.storyboard; sourceTree = "<group>"; };
		4805809416C5BD8800C49272 /* AddressBook.framework */ = {isa = PBXFileReference; lastKnownFileType = wrapper.framework; name = AddressBook.framework; path = System/Library/Frameworks/AddressBook.framework; sourceTree = SDKROOT; };
		4808CF3716FCFE4C00E89E97 /* MapClusteringAnnotation.h */ = {isa = PBXFileReference; fileEncoding = 4; lastKnownFileType = sourcecode.c.h; path = MapClusteringAnnotation.h; sourceTree = "<group>"; };
		4808CF3816FCFE4C00E89E97 /* MapClusteringAnnotation.m */ = {isa = PBXFileReference; fileEncoding = 4; lastKnownFileType = sourcecode.c.objc; path = MapClusteringAnnotation.m; sourceTree = "<group>"; };
		4808CF3916FCFE4C00E89E97 /* MapClusteringController.h */ = {isa = PBXFileReference; fileEncoding = 4; lastKnownFileType = sourcecode.c.h; path = MapClusteringController.h; sourceTree = "<group>"; };
		4808CF3A16FCFE4C00E89E97 /* MapClusteringController.m */ = {isa = PBXFileReference; fileEncoding = 4; lastKnownFileType = sourcecode.c.objc; path = MapClusteringController.m; sourceTree = "<group>"; };
		4808CF3B16FCFE4C00E89E97 /* MapClusteringControllerUtils.h */ = {isa = PBXFileReference; fileEncoding = 4; lastKnownFileType = sourcecode.c.h; path = MapClusteringControllerUtils.h; sourceTree = "<group>"; };
		4808CF3C16FCFE4C00E89E97 /* MapClusteringControllerUtils.m */ = {isa = PBXFileReference; fileEncoding = 4; lastKnownFileType = sourcecode.c.objc; path = MapClusteringControllerUtils.m; sourceTree = "<group>"; };
		4808CF421700C1E000E89E97 /* MapClusteringControllerUtilsTests.h */ = {isa = PBXFileReference; fileEncoding = 4; lastKnownFileType = sourcecode.c.h; path = MapClusteringControllerUtilsTests.h; sourceTree = "<group>"; };
		4808CF431700C1E000E89E97 /* MapClusteringControllerUtilsTests.m */ = {isa = PBXFileReference; fileEncoding = 4; lastKnownFileType = sourcecode.c.objc; path = MapClusteringControllerUtilsTests.m; sourceTree = "<group>"; };
		480FFF8616A0C6150012CCD5 /* Stolpersteine Integration Tests.octest */ = {isa = PBXFileReference; explicitFileType = wrapper.cfbundle; includeInIndex = 0; path = "Stolpersteine Integration Tests.octest"; sourceTree = BUILT_PRODUCTS_DIR; };
		480FFF8C16A0C6160012CCD5 /* Stolpersteine Integration Tests-Info.plist */ = {isa = PBXFileReference; lastKnownFileType = text.plist.xml; path = "Stolpersteine Integration Tests-Info.plist"; sourceTree = "<group>"; };
		480FFF8E16A0C6160012CCD5 /* en */ = {isa = PBXFileReference; lastKnownFileType = text.plist.strings; name = en; path = en.lproj/InfoPlist.strings; sourceTree = "<group>"; };
		480FFF9316A0C6160012CCD5 /* Stolpersteine Integration Tests-Prefix.pch */ = {isa = PBXFileReference; lastKnownFileType = sourcecode.c.h; path = "Stolpersteine Integration Tests-Prefix.pch"; sourceTree = "<group>"; };
		480FFF9916A0C6890012CCD5 /* StolpersteineNetworkServiceTests.h */ = {isa = PBXFileReference; fileEncoding = 4; lastKnownFileType = sourcecode.c.h; path = StolpersteineNetworkServiceTests.h; sourceTree = "<group>"; };
		480FFF9A16A0C6890012CCD5 /* StolpersteineNetworkServiceTests.m */ = {isa = PBXFileReference; fileEncoding = 4; lastKnownFileType = sourcecode.c.objc; path = StolpersteineNetworkServiceTests.m; sourceTree = "<group>"; };
		484C8EE4169B609F001CEA59 /* CoreLocation.framework */ = {isa = PBXFileReference; lastKnownFileType = wrapper.framework; name = CoreLocation.framework; path = System/Library/Frameworks/CoreLocation.framework; sourceTree = SDKROOT; };
		48633B8716C03F690057A317 /* CopyableImageView.h */ = {isa = PBXFileReference; fileEncoding = 4; lastKnownFileType = sourcecode.c.h; path = CopyableImageView.h; sourceTree = "<group>"; };
		48633B8816C03F690057A317 /* CopyableImageView.m */ = {isa = PBXFileReference; fileEncoding = 4; lastKnownFileType = sourcecode.c.objc; path = CopyableImageView.m; sourceTree = "<group>"; };
		48633B8916C03F690057A317 /* MapViewController.h */ = {isa = PBXFileReference; fileEncoding = 4; lastKnownFileType = sourcecode.c.h; path = MapViewController.h; sourceTree = "<group>"; };
		48633B8A16C03F690057A317 /* MapViewController.m */ = {isa = PBXFileReference; fileEncoding = 4; lastKnownFileType = sourcecode.c.objc; path = MapViewController.m; sourceTree = "<group>"; };
		48633B9316C03F690057A317 /* StolpersteinDetailViewController.h */ = {isa = PBXFileReference; fileEncoding = 4; lastKnownFileType = sourcecode.c.h; path = StolpersteinDetailViewController.h; sourceTree = "<group>"; };
		48633B9416C03F690057A317 /* StolpersteinDetailViewController.m */ = {isa = PBXFileReference; fileEncoding = 4; lastKnownFileType = sourcecode.c.objc; path = StolpersteinDetailViewController.m; sourceTree = "<group>"; };
		48633B9516C03F690057A317 /* StolpersteinListViewController.h */ = {isa = PBXFileReference; fileEncoding = 4; lastKnownFileType = sourcecode.c.h; path = StolpersteinListViewController.h; sourceTree = "<group>"; };
		48633B9616C03F690057A317 /* StolpersteinListViewController.m */ = {isa = PBXFileReference; fileEncoding = 4; lastKnownFileType = sourcecode.c.objc; path = StolpersteinListViewController.m; sourceTree = "<group>"; };
		48633B9E16C03FCE0057A317 /* AppDelegate.h */ = {isa = PBXFileReference; fileEncoding = 4; lastKnownFileType = sourcecode.c.h; path = AppDelegate.h; sourceTree = "<group>"; };
		48633B9F16C03FCE0057A317 /* AppDelegate.m */ = {isa = PBXFileReference; fileEncoding = 4; lastKnownFileType = sourcecode.c.objc; path = AppDelegate.m; sourceTree = "<group>"; };
		48633BA316C040520057A317 /* en */ = {isa = PBXFileReference; lastKnownFileType = text.plist.strings; name = en; path = en.lproj/InfoPlist.strings; sourceTree = "<group>"; };
		48633BAB16C041150057A317 /* en */ = {isa = PBXFileReference; lastKnownFileType = text.plist.strings; name = en; path = en.lproj/Localizable.strings; sourceTree = "<group>"; };
		48633BB116C046180057A317 /* de */ = {isa = PBXFileReference; lastKnownFileType = text.plist.strings; name = de; path = de.lproj/InfoPlist.strings; sourceTree = "<group>"; };
		48633BB216C046180057A317 /* de */ = {isa = PBXFileReference; lastKnownFileType = text.plist.strings; name = de; path = de.lproj/Localizable.strings; sourceTree = "<group>"; };
		4865313216E1253100E4A483 /* chevron.png */ = {isa = PBXFileReference; lastKnownFileType = image.png; path = chevron.png; sourceTree = "<group>"; };
		4865313316E1253100E4A483 /* chevron@2x.png */ = {isa = PBXFileReference; lastKnownFileType = image.png; path = "chevron@2x.png"; sourceTree = "<group>"; };
		4865313416E1253100E4A483 /* text-field-frame.png */ = {isa = PBXFileReference; lastKnownFileType = image.png; path = "text-field-frame.png"; sourceTree = "<group>"; };
		4865313516E1253100E4A483 /* text-field-frame@2x.png */ = {isa = PBXFileReference; lastKnownFileType = image.png; path = "text-field-frame@2x.png"; sourceTree = "<group>"; };
		4879B6AD16E25490006593D8 /* Default-568h@2x.png */ = {isa = PBXFileReference; lastKnownFileType = image.png; path = "Default-568h@2x.png"; sourceTree = "<group>"; };
		4879B6AE16E25490006593D8 /* Default.png */ = {isa = PBXFileReference; lastKnownFileType = image.png; path = Default.png; sourceTree = "<group>"; };
		4879B6AF16E25490006593D8 /* Default@2x.png */ = {isa = PBXFileReference; lastKnownFileType = image.png; path = "Default@2x.png"; sourceTree = "<group>"; };
		4879B6B416E281D5006593D8 /* Icon-72.png */ = {isa = PBXFileReference; lastKnownFileType = image.png; path = "Icon-72.png"; sourceTree = "<group>"; };
		4879B6B516E281D5006593D8 /* Icon-72@2x.png */ = {isa = PBXFileReference; lastKnownFileType = image.png; path = "Icon-72@2x.png"; sourceTree = "<group>"; };
		4879B6B616E281D5006593D8 /* Icon-Small-50.png */ = {isa = PBXFileReference; lastKnownFileType = image.png; path = "Icon-Small-50.png"; sourceTree = "<group>"; };
		4879B6B716E281D5006593D8 /* Icon-Small-50@2x.png */ = {isa = PBXFileReference; lastKnownFileType = image.png; path = "Icon-Small-50@2x.png"; sourceTree = "<group>"; };
		4879B6B816E281D5006593D8 /* Icon-Small.png */ = {isa = PBXFileReference; lastKnownFileType = image.png; path = "Icon-Small.png"; sourceTree = "<group>"; };
		4879B6B916E281D5006593D8 /* Icon-Small@2x.png */ = {isa = PBXFileReference; lastKnownFileType = image.png; path = "Icon-Small@2x.png"; sourceTree = "<group>"; };
		4879B6BA16E281D5006593D8 /* Icon.png */ = {isa = PBXFileReference; lastKnownFileType = image.png; path = Icon.png; sourceTree = "<group>"; };
		4879B6BB16E281D5006593D8 /* Icon@2x.png */ = {isa = PBXFileReference; lastKnownFileType = image.png; path = "Icon@2x.png"; sourceTree = "<group>"; };
		48A08C8E16DBF5A5000A2470 /* Localization.h */ = {isa = PBXFileReference; fileEncoding = 4; lastKnownFileType = sourcecode.c.h; path = Localization.h; sourceTree = "<group>"; };
		48A08C8F16DBF5A5000A2470 /* Localization.m */ = {isa = PBXFileReference; fileEncoding = 4; lastKnownFileType = sourcecode.c.objc; path = Localization.m; sourceTree = "<group>"; };
		48A08C9216DBF620000A2470 /* LocalizationTests.h */ = {isa = PBXFileReference; fileEncoding = 4; lastKnownFileType = sourcecode.c.h; path = LocalizationTests.h; sourceTree = "<group>"; };
		48A08C9316DBF620000A2470 /* LocalizationTests.m */ = {isa = PBXFileReference; fileEncoding = 4; lastKnownFileType = sourcecode.c.objc; path = LocalizationTests.m; sourceTree = "<group>"; };
		48AC6D6E16BF0964004C4AF4 /* StolpersteinSearchData.h */ = {isa = PBXFileReference; fileEncoding = 4; lastKnownFileType = sourcecode.c.h; path = StolpersteinSearchData.h; sourceTree = "<group>"; };
		48AC6D6F16BF0964004C4AF4 /* StolpersteinSearchData.m */ = {isa = PBXFileReference; fileEncoding = 4; lastKnownFileType = sourcecode.c.objc; path = StolpersteinSearchData.m; sourceTree = "<group>"; };
		48BAF38316E926DE007250A0 /* Settings.bundle */ = {isa = PBXFileReference; lastKnownFileType = "wrapper.plug-in"; path = Settings.bundle; sourceTree = "<group>"; };
		48BAF38616E9405C007250A0 /* DiagnosticsService.h */ = {isa = PBXFileReference; fileEncoding = 4; lastKnownFileType = sourcecode.c.h; path = DiagnosticsService.h; sourceTree = "<group>"; };
		48BAF38716E9405C007250A0 /* DiagnosticsService.m */ = {isa = PBXFileReference; fileEncoding = 4; lastKnownFileType = sourcecode.c.objc; path = DiagnosticsService.m; sourceTree = "<group>"; };
		6222BEFF16A030E5006ED538 /* NSDictionary+Parsing.h */ = {isa = PBXFileReference; fileEncoding = 4; lastKnownFileType = sourcecode.c.h; path = "NSDictionary+Parsing.h"; sourceTree = "<group>"; };
		6222BF0016A030E5006ED538 /* NSDictionary+Parsing.m */ = {isa = PBXFileReference; fileEncoding = 4; lastKnownFileType = sourcecode.c.objc; path = "NSDictionary+Parsing.m"; sourceTree = "<group>"; };
		6222BF2316A037CE006ED538 /* Stolpersteine Unit Tests.octest */ = {isa = PBXFileReference; explicitFileType = wrapper.cfbundle; includeInIndex = 0; path = "Stolpersteine Unit Tests.octest"; sourceTree = BUILT_PRODUCTS_DIR; };
		6222BF2416A037CE006ED538 /* SenTestingKit.framework */ = {isa = PBXFileReference; lastKnownFileType = wrapper.framework; name = SenTestingKit.framework; path = Library/Frameworks/SenTestingKit.framework; sourceTree = DEVELOPER_DIR; };
		6222BF2A16A037CE006ED538 /* Stolpersteine Unit Tests-Info.plist */ = {isa = PBXFileReference; lastKnownFileType = text.plist.xml; path = "Stolpersteine Unit Tests-Info.plist"; sourceTree = "<group>"; };
		6222BF2C16A037CE006ED538 /* en */ = {isa = PBXFileReference; lastKnownFileType = text.plist.strings; name = en; path = en.lproj/InfoPlist.strings; sourceTree = "<group>"; };
		6222BF3116A037CE006ED538 /* Stolpersteine Unit Tests-Prefix.pch */ = {isa = PBXFileReference; lastKnownFileType = sourcecode.c.h; path = "Stolpersteine Unit Tests-Prefix.pch"; sourceTree = "<group>"; };
		6243177216BFDF2400055933 /* image-frame.png */ = {isa = PBXFileReference; lastKnownFileType = image.png; path = "image-frame.png"; sourceTree = "<group>"; };
		6243177316BFDF2400055933 /* image-frame@2x.png */ = {isa = PBXFileReference; lastKnownFileType = image.png; path = "image-frame@2x.png"; sourceTree = "<group>"; };
		6243177416BFDF2400055933 /* search-text-field-clear-button-landscape.png */ = {isa = PBXFileReference; lastKnownFileType = image.png; path = "search-text-field-clear-button-landscape.png"; sourceTree = "<group>"; };
		6243177516BFDF2400055933 /* search-text-field-clear-button-landscape@2x.png */ = {isa = PBXFileReference; lastKnownFileType = image.png; path = "search-text-field-clear-button-landscape@2x.png"; sourceTree = "<group>"; };
		6243177616BFDF2400055933 /* search-text-field-clear-button-portrait.png */ = {isa = PBXFileReference; lastKnownFileType = image.png; path = "search-text-field-clear-button-portrait.png"; sourceTree = "<group>"; };
		6243177716BFDF2400055933 /* search-text-field-clear-button-portrait@2x.png */ = {isa = PBXFileReference; lastKnownFileType = image.png; path = "search-text-field-clear-button-portrait@2x.png"; sourceTree = "<group>"; };
		6243177816BFDF2400055933 /* search-text-field-landscape.png */ = {isa = PBXFileReference; lastKnownFileType = image.png; path = "search-text-field-landscape.png"; sourceTree = "<group>"; };
		6243177916BFDF2400055933 /* search-text-field-landscape@2x.png */ = {isa = PBXFileReference; lastKnownFileType = image.png; path = "search-text-field-landscape@2x.png"; sourceTree = "<group>"; };
		6243177A16BFDF2400055933 /* search-text-field-magnifier-landscape.png */ = {isa = PBXFileReference; lastKnownFileType = image.png; path = "search-text-field-magnifier-landscape.png"; sourceTree = "<group>"; };
		6243177B16BFDF2400055933 /* search-text-field-magnifier-landscape@2x.png */ = {isa = PBXFileReference; lastKnownFileType = image.png; path = "search-text-field-magnifier-landscape@2x.png"; sourceTree = "<group>"; };
		6243177C16BFDF2400055933 /* search-text-field-magnifier-portrait.png */ = {isa = PBXFileReference; lastKnownFileType = image.png; path = "search-text-field-magnifier-portrait.png"; sourceTree = "<group>"; };
		6243177D16BFDF2400055933 /* search-text-field-magnifier-portrait@2x.png */ = {isa = PBXFileReference; lastKnownFileType = image.png; path = "search-text-field-magnifier-portrait@2x.png"; sourceTree = "<group>"; };
		6243177E16BFDF2400055933 /* search-text-field-portrait.png */ = {isa = PBXFileReference; lastKnownFileType = image.png; path = "search-text-field-portrait.png"; sourceTree = "<group>"; };
		6243177F16BFDF2400055933 /* search-text-field-portrait@2x.png */ = {isa = PBXFileReference; lastKnownFileType = image.png; path = "search-text-field-portrait@2x.png"; sourceTree = "<group>"; };
		627A0B7A16BBFF5300CFA71E /* AFHTTPClient.h */ = {isa = PBXFileReference; fileEncoding = 4; lastKnownFileType = sourcecode.c.h; path = AFHTTPClient.h; sourceTree = "<group>"; };
		627A0B7B16BBFF5300CFA71E /* AFHTTPClient.m */ = {isa = PBXFileReference; fileEncoding = 4; lastKnownFileType = sourcecode.c.objc; path = AFHTTPClient.m; sourceTree = "<group>"; };
		627A0B7C16BBFF5300CFA71E /* AFHTTPRequestOperation.h */ = {isa = PBXFileReference; fileEncoding = 4; lastKnownFileType = sourcecode.c.h; path = AFHTTPRequestOperation.h; sourceTree = "<group>"; };
		627A0B7D16BBFF5300CFA71E /* AFHTTPRequestOperation.m */ = {isa = PBXFileReference; fileEncoding = 4; lastKnownFileType = sourcecode.c.objc; path = AFHTTPRequestOperation.m; sourceTree = "<group>"; };
		627A0B7E16BBFF5300CFA71E /* AFImageRequestOperation.h */ = {isa = PBXFileReference; fileEncoding = 4; lastKnownFileType = sourcecode.c.h; path = AFImageRequestOperation.h; sourceTree = "<group>"; };
		627A0B7F16BBFF5300CFA71E /* AFImageRequestOperation.m */ = {isa = PBXFileReference; fileEncoding = 4; lastKnownFileType = sourcecode.c.objc; path = AFImageRequestOperation.m; sourceTree = "<group>"; };
		627A0B8016BBFF5300CFA71E /* AFJSONRequestOperation.h */ = {isa = PBXFileReference; fileEncoding = 4; lastKnownFileType = sourcecode.c.h; path = AFJSONRequestOperation.h; sourceTree = "<group>"; };
		627A0B8116BBFF5300CFA71E /* AFJSONRequestOperation.m */ = {isa = PBXFileReference; fileEncoding = 4; lastKnownFileType = sourcecode.c.objc; path = AFJSONRequestOperation.m; sourceTree = "<group>"; };
		627A0B8216BBFF5300CFA71E /* AFNetworkActivityIndicatorManager.h */ = {isa = PBXFileReference; fileEncoding = 4; lastKnownFileType = sourcecode.c.h; path = AFNetworkActivityIndicatorManager.h; sourceTree = "<group>"; };
		627A0B8316BBFF5300CFA71E /* AFNetworkActivityIndicatorManager.m */ = {isa = PBXFileReference; fileEncoding = 4; lastKnownFileType = sourcecode.c.objc; path = AFNetworkActivityIndicatorManager.m; sourceTree = "<group>"; };
		627A0B8416BBFF5300CFA71E /* AFNetworking.h */ = {isa = PBXFileReference; fileEncoding = 4; lastKnownFileType = sourcecode.c.h; path = AFNetworking.h; sourceTree = "<group>"; };
		627A0B8516BBFF5300CFA71E /* AFPropertyListRequestOperation.h */ = {isa = PBXFileReference; fileEncoding = 4; lastKnownFileType = sourcecode.c.h; path = AFPropertyListRequestOperation.h; sourceTree = "<group>"; };
		627A0B8616BBFF5300CFA71E /* AFPropertyListRequestOperation.m */ = {isa = PBXFileReference; fileEncoding = 4; lastKnownFileType = sourcecode.c.objc; path = AFPropertyListRequestOperation.m; sourceTree = "<group>"; };
		627A0B8716BBFF5300CFA71E /* AFURLConnectionOperation.h */ = {isa = PBXFileReference; fileEncoding = 4; lastKnownFileType = sourcecode.c.h; path = AFURLConnectionOperation.h; sourceTree = "<group>"; };
		627A0B8816BBFF5300CFA71E /* AFURLConnectionOperation.m */ = {isa = PBXFileReference; fileEncoding = 4; lastKnownFileType = sourcecode.c.objc; path = AFURLConnectionOperation.m; sourceTree = "<group>"; };
		627A0B8916BBFF5300CFA71E /* AFXMLRequestOperation.h */ = {isa = PBXFileReference; fileEncoding = 4; lastKnownFileType = sourcecode.c.h; path = AFXMLRequestOperation.h; sourceTree = "<group>"; };
		627A0B8A16BBFF5300CFA71E /* AFXMLRequestOperation.m */ = {isa = PBXFileReference; fileEncoding = 4; lastKnownFileType = sourcecode.c.objc; path = AFXMLRequestOperation.m; sourceTree = "<group>"; };
		627A0B8B16BBFF5300CFA71E /* UIImageView+AFNetworking.h */ = {isa = PBXFileReference; fileEncoding = 4; lastKnownFileType = sourcecode.c.h; path = "UIImageView+AFNetworking.h"; sourceTree = "<group>"; };
		627A0B8C16BBFF5300CFA71E /* UIImageView+AFNetworking.m */ = {isa = PBXFileReference; fileEncoding = 4; lastKnownFileType = sourcecode.c.objc; path = "UIImageView+AFNetworking.m"; sourceTree = "<group>"; };
		627A0B9716BBFF7B00CFA71E /* libGoogleAnalytics.a */ = {isa = PBXFileReference; lastKnownFileType = archive.ar; path = libGoogleAnalytics.a; sourceTree = "<group>"; };
		627A0B9816BBFF7B00CFA71E /* GAITransactionItem.h */ = {isa = PBXFileReference; fileEncoding = 4; lastKnownFileType = sourcecode.c.h; path = GAITransactionItem.h; sourceTree = "<group>"; };
		627A0B9916BBFF7B00CFA71E /* GAITransaction.h */ = {isa = PBXFileReference; fileEncoding = 4; lastKnownFileType = sourcecode.c.h; path = GAITransaction.h; sourceTree = "<group>"; };
		627A0B9A16BBFF7B00CFA71E /* GAITracker.h */ = {isa = PBXFileReference; fileEncoding = 4; lastKnownFileType = sourcecode.c.h; path = GAITracker.h; sourceTree = "<group>"; };
		627A0B9B16BBFF7B00CFA71E /* GAITrackedViewController.h */ = {isa = PBXFileReference; fileEncoding = 4; lastKnownFileType = sourcecode.c.h; path = GAITrackedViewController.h; sourceTree = "<group>"; };
		627A0B9C16BBFF7B00CFA71E /* GAI.h */ = {isa = PBXFileReference; fileEncoding = 4; lastKnownFileType = sourcecode.c.h; path = GAI.h; sourceTree = "<group>"; };
		627A0B9E16BC007600CFA71E /* CoreData.framework */ = {isa = PBXFileReference; lastKnownFileType = wrapper.framework; name = CoreData.framework; path = System/Library/Frameworks/CoreData.framework; sourceTree = SDKROOT; };
		627E43B2169B0F050065C1F1 /* Stolpersteine.app */ = {isa = PBXFileReference; explicitFileType = wrapper.application; includeInIndex = 0; path = Stolpersteine.app; sourceTree = BUILT_PRODUCTS_DIR; };
		627E43B6169B0F050065C1F1 /* UIKit.framework */ = {isa = PBXFileReference; lastKnownFileType = wrapper.framework; name = UIKit.framework; path = System/Library/Frameworks/UIKit.framework; sourceTree = SDKROOT; };
		627E43B8169B0F050065C1F1 /* Foundation.framework */ = {isa = PBXFileReference; lastKnownFileType = wrapper.framework; name = Foundation.framework; path = System/Library/Frameworks/Foundation.framework; sourceTree = SDKROOT; };
		627E43BA169B0F050065C1F1 /* CoreGraphics.framework */ = {isa = PBXFileReference; lastKnownFileType = wrapper.framework; name = CoreGraphics.framework; path = System/Library/Frameworks/CoreGraphics.framework; sourceTree = SDKROOT; };
		627E43BE169B0F050065C1F1 /* Stolpersteine-Info.plist */ = {isa = PBXFileReference; lastKnownFileType = text.plist.xml; path = "Stolpersteine-Info.plist"; sourceTree = "<group>"; };
		627E43C2169B0F050065C1F1 /* main.m */ = {isa = PBXFileReference; lastKnownFileType = sourcecode.c.objc; path = main.m; sourceTree = "<group>"; };
		627E43C4169B0F050065C1F1 /* Stolpersteine-Prefix.pch */ = {isa = PBXFileReference; lastKnownFileType = sourcecode.c.h; path = "Stolpersteine-Prefix.pch"; sourceTree = "<group>"; };
		627E43D9169B0FFC0065C1F1 /* MapKit.framework */ = {isa = PBXFileReference; lastKnownFileType = wrapper.framework; name = MapKit.framework; path = System/Library/Frameworks/MapKit.framework; sourceTree = SDKROOT; };
		627E4402169B27360065C1F1 /* SystemConfiguration.framework */ = {isa = PBXFileReference; lastKnownFileType = wrapper.framework; name = SystemConfiguration.framework; path = System/Library/Frameworks/SystemConfiguration.framework; sourceTree = SDKROOT; };
		627E4404169B273D0065C1F1 /* MobileCoreServices.framework */ = {isa = PBXFileReference; lastKnownFileType = wrapper.framework; name = MobileCoreServices.framework; path = System/Library/Frameworks/MobileCoreServices.framework; sourceTree = SDKROOT; };
		627E4430169C420A0065C1F1 /* StolpersteinNetworkService.h */ = {isa = PBXFileReference; fileEncoding = 4; lastKnownFileType = sourcecode.c.h; path = StolpersteinNetworkService.h; sourceTree = "<group>"; };
		627E4431169C420A0065C1F1 /* StolpersteinNetworkService.m */ = {isa = PBXFileReference; fileEncoding = 4; lastKnownFileType = sourcecode.c.objc; path = StolpersteinNetworkService.m; sourceTree = "<group>"; };
		627E4436169C43970065C1F1 /* Stolperstein.h */ = {isa = PBXFileReference; fileEncoding = 4; lastKnownFileType = sourcecode.c.h; path = Stolperstein.h; sourceTree = "<group>"; };
		627E4437169C43970065C1F1 /* Stolperstein.m */ = {isa = PBXFileReference; fileEncoding = 4; lastKnownFileType = sourcecode.c.objc; path = Stolperstein.m; sourceTree = "<group>"; };
		62F147BC170202A1003E7DAA /* SearchBar.h */ = {isa = PBXFileReference; fileEncoding = 4; lastKnownFileType = sourcecode.c.h; path = SearchBar.h; sourceTree = "<group>"; };
		62F147BD170202A1003E7DAA /* SearchBar.m */ = {isa = PBXFileReference; fileEncoding = 4; lastKnownFileType = sourcecode.c.objc; path = SearchBar.m; sourceTree = "<group>"; };
		62F147BE170202A1003E7DAA /* SearchBarDelegate.h */ = {isa = PBXFileReference; fileEncoding = 4; lastKnownFileType = sourcecode.c.h; path = SearchBarDelegate.h; sourceTree = "<group>"; };
		62F147BF170202A1003E7DAA /* SearchDisplayController.h */ = {isa = PBXFileReference; fileEncoding = 4; lastKnownFileType = sourcecode.c.h; path = SearchDisplayController.h; sourceTree = "<group>"; };
		62F147C0170202A1003E7DAA /* SearchDisplayController.m */ = {isa = PBXFileReference; fileEncoding = 4; lastKnownFileType = sourcecode.c.objc; path = SearchDisplayController.m; sourceTree = "<group>"; };
		62F147C1170202A1003E7DAA /* SearchDisplayDelegate.h */ = {isa = PBXFileReference; fileEncoding = 4; lastKnownFileType = sourcecode.c.h; path = SearchDisplayDelegate.h; sourceTree = "<group>"; };
		62F147C2170202A1003E7DAA /* SearchTextField.h */ = {isa = PBXFileReference; fileEncoding = 4; lastKnownFileType = sourcecode.c.h; path = SearchTextField.h; sourceTree = "<group>"; };
		62F147C3170202A1003E7DAA /* SearchTextField.m */ = {isa = PBXFileReference; fileEncoding = 4; lastKnownFileType = sourcecode.c.objc; path = SearchTextField.m; sourceTree = "<group>"; };
/* End PBXFileReference section */

/* Begin PBXFrameworksBuildPhase section */
		480FFF8216A0C6150012CCD5 /* Frameworks */ = {
			isa = PBXFrameworksBuildPhase;
			buildActionMask = 2147483647;
			files = (
				480FFF9E16A0C75D0012CCD5 /* CoreLocation.framework in Frameworks */,
				480FFF9D16A0C7520012CCD5 /* MobileCoreServices.framework in Frameworks */,
				480FFF9C16A0C74B0012CCD5 /* SystemConfiguration.framework in Frameworks */,
				480FFF8716A0C6160012CCD5 /* SenTestingKit.framework in Frameworks */,
				480FFF8816A0C6160012CCD5 /* UIKit.framework in Frameworks */,
				480FFF8916A0C6160012CCD5 /* Foundation.framework in Frameworks */,
			);
			runOnlyForDeploymentPostprocessing = 0;
		};
		6222BF1F16A037CE006ED538 /* Frameworks */ = {
			isa = PBXFrameworksBuildPhase;
			buildActionMask = 2147483647;
			files = (
				627C1BF316FB35A000097711 /* MapKit.framework in Frameworks */,
				6222BF4716A04411006ED538 /* SystemConfiguration.framework in Frameworks */,
				6222BF4616A0440A006ED538 /* MobileCoreServices.framework in Frameworks */,
				6222BF4516A043F0006ED538 /* CoreLocation.framework in Frameworks */,
				6222BF2516A037CE006ED538 /* SenTestingKit.framework in Frameworks */,
				6222BF2616A037CE006ED538 /* UIKit.framework in Frameworks */,
				6222BF2716A037CE006ED538 /* Foundation.framework in Frameworks */,
			);
			runOnlyForDeploymentPostprocessing = 0;
		};
		627E43AF169B0F050065C1F1 /* Frameworks */ = {
			isa = PBXFrameworksBuildPhase;
			buildActionMask = 2147483647;
			files = (
				4805809516C5BD8800C49272 /* AddressBook.framework in Frameworks */,
				627A0B9F16BC007600CFA71E /* CoreData.framework in Frameworks */,
				484C8EE5169B609F001CEA59 /* CoreLocation.framework in Frameworks */,
				627E4405169B273D0065C1F1 /* MobileCoreServices.framework in Frameworks */,
				627E4403169B27370065C1F1 /* SystemConfiguration.framework in Frameworks */,
				627E43DA169B0FFC0065C1F1 /* MapKit.framework in Frameworks */,
				627E43B7169B0F050065C1F1 /* UIKit.framework in Frameworks */,
				627E43B9169B0F050065C1F1 /* Foundation.framework in Frameworks */,
				627E43BB169B0F050065C1F1 /* CoreGraphics.framework in Frameworks */,
				627A0B9D16BBFF7B00CFA71E /* libGoogleAnalytics.a in Frameworks */,
			);
			runOnlyForDeploymentPostprocessing = 0;
		};
/* End PBXFrameworksBuildPhase section */

/* Begin PBXGroup section */
		4808CF3616FCFE4C00E89E97 /* Clustering */ = {
			isa = PBXGroup;
			children = (
				4808CF3716FCFE4C00E89E97 /* MapClusteringAnnotation.h */,
				4808CF3816FCFE4C00E89E97 /* MapClusteringAnnotation.m */,
				4808CF3916FCFE4C00E89E97 /* MapClusteringController.h */,
				4808CF3A16FCFE4C00E89E97 /* MapClusteringController.m */,
				4808CF3B16FCFE4C00E89E97 /* MapClusteringControllerUtils.h */,
				4808CF3C16FCFE4C00E89E97 /* MapClusteringControllerUtils.m */,
			);
			path = Clustering;
			sourceTree = "<group>";
		};
		4808CF411700C1E000E89E97 /* Clustering */ = {
			isa = PBXGroup;
			children = (
				4808CF421700C1E000E89E97 /* MapClusteringControllerUtilsTests.h */,
				4808CF431700C1E000E89E97 /* MapClusteringControllerUtilsTests.m */,
			);
			path = Clustering;
			sourceTree = "<group>";
		};
		480FFF8A16A0C6160012CCD5 /* Stolpersteine Integration Tests */ = {
			isa = PBXGroup;
			children = (
				480FFF9816A0C6890012CCD5 /* Stolpersteine API */,
				480FFF8B16A0C6160012CCD5 /* Supporting Files */,
			);
			path = "Stolpersteine Integration Tests";
			sourceTree = "<group>";
		};
		480FFF8B16A0C6160012CCD5 /* Supporting Files */ = {
			isa = PBXGroup;
			children = (
				480FFF8C16A0C6160012CCD5 /* Stolpersteine Integration Tests-Info.plist */,
				480FFF8D16A0C6160012CCD5 /* InfoPlist.strings */,
				480FFF9316A0C6160012CCD5 /* Stolpersteine Integration Tests-Prefix.pch */,
			);
			name = "Supporting Files";
			sourceTree = "<group>";
		};
		480FFF9816A0C6890012CCD5 /* Stolpersteine API */ = {
			isa = PBXGroup;
			children = (
				480FFF9916A0C6890012CCD5 /* StolpersteineNetworkServiceTests.h */,
				480FFF9A16A0C6890012CCD5 /* StolpersteineNetworkServiceTests.m */,
			);
			path = "Stolpersteine API";
			sourceTree = "<group>";
		};
		48633B8616C03F690057A317 /* iPhone */ = {
			isa = PBXGroup;
			children = (
				48633B8916C03F690057A317 /* MapViewController.h */,
				48633B8A16C03F690057A317 /* MapViewController.m */,
				48633B8716C03F690057A317 /* CopyableImageView.h */,
				48633B8816C03F690057A317 /* CopyableImageView.m */,
				48633B9316C03F690057A317 /* StolpersteinDetailViewController.h */,
				48633B9416C03F690057A317 /* StolpersteinDetailViewController.m */,
				48633B9516C03F690057A317 /* StolpersteinListViewController.h */,
				48633B9616C03F690057A317 /* StolpersteinListViewController.m */,
			);
			path = iPhone;
			sourceTree = "<group>";
		};
		48633BA116C040520057A317 /* UI */ = {
			isa = PBXGroup;
			children = (
				4805808C16C19DF100C49272 /* MainStoryboard.storyboard */,
				48633BA216C040520057A317 /* InfoPlist.strings */,
				48633BAC16C041150057A317 /* Localizable.strings */,
				48BAF38316E926DE007250A0 /* Settings.bundle */,
			);
			path = UI;
			sourceTree = "<group>";
		};
		4879B6AC16E25490006593D8 /* Launch Images */ = {
			isa = PBXGroup;
			children = (
				4879B6AD16E25490006593D8 /* Default-568h@2x.png */,
				4879B6AE16E25490006593D8 /* Default.png */,
				4879B6AF16E25490006593D8 /* Default@2x.png */,
			);
			path = "Launch Images";
			sourceTree = "<group>";
		};
		4879B6B316E281D5006593D8 /* App Icons */ = {
			isa = PBXGroup;
			children = (
				4879B6B416E281D5006593D8 /* Icon-72.png */,
				4879B6B516E281D5006593D8 /* Icon-72@2x.png */,
				4879B6B616E281D5006593D8 /* Icon-Small-50.png */,
				4879B6B716E281D5006593D8 /* Icon-Small-50@2x.png */,
				4879B6B816E281D5006593D8 /* Icon-Small.png */,
				4879B6B916E281D5006593D8 /* Icon-Small@2x.png */,
				4879B6BA16E281D5006593D8 /* Icon.png */,
				4879B6BB16E281D5006593D8 /* Icon@2x.png */,
			);
			path = "App Icons";
			sourceTree = "<group>";
		};
		48A08C8716DBF380000A2470 /* Shared */ = {
			isa = PBXGroup;
			children = (
				4808CF411700C1E000E89E97 /* Clustering */,
				48A08C9216DBF620000A2470 /* LocalizationTests.h */,
				48A08C9316DBF620000A2470 /* LocalizationTests.m */,
			);
			path = Shared;
			sourceTree = "<group>";
		};
		6222BF2816A037CE006ED538 /* Stolpersteine Unit Tests */ = {
			isa = PBXGroup;
			children = (
				48A08C8716DBF380000A2470 /* Shared */,
				6222BF2916A037CE006ED538 /* Supporting Files */,
			);
			path = "Stolpersteine Unit Tests";
			sourceTree = "<group>";
		};
		6222BF2916A037CE006ED538 /* Supporting Files */ = {
			isa = PBXGroup;
			children = (
				6222BF2A16A037CE006ED538 /* Stolpersteine Unit Tests-Info.plist */,
				6222BF2B16A037CE006ED538 /* InfoPlist.strings */,
				6222BF3116A037CE006ED538 /* Stolpersteine Unit Tests-Prefix.pch */,
			);
			name = "Supporting Files";
			sourceTree = "<group>";
		};
		6243177116BFDF2400055933 /* Images */ = {
			isa = PBXGroup;
			children = (
				4865313216E1253100E4A483 /* chevron.png */,
				4865313316E1253100E4A483 /* chevron@2x.png */,
				4865313416E1253100E4A483 /* text-field-frame.png */,
				4865313516E1253100E4A483 /* text-field-frame@2x.png */,
				6243177216BFDF2400055933 /* image-frame.png */,
				6243177316BFDF2400055933 /* image-frame@2x.png */,
				6243177416BFDF2400055933 /* search-text-field-clear-button-landscape.png */,
				6243177516BFDF2400055933 /* search-text-field-clear-button-landscape@2x.png */,
				6243177616BFDF2400055933 /* search-text-field-clear-button-portrait.png */,
				6243177716BFDF2400055933 /* search-text-field-clear-button-portrait@2x.png */,
				6243177816BFDF2400055933 /* search-text-field-landscape.png */,
				6243177916BFDF2400055933 /* search-text-field-landscape@2x.png */,
				6243177A16BFDF2400055933 /* search-text-field-magnifier-landscape.png */,
				6243177B16BFDF2400055933 /* search-text-field-magnifier-landscape@2x.png */,
				6243177C16BFDF2400055933 /* search-text-field-magnifier-portrait.png */,
				6243177D16BFDF2400055933 /* search-text-field-magnifier-portrait@2x.png */,
				6243177E16BFDF2400055933 /* search-text-field-portrait.png */,
				6243177F16BFDF2400055933 /* search-text-field-portrait@2x.png */,
			);
			path = Images;
			sourceTree = "<group>";
		};
		626BBF0E16AEB15600DEC6EA /* Resources */ = {
			isa = PBXGroup;
			children = (
				48633BA116C040520057A317 /* UI */,
				6243177116BFDF2400055933 /* Images */,
				4879B6AC16E25490006593D8 /* Launch Images */,
				4879B6B316E281D5006593D8 /* App Icons */,
			);
			name = Resources;
			path = Stolpersteine/Resources;
			sourceTree = SOURCE_ROOT;
		};
		627A0B7916BBFF5300CFA71E /* AFNetworking 1.1.0 */ = {
			isa = PBXGroup;
			children = (
				627A0B7A16BBFF5300CFA71E /* AFHTTPClient.h */,
				627A0B7B16BBFF5300CFA71E /* AFHTTPClient.m */,
				627A0B7C16BBFF5300CFA71E /* AFHTTPRequestOperation.h */,
				627A0B7D16BBFF5300CFA71E /* AFHTTPRequestOperation.m */,
				627A0B7E16BBFF5300CFA71E /* AFImageRequestOperation.h */,
				627A0B7F16BBFF5300CFA71E /* AFImageRequestOperation.m */,
				627A0B8016BBFF5300CFA71E /* AFJSONRequestOperation.h */,
				627A0B8116BBFF5300CFA71E /* AFJSONRequestOperation.m */,
				627A0B8216BBFF5300CFA71E /* AFNetworkActivityIndicatorManager.h */,
				627A0B8316BBFF5300CFA71E /* AFNetworkActivityIndicatorManager.m */,
				627A0B8416BBFF5300CFA71E /* AFNetworking.h */,
				627A0B8516BBFF5300CFA71E /* AFPropertyListRequestOperation.h */,
				627A0B8616BBFF5300CFA71E /* AFPropertyListRequestOperation.m */,
				627A0B8716BBFF5300CFA71E /* AFURLConnectionOperation.h */,
				627A0B8816BBFF5300CFA71E /* AFURLConnectionOperation.m */,
				627A0B8916BBFF5300CFA71E /* AFXMLRequestOperation.h */,
				627A0B8A16BBFF5300CFA71E /* AFXMLRequestOperation.m */,
				627A0B8B16BBFF5300CFA71E /* UIImageView+AFNetworking.h */,
				627A0B8C16BBFF5300CFA71E /* UIImageView+AFNetworking.m */,
			);
			path = "AFNetworking 1.1.0";
			sourceTree = "<group>";
		};
		627A0B9616BBFF5B00CFA71E /* Google Analytics 2.0beta4 */ = {
			isa = PBXGroup;
			children = (
				627A0B9716BBFF7B00CFA71E /* libGoogleAnalytics.a */,
				627A0B9816BBFF7B00CFA71E /* GAITransactionItem.h */,
				627A0B9916BBFF7B00CFA71E /* GAITransaction.h */,
				627A0B9A16BBFF7B00CFA71E /* GAITracker.h */,
				627A0B9B16BBFF7B00CFA71E /* GAITrackedViewController.h */,
				627A0B9C16BBFF7B00CFA71E /* GAI.h */,
			);
			path = "Google Analytics 2.0beta4";
			sourceTree = "<group>";
		};
		627E43A7169B0F040065C1F1 = {
			isa = PBXGroup;
			children = (
				627E43BC169B0F050065C1F1 /* Stolpersteine */,
				6222BF2816A037CE006ED538 /* Stolpersteine Unit Tests */,
				480FFF8A16A0C6160012CCD5 /* Stolpersteine Integration Tests */,
				627E43B5169B0F050065C1F1 /* Frameworks */,
				627E43B3169B0F050065C1F1 /* Products */,
			);
			sourceTree = "<group>";
		};
		627E43B3169B0F050065C1F1 /* Products */ = {
			isa = PBXGroup;
			children = (
				627E43B2169B0F050065C1F1 /* Stolpersteine.app */,
				6222BF2316A037CE006ED538 /* Stolpersteine Unit Tests.octest */,
				480FFF8616A0C6150012CCD5 /* Stolpersteine Integration Tests.octest */,
			);
			name = Products;
			sourceTree = "<group>";
		};
		627E43B5169B0F050065C1F1 /* Frameworks */ = {
			isa = PBXGroup;
			children = (
				4805809416C5BD8800C49272 /* AddressBook.framework */,
				627A0B9E16BC007600CFA71E /* CoreData.framework */,
				484C8EE4169B609F001CEA59 /* CoreLocation.framework */,
				627E4404169B273D0065C1F1 /* MobileCoreServices.framework */,
				627E4402169B27360065C1F1 /* SystemConfiguration.framework */,
				627E43D9169B0FFC0065C1F1 /* MapKit.framework */,
				627E43B6169B0F050065C1F1 /* UIKit.framework */,
				627E43B8169B0F050065C1F1 /* Foundation.framework */,
				627E43BA169B0F050065C1F1 /* CoreGraphics.framework */,
				6222BF2416A037CE006ED538 /* SenTestingKit.framework */,
			);
			name = Frameworks;
			sourceTree = "<group>";
		};
		627E43BC169B0F050065C1F1 /* Stolpersteine */ = {
			isa = PBXGroup;
			children = (
				48633B8616C03F690057A317 /* iPhone */,
				627E43E3169B270B0065C1F1 /* Shared */,
				626BBF0E16AEB15600DEC6EA /* Resources */,
				627E43BD169B0F050065C1F1 /* Supporting Files */,
			);
			path = Stolpersteine;
			sourceTree = "<group>";
		};
		627E43BD169B0F050065C1F1 /* Supporting Files */ = {
			isa = PBXGroup;
			children = (
				627E43BE169B0F050065C1F1 /* Stolpersteine-Info.plist */,
				627E43C2169B0F050065C1F1 /* main.m */,
				627E43C4169B0F050065C1F1 /* Stolpersteine-Prefix.pch */,
			);
			name = "Supporting Files";
			sourceTree = "<group>";
		};
		627E43E3169B270B0065C1F1 /* Shared */ = {
			isa = PBXGroup;
			children = (
				48633B9E16C03FCE0057A317 /* AppDelegate.h */,
				48633B9F16C03FCE0057A317 /* AppDelegate.m */,
				48A08C8E16DBF5A5000A2470 /* Localization.h */,
				48A08C8F16DBF5A5000A2470 /* Localization.m */,
				48BAF38616E9405C007250A0 /* DiagnosticsService.h */,
				48BAF38716E9405C007250A0 /* DiagnosticsService.m */,
				62F147BB170202A1003E7DAA /* Search Bar */,
				4808CF3616FCFE4C00E89E97 /* Clustering */,
				627E442F169C41EC0065C1F1 /* Stolpersteine API */,
				627A0B7916BBFF5300CFA71E /* AFNetworking 1.1.0 */,
				627A0B9616BBFF5B00CFA71E /* Google Analytics 2.0beta4 */,
			);
			path = Shared;
			sourceTree = "<group>";
		};
		627E442F169C41EC0065C1F1 /* Stolpersteine API */ = {
			isa = PBXGroup;
			children = (
				627E4430169C420A0065C1F1 /* StolpersteinNetworkService.h */,
				627E4431169C420A0065C1F1 /* StolpersteinNetworkService.m */,
				6222BEFF16A030E5006ED538 /* NSDictionary+Parsing.h */,
				6222BF0016A030E5006ED538 /* NSDictionary+Parsing.m */,
				627E4436169C43970065C1F1 /* Stolperstein.h */,
				627E4437169C43970065C1F1 /* Stolperstein.m */,
				48AC6D6E16BF0964004C4AF4 /* StolpersteinSearchData.h */,
				48AC6D6F16BF0964004C4AF4 /* StolpersteinSearchData.m */,
			);
			path = "Stolpersteine API";
			sourceTree = "<group>";
		};
		62F147BB170202A1003E7DAA /* Search Bar */ = {
			isa = PBXGroup;
			children = (
				62F147BC170202A1003E7DAA /* SearchBar.h */,
				62F147BD170202A1003E7DAA /* SearchBar.m */,
				62F147BE170202A1003E7DAA /* SearchBarDelegate.h */,
				62F147BF170202A1003E7DAA /* SearchDisplayController.h */,
				62F147C0170202A1003E7DAA /* SearchDisplayController.m */,
				62F147C1170202A1003E7DAA /* SearchDisplayDelegate.h */,
				62F147C2170202A1003E7DAA /* SearchTextField.h */,
				62F147C3170202A1003E7DAA /* SearchTextField.m */,
			);
			path = "Search Bar";
			sourceTree = "<group>";
		};
/* End PBXGroup section */

/* Begin PBXNativeTarget section */
		480FFF8516A0C6150012CCD5 /* Stolpersteine Integration Tests */ = {
			isa = PBXNativeTarget;
			buildConfigurationList = 480FFF9616A0C6160012CCD5 /* Build configuration list for PBXNativeTarget "Stolpersteine Integration Tests" */;
			buildPhases = (
				480FFF8116A0C6150012CCD5 /* Sources */,
				480FFF8216A0C6150012CCD5 /* Frameworks */,
				480FFF8316A0C6150012CCD5 /* Resources */,
				480FFF8416A0C6150012CCD5 /* ShellScript */,
			);
			buildRules = (
			);
			dependencies = (
			);
			name = "Stolpersteine Integration Tests";
			productName = "Stolpersteine Integration Tests";
			productReference = 480FFF8616A0C6150012CCD5 /* Stolpersteine Integration Tests.octest */;
			productType = "com.apple.product-type.bundle";
		};
		6222BF2216A037CE006ED538 /* Stolpersteine Unit Tests */ = {
			isa = PBXNativeTarget;
			buildConfigurationList = 6222BF3216A037CE006ED538 /* Build configuration list for PBXNativeTarget "Stolpersteine Unit Tests" */;
			buildPhases = (
				6222BF1E16A037CE006ED538 /* Sources */,
				6222BF1F16A037CE006ED538 /* Frameworks */,
				6222BF2016A037CE006ED538 /* Resources */,
				6222BF2116A037CE006ED538 /* ShellScript */,
			);
			buildRules = (
			);
			dependencies = (
			);
			name = "Stolpersteine Unit Tests";
			productName = "Stolpersteine Unit Tests";
			productReference = 6222BF2316A037CE006ED538 /* Stolpersteine Unit Tests.octest */;
			productType = "com.apple.product-type.bundle";
		};
		627E43B1169B0F050065C1F1 /* Stolpersteine */ = {
			isa = PBXNativeTarget;
			buildConfigurationList = 627E43D6169B0F050065C1F1 /* Build configuration list for PBXNativeTarget "Stolpersteine" */;
			buildPhases = (
				48BAF38516E92AAB007250A0 /* ShellScript */,
				627E43AE169B0F050065C1F1 /* Sources */,
				627E43AF169B0F050065C1F1 /* Frameworks */,
				627E43B0169B0F050065C1F1 /* Resources */,
			);
			buildRules = (
			);
			dependencies = (
			);
			name = Stolpersteine;
			productName = Stolpersteine;
			productReference = 627E43B2169B0F050065C1F1 /* Stolpersteine.app */;
			productType = "com.apple.product-type.application";
		};
/* End PBXNativeTarget section */

/* Begin PBXProject section */
		627E43A9169B0F050065C1F1 /* Project object */ = {
			isa = PBXProject;
			attributes = {
				LastUpgradeCheck = 0450;
				ORGANIZATIONNAME = "Option-U Software";
			};
			buildConfigurationList = 627E43AC169B0F050065C1F1 /* Build configuration list for PBXProject "Stolpersteine" */;
			compatibilityVersion = "Xcode 3.2";
			developmentRegion = English;
			hasScannedForEncodings = 0;
			knownRegions = (
				en,
				de,
			);
			mainGroup = 627E43A7169B0F040065C1F1;
			productRefGroup = 627E43B3169B0F050065C1F1 /* Products */;
			projectDirPath = "";
			projectRoot = "";
			targets = (
				627E43B1169B0F050065C1F1 /* Stolpersteine */,
				6222BF2216A037CE006ED538 /* Stolpersteine Unit Tests */,
				480FFF8516A0C6150012CCD5 /* Stolpersteine Integration Tests */,
			);
		};
/* End PBXProject section */

/* Begin PBXResourcesBuildPhase section */
		480FFF8316A0C6150012CCD5 /* Resources */ = {
			isa = PBXResourcesBuildPhase;
			buildActionMask = 2147483647;
			files = (
				480FFF8F16A0C6160012CCD5 /* InfoPlist.strings in Resources */,
			);
			runOnlyForDeploymentPostprocessing = 0;
		};
		6222BF2016A037CE006ED538 /* Resources */ = {
			isa = PBXResourcesBuildPhase;
			buildActionMask = 2147483647;
			files = (
				6222BF2D16A037CE006ED538 /* InfoPlist.strings in Resources */,
			);
			runOnlyForDeploymentPostprocessing = 0;
		};
		627E43B0169B0F050065C1F1 /* Resources */ = {
			isa = PBXResourcesBuildPhase;
			buildActionMask = 2147483647;
			files = (
				6243178016BFDF2400055933 /* image-frame.png in Resources */,
				6243178116BFDF2400055933 /* image-frame@2x.png in Resources */,
				6243178216BFDF2400055933 /* search-text-field-clear-button-landscape.png in Resources */,
				6243178316BFDF2400055933 /* search-text-field-clear-button-landscape@2x.png in Resources */,
				6243178416BFDF2400055933 /* search-text-field-clear-button-portrait.png in Resources */,
				6243178516BFDF2400055933 /* search-text-field-clear-button-portrait@2x.png in Resources */,
				6243178616BFDF2400055933 /* search-text-field-landscape.png in Resources */,
				6243178716BFDF2400055933 /* search-text-field-landscape@2x.png in Resources */,
				6243178816BFDF2400055933 /* search-text-field-magnifier-landscape.png in Resources */,
				6243178916BFDF2400055933 /* search-text-field-magnifier-landscape@2x.png in Resources */,
				6243178A16BFDF2400055933 /* search-text-field-magnifier-portrait.png in Resources */,
				6243178B16BFDF2400055933 /* search-text-field-magnifier-portrait@2x.png in Resources */,
				6243178C16BFDF2400055933 /* search-text-field-portrait.png in Resources */,
				6243178D16BFDF2400055933 /* search-text-field-portrait@2x.png in Resources */,
				48633BA616C040520057A317 /* InfoPlist.strings in Resources */,
				48633BAA16C041150057A317 /* Localizable.strings in Resources */,
				4805808D16C19DF100C49272 /* MainStoryboard.storyboard in Resources */,
				4865313616E1253100E4A483 /* chevron.png in Resources */,
				4865313716E1253100E4A483 /* chevron@2x.png in Resources */,
				4865313816E1253100E4A483 /* text-field-frame.png in Resources */,
				4865313916E1253100E4A483 /* text-field-frame@2x.png in Resources */,
				4879B6B016E25490006593D8 /* Default-568h@2x.png in Resources */,
				4879B6B116E25490006593D8 /* Default.png in Resources */,
				4879B6B216E25490006593D8 /* Default@2x.png in Resources */,
				4879B6BC16E281D5006593D8 /* Icon-72.png in Resources */,
				4879B6BD16E281D5006593D8 /* Icon-72@2x.png in Resources */,
				4879B6BE16E281D5006593D8 /* Icon-Small-50.png in Resources */,
				4879B6BF16E281D5006593D8 /* Icon-Small-50@2x.png in Resources */,
				4879B6C016E281D5006593D8 /* Icon-Small.png in Resources */,
				4879B6C116E281D5006593D8 /* Icon-Small@2x.png in Resources */,
				4879B6C216E281D5006593D8 /* Icon.png in Resources */,
				4879B6C316E281D5006593D8 /* Icon@2x.png in Resources */,
				48BAF38416E926DE007250A0 /* Settings.bundle in Resources */,
			);
			runOnlyForDeploymentPostprocessing = 0;
		};
/* End PBXResourcesBuildPhase section */

/* Begin PBXShellScriptBuildPhase section */
		480FFF8416A0C6150012CCD5 /* ShellScript */ = {
			isa = PBXShellScriptBuildPhase;
			buildActionMask = 2147483647;
			files = (
			);
			inputPaths = (
			);
			outputPaths = (
			);
			runOnlyForDeploymentPostprocessing = 0;
			shellPath = /bin/sh;
			shellScript = "# Run the unit tests in this test bundle.\n\"${SYSTEM_DEVELOPER_DIR}/Tools/RunUnitTests\"\n";
		};
		48BAF38516E92AAB007250A0 /* ShellScript */ = {
			isa = PBXShellScriptBuildPhase;
			buildActionMask = 2147483647;
			files = (
			);
			inputPaths = (
			);
			outputPaths = (
			);
			runOnlyForDeploymentPostprocessing = 0;
			shellPath = /bin/sh;
			shellScript = "# Copy version information into Settings.bundle\nshortVersion=`/usr/libexec/PlistBuddy -c \"Print CFBundleShortVersionString\" $SRCROOT/$INFOPLIST_FILE`\nversion=`/usr/libexec/PlistBuddy -c \"Print CFBundleVersion\" $SRCROOT/$INFOPLIST_FILE`\n/usr/libexec/PlistBuddy \"$SRCROOT/Stolpersteine/Resources/UI/Settings.bundle/Root.plist\" -c \"set PreferenceSpecifiers:1:DefaultValue $shortVersion ($version)\"";
		};
		6222BF2116A037CE006ED538 /* ShellScript */ = {
			isa = PBXShellScriptBuildPhase;
			buildActionMask = 2147483647;
			files = (
			);
			inputPaths = (
			);
			outputPaths = (
			);
			runOnlyForDeploymentPostprocessing = 0;
			shellPath = /bin/sh;
			shellScript = "# Run the unit tests in this test bundle.\n\"${SYSTEM_DEVELOPER_DIR}/Tools/RunUnitTests\"\n";
		};
/* End PBXShellScriptBuildPhase section */

/* Begin PBXSourcesBuildPhase section */
		480FFF8116A0C6150012CCD5 /* Sources */ = {
			isa = PBXSourcesBuildPhase;
			buildActionMask = 2147483647;
			files = (
				480FFF9B16A0C6890012CCD5 /* StolpersteineNetworkServiceTests.m in Sources */,
				480FFF9F16A0C79D0012CCD5 /* StolpersteinNetworkService.m in Sources */,
				480FFFA016A0C79D0012CCD5 /* NSDictionary+Parsing.m in Sources */,
				480FFFA116A0C79D0012CCD5 /* Stolperstein.m in Sources */,
				627A0BA916BC037200CFA71E /* AFHTTPClient.m in Sources */,
				627A0BAA16BC037200CFA71E /* AFHTTPRequestOperation.m in Sources */,
				627A0BAB16BC037200CFA71E /* AFImageRequestOperation.m in Sources */,
				627A0BAC16BC037200CFA71E /* AFJSONRequestOperation.m in Sources */,
				627A0BAD16BC037200CFA71E /* AFNetworkActivityIndicatorManager.m in Sources */,
				627A0BAE16BC037200CFA71E /* AFPropertyListRequestOperation.m in Sources */,
				627A0BAF16BC037200CFA71E /* AFURLConnectionOperation.m in Sources */,
				627A0BB016BC037200CFA71E /* AFXMLRequestOperation.m in Sources */,
				627A0BB116BC037200CFA71E /* UIImageView+AFNetworking.m in Sources */,
				48AC6D7216BF0964004C4AF4 /* StolpersteinSearchData.m in Sources */,
			);
			runOnlyForDeploymentPostprocessing = 0;
		};
		6222BF1E16A037CE006ED538 /* Sources */ = {
			isa = PBXSourcesBuildPhase;
			buildActionMask = 2147483647;
			files = (
				6222BF3916A043B2006ED538 /* StolpersteinNetworkService.m in Sources */,
				6222BF3A16A043B2006ED538 /* NSDictionary+Parsing.m in Sources */,
				6222BF3B16A043B2006ED538 /* Stolperstein.m in Sources */,
				627A0BA016BC037100CFA71E /* AFHTTPClient.m in Sources */,
				627A0BA116BC037100CFA71E /* AFHTTPRequestOperation.m in Sources */,
				627A0BA216BC037100CFA71E /* AFImageRequestOperation.m in Sources */,
				627A0BA316BC037100CFA71E /* AFJSONRequestOperation.m in Sources */,
				627A0BA416BC037100CFA71E /* AFNetworkActivityIndicatorManager.m in Sources */,
				627A0BA516BC037100CFA71E /* AFPropertyListRequestOperation.m in Sources */,
				627A0BA616BC037100CFA71E /* AFURLConnectionOperation.m in Sources */,
				627A0BA716BC037100CFA71E /* AFXMLRequestOperation.m in Sources */,
				627A0BA816BC037100CFA71E /* UIImageView+AFNetworking.m in Sources */,
				48AC6D7116BF0964004C4AF4 /* StolpersteinSearchData.m in Sources */,
				48A08C9116DBF5A5000A2470 /* Localization.m in Sources */,
				48A08C9416DBF620000A2470 /* LocalizationTests.m in Sources */,
				4808CF4016FCFF1600E89E97 /* MapClusteringControllerUtils.m in Sources */,
				4808CF441700C1E000E89E97 /* MapClusteringControllerUtilsTests.m in Sources */,
				4808CF451700C21600E89E97 /* MapClusteringAnnotation.m in Sources */,
			);
			runOnlyForDeploymentPostprocessing = 0;
		};
		627E43AE169B0F050065C1F1 /* Sources */ = {
			isa = PBXSourcesBuildPhase;
			buildActionMask = 2147483647;
			files = (
				627E43C3169B0F050065C1F1 /* main.m in Sources */,
				627E4432169C420A0065C1F1 /* StolpersteinNetworkService.m in Sources */,
				627E4438169C43970065C1F1 /* Stolperstein.m in Sources */,
				6222BF0116A030E5006ED538 /* NSDictionary+Parsing.m in Sources */,
				627A0B8D16BBFF5300CFA71E /* AFHTTPClient.m in Sources */,
				627A0B8E16BBFF5300CFA71E /* AFHTTPRequestOperation.m in Sources */,
				627A0B8F16BBFF5300CFA71E /* AFImageRequestOperation.m in Sources */,
				627A0B9016BBFF5300CFA71E /* AFJSONRequestOperation.m in Sources */,
				627A0B9116BBFF5300CFA71E /* AFNetworkActivityIndicatorManager.m in Sources */,
				627A0B9216BBFF5300CFA71E /* AFPropertyListRequestOperation.m in Sources */,
				627A0B9316BBFF5300CFA71E /* AFURLConnectionOperation.m in Sources */,
				627A0B9416BBFF5300CFA71E /* AFXMLRequestOperation.m in Sources */,
				627A0B9516BBFF5300CFA71E /* UIImageView+AFNetworking.m in Sources */,
				48AC6D7016BF0964004C4AF4 /* StolpersteinSearchData.m in Sources */,
				48633B9716C03F690057A317 /* CopyableImageView.m in Sources */,
				48633B9816C03F690057A317 /* MapViewController.m in Sources */,
				48633B9C16C03F690057A317 /* StolpersteinDetailViewController.m in Sources */,
				48633B9D16C03F690057A317 /* StolpersteinListViewController.m in Sources */,
				48633BA016C03FCE0057A317 /* AppDelegate.m in Sources */,
				48A08C9016DBF5A5000A2470 /* Localization.m in Sources */,
				48BAF38816E9405C007250A0 /* DiagnosticsService.m in Sources */,
				4808CF3D16FCFE4C00E89E97 /* MapClusteringAnnotation.m in Sources */,
				4808CF3E16FCFE4C00E89E97 /* MapClusteringController.m in Sources */,
				4808CF3F16FCFE4C00E89E97 /* MapClusteringControllerUtils.m in Sources */,
				62F147C4170202A1003E7DAA /* SearchBar.m in Sources */,
				62F147C5170202A1003E7DAA /* SearchDisplayController.m in Sources */,
				62F147C6170202A1003E7DAA /* SearchTextField.m in Sources */,
			);
			runOnlyForDeploymentPostprocessing = 0;
		};
/* End PBXSourcesBuildPhase section */

/* Begin PBXVariantGroup section */
		480FFF8D16A0C6160012CCD5 /* InfoPlist.strings */ = {
			isa = PBXVariantGroup;
			children = (
				480FFF8E16A0C6160012CCD5 /* en */,
			);
			name = InfoPlist.strings;
			sourceTree = "<group>";
		};
		48633BA216C040520057A317 /* InfoPlist.strings */ = {
			isa = PBXVariantGroup;
			children = (
				48633BA316C040520057A317 /* en */,
				48633BB116C046180057A317 /* de */,
			);
			name = InfoPlist.strings;
			sourceTree = "<group>";
		};
		48633BAC16C041150057A317 /* Localizable.strings */ = {
			isa = PBXVariantGroup;
			children = (
				48633BAB16C041150057A317 /* en */,
				48633BB216C046180057A317 /* de */,
			);
			name = Localizable.strings;
			sourceTree = "<group>";
		};
		6222BF2B16A037CE006ED538 /* InfoPlist.strings */ = {
			isa = PBXVariantGroup;
			children = (
				6222BF2C16A037CE006ED538 /* en */,
			);
			name = InfoPlist.strings;
			sourceTree = "<group>";
		};
/* End PBXVariantGroup section */

/* Begin XCBuildConfiguration section */
		480FFF9416A0C6160012CCD5 /* Debug */ = {
			isa = XCBuildConfiguration;
			buildSettings = {
				FRAMEWORK_SEARCH_PATHS = (
					"\"$(SDKROOT)/Developer/Library/Frameworks\"",
					"\"$(DEVELOPER_LIBRARY_DIR)/Frameworks\"",
				);
				GCC_PRECOMPILE_PREFIX_HEADER = YES;
				GCC_PREFIX_HEADER = "Stolpersteine Integration Tests/Stolpersteine Integration Tests-Prefix.pch";
				INFOPLIST_FILE = "Stolpersteine Integration Tests/Stolpersteine Integration Tests-Info.plist";
				PRODUCT_NAME = "$(TARGET_NAME)";
				WRAPPER_EXTENSION = octest;
			};
			name = Debug;
		};
		480FFF9516A0C6160012CCD5 /* Release */ = {
			isa = XCBuildConfiguration;
			buildSettings = {
				FRAMEWORK_SEARCH_PATHS = (
					"\"$(SDKROOT)/Developer/Library/Frameworks\"",
					"\"$(DEVELOPER_LIBRARY_DIR)/Frameworks\"",
				);
				GCC_PRECOMPILE_PREFIX_HEADER = YES;
				GCC_PREFIX_HEADER = "Stolpersteine Integration Tests/Stolpersteine Integration Tests-Prefix.pch";
				INFOPLIST_FILE = "Stolpersteine Integration Tests/Stolpersteine Integration Tests-Info.plist";
				PRODUCT_NAME = "$(TARGET_NAME)";
				WRAPPER_EXTENSION = octest;
			};
			name = Release;
		};
		6222BF3316A037CE006ED538 /* Debug */ = {
			isa = XCBuildConfiguration;
			buildSettings = {
				FRAMEWORK_SEARCH_PATHS = (
					"\"$(SDKROOT)/Developer/Library/Frameworks\"",
					"\"$(DEVELOPER_LIBRARY_DIR)/Frameworks\"",
				);
				GCC_PRECOMPILE_PREFIX_HEADER = YES;
				GCC_PREFIX_HEADER = "Stolpersteine Unit Tests/Stolpersteine Unit Tests-Prefix.pch";
				INFOPLIST_FILE = "Stolpersteine Unit Tests/Stolpersteine Unit Tests-Info.plist";
				PRODUCT_NAME = "$(TARGET_NAME)";
				WRAPPER_EXTENSION = octest;
			};
			name = Debug;
		};
		6222BF3416A037CE006ED538 /* Release */ = {
			isa = XCBuildConfiguration;
			buildSettings = {
				FRAMEWORK_SEARCH_PATHS = (
					"\"$(SDKROOT)/Developer/Library/Frameworks\"",
					"\"$(DEVELOPER_LIBRARY_DIR)/Frameworks\"",
				);
				GCC_PRECOMPILE_PREFIX_HEADER = YES;
				GCC_PREFIX_HEADER = "Stolpersteine Unit Tests/Stolpersteine Unit Tests-Prefix.pch";
				INFOPLIST_FILE = "Stolpersteine Unit Tests/Stolpersteine Unit Tests-Info.plist";
				PRODUCT_NAME = "$(TARGET_NAME)";
				WRAPPER_EXTENSION = octest;
			};
			name = Release;
		};
		627E43D4169B0F050065C1F1 /* Debug */ = {
			isa = XCBuildConfiguration;
			buildSettings = {
				ALWAYS_SEARCH_USER_PATHS = NO;
				CLANG_CXX_LANGUAGE_STANDARD = "gnu++0x";
				CLANG_CXX_LIBRARY = "libc++";
				CLANG_ENABLE_OBJC_ARC = YES;
				CLANG_WARN_EMPTY_BODY = YES;
				CLANG_WARN__DUPLICATE_METHOD_MATCH = YES;
				"CODE_SIGN_IDENTITY[sdk=iphoneos*]" = "iPhone Developer";
				COPY_PHASE_STRIP = NO;
				GCC_C_LANGUAGE_STANDARD = gnu99;
				GCC_DYNAMIC_NO_PIC = NO;
				GCC_OPTIMIZATION_LEVEL = 0;
				GCC_PREPROCESSOR_DEFINITIONS = (
					"DEBUG=1",
					"$(inherited)",
				);
				GCC_SYMBOLS_PRIVATE_EXTERN = NO;
				GCC_WARN_ABOUT_RETURN_TYPE = YES;
				GCC_WARN_UNINITIALIZED_AUTOS = YES;
				GCC_WARN_UNUSED_VARIABLE = YES;
				IPHONEOS_DEPLOYMENT_TARGET = 6.0;
				ONLY_ACTIVE_ARCH = YES;
				SDKROOT = iphoneos;
			};
			name = Debug;
		};
		627E43D5169B0F050065C1F1 /* Release */ = {
			isa = XCBuildConfiguration;
			buildSettings = {
				ALWAYS_SEARCH_USER_PATHS = NO;
				CLANG_CXX_LANGUAGE_STANDARD = "gnu++0x";
				CLANG_CXX_LIBRARY = "libc++";
				CLANG_ENABLE_OBJC_ARC = YES;
				CLANG_WARN_EMPTY_BODY = YES;
				CLANG_WARN__DUPLICATE_METHOD_MATCH = YES;
				"CODE_SIGN_IDENTITY[sdk=iphoneos*]" = "iPhone Developer";
				COPY_PHASE_STRIP = YES;
				GCC_C_LANGUAGE_STANDARD = gnu99;
				GCC_WARN_ABOUT_RETURN_TYPE = YES;
				GCC_WARN_UNINITIALIZED_AUTOS = YES;
				GCC_WARN_UNUSED_VARIABLE = YES;
				IPHONEOS_DEPLOYMENT_TARGET = 6.0;
				OTHER_CFLAGS = "-DNS_BLOCK_ASSERTIONS=1";
				SDKROOT = iphoneos;
				VALIDATE_PRODUCT = YES;
			};
			name = Release;
		};
		627E43D7169B0F050065C1F1 /* Debug */ = {
			isa = XCBuildConfiguration;
			buildSettings = {
				GCC_PRECOMPILE_PREFIX_HEADER = YES;
				GCC_PREFIX_HEADER = "Stolpersteine/Stolpersteine-Prefix.pch";
				INFOPLIST_FILE = "Stolpersteine/Stolpersteine-Info.plist";
				LIBRARY_SEARCH_PATHS = (
					"$(inherited)",
					"\"$(SRCROOT)/Stolpersteine/Shared/Google Analytics 2.0beta4\"",
				);
				PRODUCT_NAME = "$(TARGET_NAME)";
				WRAPPER_EXTENSION = app;
			};
			name = Debug;
		};
		627E43D8169B0F050065C1F1 /* Release */ = {
			isa = XCBuildConfiguration;
			buildSettings = {
				GCC_PRECOMPILE_PREFIX_HEADER = YES;
				GCC_PREFIX_HEADER = "Stolpersteine/Stolpersteine-Prefix.pch";
				INFOPLIST_FILE = "Stolpersteine/Stolpersteine-Info.plist";
				LIBRARY_SEARCH_PATHS = (
					"$(inherited)",
					"\"$(SRCROOT)/Stolpersteine/Shared/Google Analytics 2.0beta4\"",
				);
				PRODUCT_NAME = "$(TARGET_NAME)";
				WRAPPER_EXTENSION = app;
			};
			name = Release;
		};
/* End XCBuildConfiguration section */

/* Begin XCConfigurationList section */
		480FFF9616A0C6160012CCD5 /* Build configuration list for PBXNativeTarget "Stolpersteine Integration Tests" */ = {
			isa = XCConfigurationList;
			buildConfigurations = (
				480FFF9416A0C6160012CCD5 /* Debug */,
				480FFF9516A0C6160012CCD5 /* Release */,
			);
			defaultConfigurationIsVisible = 0;
			defaultConfigurationName = Release;
		};
		6222BF3216A037CE006ED538 /* Build configuration list for PBXNativeTarget "Stolpersteine Unit Tests" */ = {
			isa = XCConfigurationList;
			buildConfigurations = (
				6222BF3316A037CE006ED538 /* Debug */,
				6222BF3416A037CE006ED538 /* Release */,
			);
			defaultConfigurationIsVisible = 0;
			defaultConfigurationName = Release;
		};
		627E43AC169B0F050065C1F1 /* Build configuration list for PBXProject "Stolpersteine" */ = {
			isa = XCConfigurationList;
			buildConfigurations = (
				627E43D4169B0F050065C1F1 /* Debug */,
				627E43D5169B0F050065C1F1 /* Release */,
			);
			defaultConfigurationIsVisible = 0;
			defaultConfigurationName = Release;
		};
		627E43D6169B0F050065C1F1 /* Build configuration list for PBXNativeTarget "Stolpersteine" */ = {
			isa = XCConfigurationList;
			buildConfigurations = (
				627E43D7169B0F050065C1F1 /* Debug */,
				627E43D8169B0F050065C1F1 /* Release */,
			);
			defaultConfigurationIsVisible = 0;
			defaultConfigurationName = Release;
		};
/* End XCConfigurationList section */
	};
	rootObject = 627E43A9169B0F050065C1F1 /* Project object */;
}
