// !$*UTF8*$!
{
	archiveVersion = 1;
	classes = {
	};
	objectVersion = 46;
	objects = {

/* Begin PBXBuildFile section */
		3C54663BAC5249899F421A67 /* libPods.a in Frameworks */ = {isa = PBXBuildFile; fileRef = 195B6404122D49D18523AE52 /* libPods.a */; };
		4805808D16C19DF100C49272 /* MainStoryboard.storyboard in Resources */ = {isa = PBXBuildFile; fileRef = 4805808C16C19DF100C49272 /* MainStoryboard.storyboard */; };
		4805809516C5BD8800C49272 /* AddressBook.framework in Frameworks */ = {isa = PBXBuildFile; fileRef = 4805809416C5BD8800C49272 /* AddressBook.framework */; };
		4808CF3D16FCFE4C00E89E97 /* MapClusterAnnotation.m in Sources */ = {isa = PBXBuildFile; fileRef = 4808CF3816FCFE4C00E89E97 /* MapClusterAnnotation.m */; };
		4808CF3E16FCFE4C00E89E97 /* MapClusterController.m in Sources */ = {isa = PBXBuildFile; fileRef = 4808CF3A16FCFE4C00E89E97 /* MapClusterController.m */; };
		4808CF3F16FCFE4C00E89E97 /* MapClusterControllerUtils.m in Sources */ = {isa = PBXBuildFile; fileRef = 4808CF3C16FCFE4C00E89E97 /* MapClusterControllerUtils.m */; };
		4808CF4016FCFF1600E89E97 /* MapClusterControllerUtils.m in Sources */ = {isa = PBXBuildFile; fileRef = 4808CF3C16FCFE4C00E89E97 /* MapClusterControllerUtils.m */; };
		4808CF441700C1E000E89E97 /* MapClusterControllerUtilsTests.m in Sources */ = {isa = PBXBuildFile; fileRef = 4808CF431700C1E000E89E97 /* MapClusterControllerUtilsTests.m */; };
		4808CF451700C21600E89E97 /* MapClusterAnnotation.m in Sources */ = {isa = PBXBuildFile; fileRef = 4808CF3816FCFE4C00E89E97 /* MapClusterAnnotation.m */; };
		480FFF8716A0C6160012CCD5 /* SenTestingKit.framework in Frameworks */ = {isa = PBXBuildFile; fileRef = 6222BF2416A037CE006ED538 /* SenTestingKit.framework */; };
		480FFF8816A0C6160012CCD5 /* UIKit.framework in Frameworks */ = {isa = PBXBuildFile; fileRef = 627E43B6169B0F050065C1F1 /* UIKit.framework */; };
		480FFF8916A0C6160012CCD5 /* Foundation.framework in Frameworks */ = {isa = PBXBuildFile; fileRef = 627E43B8169B0F050065C1F1 /* Foundation.framework */; };
		480FFF8F16A0C6160012CCD5 /* InfoPlist.strings in Resources */ = {isa = PBXBuildFile; fileRef = 480FFF8D16A0C6160012CCD5 /* InfoPlist.strings */; };
		480FFF9B16A0C6890012CCD5 /* StolpersteineNetworkServiceTests.m in Sources */ = {isa = PBXBuildFile; fileRef = 480FFF9A16A0C6890012CCD5 /* StolpersteineNetworkServiceTests.m */; };
		480FFF9C16A0C74B0012CCD5 /* SystemConfiguration.framework in Frameworks */ = {isa = PBXBuildFile; fileRef = 627E4402169B27360065C1F1 /* SystemConfiguration.framework */; };
		480FFF9D16A0C7520012CCD5 /* MobileCoreServices.framework in Frameworks */ = {isa = PBXBuildFile; fileRef = 627E4404169B273D0065C1F1 /* MobileCoreServices.framework */; };
		480FFF9E16A0C75D0012CCD5 /* CoreLocation.framework in Frameworks */ = {isa = PBXBuildFile; fileRef = 484C8EE4169B609F001CEA59 /* CoreLocation.framework */; };
		480FFF9F16A0C79D0012CCD5 /* StolpersteinNetworkService.m in Sources */ = {isa = PBXBuildFile; fileRef = 627E4431169C420A0065C1F1 /* StolpersteinNetworkService.m */; };
		480FFFA016A0C79D0012CCD5 /* NSDictionary+Parsing.m in Sources */ = {isa = PBXBuildFile; fileRef = 6222BF0016A030E5006ED538 /* NSDictionary+Parsing.m */; };
		480FFFA116A0C79D0012CCD5 /* Stolperstein.m in Sources */ = {isa = PBXBuildFile; fileRef = 627E4437169C43970065C1F1 /* Stolperstein.m */; };
		4825F935174E8F7C0058B811 /* FullScreenImageGallerySegue.m in Sources */ = {isa = PBXBuildFile; fileRef = 4825F92B174E8F7C0058B811 /* FullScreenImageGallerySegue.m */; };
		4825F937174E8F7C0058B811 /* ImageGalleryItemView.m in Sources */ = {isa = PBXBuildFile; fileRef = 4825F92F174E8F7C0058B811 /* ImageGalleryItemView.m */; };
		4825F938174E8F7C0058B811 /* ImageGalleryView.m in Sources */ = {isa = PBXBuildFile; fileRef = 4825F931174E8F7C0058B811 /* ImageGalleryView.m */; };
		4825F939174E8F7C0058B811 /* ProgressImageView.m in Sources */ = {isa = PBXBuildFile; fileRef = 4825F934174E8F7C0058B811 /* ProgressImageView.m */; };
		48383814171A036D00141F46 /* StolpersteinTests.m in Sources */ = {isa = PBXBuildFile; fileRef = 48383813171A036D00141F46 /* StolpersteinTests.m */; };
		484C8EE5169B609F001CEA59 /* CoreLocation.framework in Frameworks */ = {isa = PBXBuildFile; fileRef = 484C8EE4169B609F001CEA59 /* CoreLocation.framework */; };
		48633B9816C03F690057A317 /* MapViewController.m in Sources */ = {isa = PBXBuildFile; fileRef = 48633B8A16C03F690057A317 /* MapViewController.m */; };
		48633B9C16C03F690057A317 /* StolpersteinDetailViewController.m in Sources */ = {isa = PBXBuildFile; fileRef = 48633B9416C03F690057A317 /* StolpersteinDetailViewController.m */; };
		48633B9D16C03F690057A317 /* StolpersteinListViewController.m in Sources */ = {isa = PBXBuildFile; fileRef = 48633B9616C03F690057A317 /* StolpersteinListViewController.m */; };
		48633BA016C03FCE0057A317 /* AppDelegate.m in Sources */ = {isa = PBXBuildFile; fileRef = 48633B9F16C03FCE0057A317 /* AppDelegate.m */; };
		48633BA616C040520057A317 /* InfoPlist.strings in Resources */ = {isa = PBXBuildFile; fileRef = 48633BA216C040520057A317 /* InfoPlist.strings */; };
		48633BAA16C041150057A317 /* Localizable.strings in Resources */ = {isa = PBXBuildFile; fileRef = 48633BAC16C041150057A317 /* Localizable.strings */; };
		4865313816E1253100E4A483 /* rounded-rect-frame.png in Resources */ = {isa = PBXBuildFile; fileRef = 4865313416E1253100E4A483 /* rounded-rect-frame.png */; };
		4865313916E1253100E4A483 /* rounded-rect-frame@2x.png in Resources */ = {isa = PBXBuildFile; fileRef = 4865313516E1253100E4A483 /* rounded-rect-frame@2x.png */; };
		4879B6B016E25490006593D8 /* Default-568h@2x.png in Resources */ = {isa = PBXBuildFile; fileRef = 4879B6AD16E25490006593D8 /* Default-568h@2x.png */; };
		4879B6B116E25490006593D8 /* Default.png in Resources */ = {isa = PBXBuildFile; fileRef = 4879B6AE16E25490006593D8 /* Default.png */; };
		4879B6B216E25490006593D8 /* Default@2x.png in Resources */ = {isa = PBXBuildFile; fileRef = 4879B6AF16E25490006593D8 /* Default@2x.png */; };
		4879B6BC16E281D5006593D8 /* Icon-72.png in Resources */ = {isa = PBXBuildFile; fileRef = 4879B6B416E281D5006593D8 /* Icon-72.png */; };
		4879B6BD16E281D5006593D8 /* Icon-72@2x.png in Resources */ = {isa = PBXBuildFile; fileRef = 4879B6B516E281D5006593D8 /* Icon-72@2x.png */; };
		4879B6BE16E281D5006593D8 /* Icon-Small-50.png in Resources */ = {isa = PBXBuildFile; fileRef = 4879B6B616E281D5006593D8 /* Icon-Small-50.png */; };
		4879B6BF16E281D5006593D8 /* Icon-Small-50@2x.png in Resources */ = {isa = PBXBuildFile; fileRef = 4879B6B716E281D5006593D8 /* Icon-Small-50@2x.png */; };
		4879B6C016E281D5006593D8 /* Icon-Small.png in Resources */ = {isa = PBXBuildFile; fileRef = 4879B6B816E281D5006593D8 /* Icon-Small.png */; };
		4879B6C116E281D5006593D8 /* Icon-Small@2x.png in Resources */ = {isa = PBXBuildFile; fileRef = 4879B6B916E281D5006593D8 /* Icon-Small@2x.png */; };
		4879B6C216E281D5006593D8 /* Icon.png in Resources */ = {isa = PBXBuildFile; fileRef = 4879B6BA16E281D5006593D8 /* Icon.png */; };
		4879B6C316E281D5006593D8 /* Icon@2x.png in Resources */ = {isa = PBXBuildFile; fileRef = 4879B6BB16E281D5006593D8 /* Icon@2x.png */; };
		4896091417417D4A00597CAF /* icon-chevron.png in Resources */ = {isa = PBXBuildFile; fileRef = 4896090E17417D4800597CAF /* icon-chevron.png */; };
		4896091517417D4A00597CAF /* icon-chevron@2x.png in Resources */ = {isa = PBXBuildFile; fileRef = 4896090F17417D4800597CAF /* icon-chevron@2x.png */; };
		4896091E1741807900597CAF /* icon-location-landscape.png in Resources */ = {isa = PBXBuildFile; fileRef = 4896091A1741807800597CAF /* icon-location-landscape.png */; };
		4896091F1741807900597CAF /* icon-location-landscape@2x.png in Resources */ = {isa = PBXBuildFile; fileRef = 4896091B1741807800597CAF /* icon-location-landscape@2x.png */; };
		489609201741807900597CAF /* icon-location-portrait.png in Resources */ = {isa = PBXBuildFile; fileRef = 4896091C1741807800597CAF /* icon-location-portrait.png */; };
		489609211741807900597CAF /* icon-location-portrait@2x.png in Resources */ = {isa = PBXBuildFile; fileRef = 4896091D1741807800597CAF /* icon-location-portrait@2x.png */; };
		4896092E1741824A00597CAF /* bar-button-landscape.png in Resources */ = {isa = PBXBuildFile; fileRef = 4896092A1741824800597CAF /* bar-button-landscape.png */; };
		4896092F1741824A00597CAF /* bar-button-landscape@2x.png in Resources */ = {isa = PBXBuildFile; fileRef = 4896092B1741824900597CAF /* bar-button-landscape@2x.png */; };
		489609301741824A00597CAF /* bar-button-portrait.png in Resources */ = {isa = PBXBuildFile; fileRef = 4896092C1741824900597CAF /* bar-button-portrait.png */; };
		489609311741824A00597CAF /* bar-button-portrait@2x.png in Resources */ = {isa = PBXBuildFile; fileRef = 4896092D1741824A00597CAF /* bar-button-portrait@2x.png */; };
		489609381745676C00597CAF /* icon-region-landscape.png in Resources */ = {isa = PBXBuildFile; fileRef = 489609341745675800597CAF /* icon-region-landscape.png */; };
		489609391745676C00597CAF /* icon-region-landscape@2x.png in Resources */ = {isa = PBXBuildFile; fileRef = 489609351745675900597CAF /* icon-region-landscape@2x.png */; };
		4896093A1745676C00597CAF /* icon-region-portrait.png in Resources */ = {isa = PBXBuildFile; fileRef = 489609361745675D00597CAF /* icon-region-portrait.png */; };
		4896093B1745676C00597CAF /* icon-region-portrait@2x.png in Resources */ = {isa = PBXBuildFile; fileRef = 489609371745676300597CAF /* icon-region-portrait@2x.png */; };
		48A08C9016DBF5A5000A2470 /* Localization.m in Sources */ = {isa = PBXBuildFile; fileRef = 48A08C8F16DBF5A5000A2470 /* Localization.m */; };
		48A08C9116DBF5A5000A2470 /* Localization.m in Sources */ = {isa = PBXBuildFile; fileRef = 48A08C8F16DBF5A5000A2470 /* Localization.m */; };
		48A08C9416DBF620000A2470 /* LocalizationTests.m in Sources */ = {isa = PBXBuildFile; fileRef = 48A08C9316DBF620000A2470 /* LocalizationTests.m */; };
		48AC6D7016BF0964004C4AF4 /* StolpersteinSearchData.m in Sources */ = {isa = PBXBuildFile; fileRef = 48AC6D6F16BF0964004C4AF4 /* StolpersteinSearchData.m */; };
		48AC6D7116BF0964004C4AF4 /* StolpersteinSearchData.m in Sources */ = {isa = PBXBuildFile; fileRef = 48AC6D6F16BF0964004C4AF4 /* StolpersteinSearchData.m */; };
		48AC6D7216BF0964004C4AF4 /* StolpersteinSearchData.m in Sources */ = {isa = PBXBuildFile; fileRef = 48AC6D6F16BF0964004C4AF4 /* StolpersteinSearchData.m */; };
		48BAF38416E926DE007250A0 /* Settings.bundle in Resources */ = {isa = PBXBuildFile; fileRef = 48BAF38316E926DE007250A0 /* Settings.bundle */; };
		48BAF38816E9405C007250A0 /* DiagnosticsService.m in Sources */ = {isa = PBXBuildFile; fileRef = 48BAF38716E9405C007250A0 /* DiagnosticsService.m */; };
		48C0272D172B024F0053B8E9 /* Stolpersteine-Config.plist in Resources */ = {isa = PBXBuildFile; fileRef = 48C0272C172B024F0053B8E9 /* Stolpersteine-Config.plist */; };
		48C02733172F05A50053B8E9 /* LinkedTextLabel.m in Sources */ = {isa = PBXBuildFile; fileRef = 48C02732172F05A50053B8E9 /* LinkedTextLabel.m */; };
		6205ED94175E021D00482DF9 /* libPods.a in Frameworks */ = {isa = PBXBuildFile; fileRef = 6205ED93175E021D00482DF9 /* libPods.a */; };
		6205ED96175E023000482DF9 /* libPods.a in Frameworks */ = {isa = PBXBuildFile; fileRef = 6205ED95175E023000482DF9 /* libPods.a */; };
		6222BF0116A030E5006ED538 /* NSDictionary+Parsing.m in Sources */ = {isa = PBXBuildFile; fileRef = 6222BF0016A030E5006ED538 /* NSDictionary+Parsing.m */; };
		6222BF2516A037CE006ED538 /* SenTestingKit.framework in Frameworks */ = {isa = PBXBuildFile; fileRef = 6222BF2416A037CE006ED538 /* SenTestingKit.framework */; };
		6222BF2616A037CE006ED538 /* UIKit.framework in Frameworks */ = {isa = PBXBuildFile; fileRef = 627E43B6169B0F050065C1F1 /* UIKit.framework */; };
		6222BF2716A037CE006ED538 /* Foundation.framework in Frameworks */ = {isa = PBXBuildFile; fileRef = 627E43B8169B0F050065C1F1 /* Foundation.framework */; };
		6222BF2D16A037CE006ED538 /* InfoPlist.strings in Resources */ = {isa = PBXBuildFile; fileRef = 6222BF2B16A037CE006ED538 /* InfoPlist.strings */; };
		6222BF3916A043B2006ED538 /* StolpersteinNetworkService.m in Sources */ = {isa = PBXBuildFile; fileRef = 627E4431169C420A0065C1F1 /* StolpersteinNetworkService.m */; };
		6222BF3A16A043B2006ED538 /* NSDictionary+Parsing.m in Sources */ = {isa = PBXBuildFile; fileRef = 6222BF0016A030E5006ED538 /* NSDictionary+Parsing.m */; };
		6222BF3B16A043B2006ED538 /* Stolperstein.m in Sources */ = {isa = PBXBuildFile; fileRef = 627E4437169C43970065C1F1 /* Stolperstein.m */; };
		6222BF4516A043F0006ED538 /* CoreLocation.framework in Frameworks */ = {isa = PBXBuildFile; fileRef = 484C8EE4169B609F001CEA59 /* CoreLocation.framework */; };
		6222BF4616A0440A006ED538 /* MobileCoreServices.framework in Frameworks */ = {isa = PBXBuildFile; fileRef = 627E4404169B273D0065C1F1 /* MobileCoreServices.framework */; };
		6222BF4716A04411006ED538 /* SystemConfiguration.framework in Frameworks */ = {isa = PBXBuildFile; fileRef = 627E4402169B27360065C1F1 /* SystemConfiguration.framework */; };
		6243178016BFDF2400055933 /* image-frame.png in Resources */ = {isa = PBXBuildFile; fileRef = 6243177216BFDF2400055933 /* image-frame.png */; };
		6243178116BFDF2400055933 /* image-frame@2x.png in Resources */ = {isa = PBXBuildFile; fileRef = 6243177316BFDF2400055933 /* image-frame@2x.png */; };
		6243178216BFDF2400055933 /* search-text-field-clear-button-landscape.png in Resources */ = {isa = PBXBuildFile; fileRef = 6243177416BFDF2400055933 /* search-text-field-clear-button-landscape.png */; };
		6243178316BFDF2400055933 /* search-text-field-clear-button-landscape@2x.png in Resources */ = {isa = PBXBuildFile; fileRef = 6243177516BFDF2400055933 /* search-text-field-clear-button-landscape@2x.png */; };
		6243178416BFDF2400055933 /* search-text-field-clear-button-portrait.png in Resources */ = {isa = PBXBuildFile; fileRef = 6243177616BFDF2400055933 /* search-text-field-clear-button-portrait.png */; };
		6243178516BFDF2400055933 /* search-text-field-clear-button-portrait@2x.png in Resources */ = {isa = PBXBuildFile; fileRef = 6243177716BFDF2400055933 /* search-text-field-clear-button-portrait@2x.png */; };
		6243178616BFDF2400055933 /* search-text-field-landscape.png in Resources */ = {isa = PBXBuildFile; fileRef = 6243177816BFDF2400055933 /* search-text-field-landscape.png */; };
		6243178716BFDF2400055933 /* search-text-field-landscape@2x.png in Resources */ = {isa = PBXBuildFile; fileRef = 6243177916BFDF2400055933 /* search-text-field-landscape@2x.png */; };
		6243178816BFDF2400055933 /* search-text-field-magnifier-landscape.png in Resources */ = {isa = PBXBuildFile; fileRef = 6243177A16BFDF2400055933 /* search-text-field-magnifier-landscape.png */; };
		6243178916BFDF2400055933 /* search-text-field-magnifier-landscape@2x.png in Resources */ = {isa = PBXBuildFile; fileRef = 6243177B16BFDF2400055933 /* search-text-field-magnifier-landscape@2x.png */; };
		6243178A16BFDF2400055933 /* search-text-field-magnifier-portrait.png in Resources */ = {isa = PBXBuildFile; fileRef = 6243177C16BFDF2400055933 /* search-text-field-magnifier-portrait.png */; };
		6243178B16BFDF2400055933 /* search-text-field-magnifier-portrait@2x.png in Resources */ = {isa = PBXBuildFile; fileRef = 6243177D16BFDF2400055933 /* search-text-field-magnifier-portrait@2x.png */; };
		6243178C16BFDF2400055933 /* search-text-field-portrait.png in Resources */ = {isa = PBXBuildFile; fileRef = 6243177E16BFDF2400055933 /* search-text-field-portrait.png */; };
		6243178D16BFDF2400055933 /* search-text-field-portrait@2x.png in Resources */ = {isa = PBXBuildFile; fileRef = 6243177F16BFDF2400055933 /* search-text-field-portrait@2x.png */; };
		627A0B9F16BC007600CFA71E /* CoreData.framework in Frameworks */ = {isa = PBXBuildFile; fileRef = 627A0B9E16BC007600CFA71E /* CoreData.framework */; };
		627C1BF316FB35A000097711 /* MapKit.framework in Frameworks */ = {isa = PBXBuildFile; fileRef = 627E43D9169B0FFC0065C1F1 /* MapKit.framework */; };
		627E43B7169B0F050065C1F1 /* UIKit.framework in Frameworks */ = {isa = PBXBuildFile; fileRef = 627E43B6169B0F050065C1F1 /* UIKit.framework */; };
		627E43B9169B0F050065C1F1 /* Foundation.framework in Frameworks */ = {isa = PBXBuildFile; fileRef = 627E43B8169B0F050065C1F1 /* Foundation.framework */; };
		627E43BB169B0F050065C1F1 /* CoreGraphics.framework in Frameworks */ = {isa = PBXBuildFile; fileRef = 627E43BA169B0F050065C1F1 /* CoreGraphics.framework */; };
		627E43C3169B0F050065C1F1 /* main.m in Sources */ = {isa = PBXBuildFile; fileRef = 627E43C2169B0F050065C1F1 /* main.m */; };
		627E43DA169B0FFC0065C1F1 /* MapKit.framework in Frameworks */ = {isa = PBXBuildFile; fileRef = 627E43D9169B0FFC0065C1F1 /* MapKit.framework */; };
		627E4403169B27370065C1F1 /* SystemConfiguration.framework in Frameworks */ = {isa = PBXBuildFile; fileRef = 627E4402169B27360065C1F1 /* SystemConfiguration.framework */; };
		627E4405169B273D0065C1F1 /* MobileCoreServices.framework in Frameworks */ = {isa = PBXBuildFile; fileRef = 627E4404169B273D0065C1F1 /* MobileCoreServices.framework */; };
		627E4432169C420A0065C1F1 /* StolpersteinNetworkService.m in Sources */ = {isa = PBXBuildFile; fileRef = 627E4431169C420A0065C1F1 /* StolpersteinNetworkService.m */; };
		627E4438169C43970065C1F1 /* Stolperstein.m in Sources */ = {isa = PBXBuildFile; fileRef = 627E4437169C43970065C1F1 /* Stolperstein.m */; };
		62F147C4170202A1003E7DAA /* SearchBar.m in Sources */ = {isa = PBXBuildFile; fileRef = 62F147BD170202A1003E7DAA /* SearchBar.m */; };
		62F147C5170202A1003E7DAA /* SearchDisplayController.m in Sources */ = {isa = PBXBuildFile; fileRef = 62F147C0170202A1003E7DAA /* SearchDisplayController.m */; };
		62F147C6170202A1003E7DAA /* SearchTextField.m in Sources */ = {isa = PBXBuildFile; fileRef = 62F147C3170202A1003E7DAA /* SearchTextField.m */; };
		62F147CB17020B19003E7DAA /* navigation-bar-landscape.png in Resources */ = {isa = PBXBuildFile; fileRef = 62F147C717020B18003E7DAA /* navigation-bar-landscape.png */; };
		62F147CC17020B19003E7DAA /* navigation-bar-landscape@2x.png in Resources */ = {isa = PBXBuildFile; fileRef = 62F147C817020B19003E7DAA /* navigation-bar-landscape@2x.png */; };
		62F147CD17020B19003E7DAA /* navigation-bar-portrait.png in Resources */ = {isa = PBXBuildFile; fileRef = 62F147C917020B19003E7DAA /* navigation-bar-portrait.png */; };
		62F147CE17020B19003E7DAA /* navigation-bar-portrait@2x.png in Resources */ = {isa = PBXBuildFile; fileRef = 62F147CA17020B19003E7DAA /* navigation-bar-portrait@2x.png */; };
/* End PBXBuildFile section */

/* Begin PBXFileReference section */
		195B6404122D49D18523AE52 /* libPods.a */ = {isa = PBXFileReference; explicitFileType = archive.ar; includeInIndex = 0; path = libPods.a; sourceTree = BUILT_PRODUCTS_DIR; };
		4805808C16C19DF100C49272 /* MainStoryboard.storyboard */ = {isa = PBXFileReference; fileEncoding = 4; lastKnownFileType = file.storyboard; path = MainStoryboard.storyboard; sourceTree = "<group>"; };
		4805809416C5BD8800C49272 /* AddressBook.framework */ = {isa = PBXFileReference; lastKnownFileType = wrapper.framework; name = AddressBook.framework; path = System/Library/Frameworks/AddressBook.framework; sourceTree = SDKROOT; };
		4808CF3716FCFE4C00E89E97 /* MapClusterAnnotation.h */ = {isa = PBXFileReference; fileEncoding = 4; lastKnownFileType = sourcecode.c.h; path = MapClusterAnnotation.h; sourceTree = "<group>"; };
		4808CF3816FCFE4C00E89E97 /* MapClusterAnnotation.m */ = {isa = PBXFileReference; fileEncoding = 4; lastKnownFileType = sourcecode.c.objc; path = MapClusterAnnotation.m; sourceTree = "<group>"; };
		4808CF3916FCFE4C00E89E97 /* MapClusterController.h */ = {isa = PBXFileReference; fileEncoding = 4; lastKnownFileType = sourcecode.c.h; path = MapClusterController.h; sourceTree = "<group>"; };
		4808CF3A16FCFE4C00E89E97 /* MapClusterController.m */ = {isa = PBXFileReference; fileEncoding = 4; lastKnownFileType = sourcecode.c.objc; path = MapClusterController.m; sourceTree = "<group>"; };
		4808CF3B16FCFE4C00E89E97 /* MapClusterControllerUtils.h */ = {isa = PBXFileReference; fileEncoding = 4; lastKnownFileType = sourcecode.c.h; path = MapClusterControllerUtils.h; sourceTree = "<group>"; };
		4808CF3C16FCFE4C00E89E97 /* MapClusterControllerUtils.m */ = {isa = PBXFileReference; fileEncoding = 4; lastKnownFileType = sourcecode.c.objc; path = MapClusterControllerUtils.m; sourceTree = "<group>"; };
		4808CF421700C1E000E89E97 /* MapClusterControllerUtilsTests.h */ = {isa = PBXFileReference; fileEncoding = 4; lastKnownFileType = sourcecode.c.h; path = MapClusterControllerUtilsTests.h; sourceTree = "<group>"; };
		4808CF431700C1E000E89E97 /* MapClusterControllerUtilsTests.m */ = {isa = PBXFileReference; fileEncoding = 4; lastKnownFileType = sourcecode.c.objc; path = MapClusterControllerUtilsTests.m; sourceTree = "<group>"; };
		480FFF8616A0C6150012CCD5 /* Stolpersteine Integration Tests.octest */ = {isa = PBXFileReference; explicitFileType = wrapper.cfbundle; includeInIndex = 0; path = "Stolpersteine Integration Tests.octest"; sourceTree = BUILT_PRODUCTS_DIR; };
		480FFF8C16A0C6160012CCD5 /* Stolpersteine Integration Tests-Info.plist */ = {isa = PBXFileReference; lastKnownFileType = text.plist.xml; path = "Stolpersteine Integration Tests-Info.plist"; sourceTree = "<group>"; };
		480FFF8E16A0C6160012CCD5 /* en */ = {isa = PBXFileReference; lastKnownFileType = text.plist.strings; name = en; path = en.lproj/InfoPlist.strings; sourceTree = "<group>"; };
		480FFF9316A0C6160012CCD5 /* Stolpersteine Integration Tests-Prefix.pch */ = {isa = PBXFileReference; lastKnownFileType = sourcecode.c.h; path = "Stolpersteine Integration Tests-Prefix.pch"; sourceTree = "<group>"; };
		480FFF9916A0C6890012CCD5 /* StolpersteineNetworkServiceTests.h */ = {isa = PBXFileReference; fileEncoding = 4; lastKnownFileType = sourcecode.c.h; path = StolpersteineNetworkServiceTests.h; sourceTree = "<group>"; };
		480FFF9A16A0C6890012CCD5 /* StolpersteineNetworkServiceTests.m */ = {isa = PBXFileReference; fileEncoding = 4; lastKnownFileType = sourcecode.c.objc; path = StolpersteineNetworkServiceTests.m; sourceTree = "<group>"; };
		481CBC861704CD2700695499 /* MapClusterControllerDelegate.h */ = {isa = PBXFileReference; fileEncoding = 4; lastKnownFileType = sourcecode.c.h; path = MapClusterControllerDelegate.h; sourceTree = "<group>"; };
		4825F92A174E8F7C0058B811 /* FullScreenImageGallerySegue.h */ = {isa = PBXFileReference; fileEncoding = 4; lastKnownFileType = sourcecode.c.h; path = FullScreenImageGallerySegue.h; sourceTree = "<group>"; };
		4825F92B174E8F7C0058B811 /* FullScreenImageGallerySegue.m */ = {isa = PBXFileReference; fileEncoding = 4; lastKnownFileType = sourcecode.c.objc; path = FullScreenImageGallerySegue.m; sourceTree = "<group>"; };
		4825F92E174E8F7C0058B811 /* ImageGalleryItemView.h */ = {isa = PBXFileReference; fileEncoding = 4; lastKnownFileType = sourcecode.c.h; path = ImageGalleryItemView.h; sourceTree = "<group>"; };
		4825F92F174E8F7C0058B811 /* ImageGalleryItemView.m */ = {isa = PBXFileReference; fileEncoding = 4; lastKnownFileType = sourcecode.c.objc; path = ImageGalleryItemView.m; sourceTree = "<group>"; };
		4825F930174E8F7C0058B811 /* ImageGalleryView.h */ = {isa = PBXFileReference; fileEncoding = 4; lastKnownFileType = sourcecode.c.h; path = ImageGalleryView.h; sourceTree = "<group>"; };
		4825F931174E8F7C0058B811 /* ImageGalleryView.m */ = {isa = PBXFileReference; fileEncoding = 4; lastKnownFileType = sourcecode.c.objc; path = ImageGalleryView.m; sourceTree = "<group>"; };
		4825F932174E8F7C0058B811 /* ImageGalleryViewDelegate.h */ = {isa = PBXFileReference; fileEncoding = 4; lastKnownFileType = sourcecode.c.h; path = ImageGalleryViewDelegate.h; sourceTree = "<group>"; };
		4825F933174E8F7C0058B811 /* ProgressImageView.h */ = {isa = PBXFileReference; fileEncoding = 4; lastKnownFileType = sourcecode.c.h; path = ProgressImageView.h; sourceTree = "<group>"; };
		4825F934174E8F7C0058B811 /* ProgressImageView.m */ = {isa = PBXFileReference; fileEncoding = 4; lastKnownFileType = sourcecode.c.objc; path = ProgressImageView.m; sourceTree = "<group>"; };
		48383812171A036D00141F46 /* StolpersteinTests.h */ = {isa = PBXFileReference; fileEncoding = 4; lastKnownFileType = sourcecode.c.h; path = StolpersteinTests.h; sourceTree = "<group>"; };
		48383813171A036D00141F46 /* StolpersteinTests.m */ = {isa = PBXFileReference; fileEncoding = 4; lastKnownFileType = sourcecode.c.objc; path = StolpersteinTests.m; sourceTree = "<group>"; };
		484C8EE4169B609F001CEA59 /* CoreLocation.framework */ = {isa = PBXFileReference; lastKnownFileType = wrapper.framework; name = CoreLocation.framework; path = System/Library/Frameworks/CoreLocation.framework; sourceTree = SDKROOT; };
		48633B8916C03F690057A317 /* MapViewController.h */ = {isa = PBXFileReference; fileEncoding = 4; lastKnownFileType = sourcecode.c.h; path = MapViewController.h; sourceTree = "<group>"; };
		48633B8A16C03F690057A317 /* MapViewController.m */ = {isa = PBXFileReference; fileEncoding = 4; lastKnownFileType = sourcecode.c.objc; path = MapViewController.m; sourceTree = "<group>"; };
		48633B9316C03F690057A317 /* StolpersteinDetailViewController.h */ = {isa = PBXFileReference; fileEncoding = 4; lastKnownFileType = sourcecode.c.h; path = StolpersteinDetailViewController.h; sourceTree = "<group>"; };
		48633B9416C03F690057A317 /* StolpersteinDetailViewController.m */ = {isa = PBXFileReference; fileEncoding = 4; lastKnownFileType = sourcecode.c.objc; path = StolpersteinDetailViewController.m; sourceTree = "<group>"; };
		48633B9516C03F690057A317 /* StolpersteinListViewController.h */ = {isa = PBXFileReference; fileEncoding = 4; lastKnownFileType = sourcecode.c.h; path = StolpersteinListViewController.h; sourceTree = "<group>"; };
		48633B9616C03F690057A317 /* StolpersteinListViewController.m */ = {isa = PBXFileReference; fileEncoding = 4; lastKnownFileType = sourcecode.c.objc; path = StolpersteinListViewController.m; sourceTree = "<group>"; };
		48633B9E16C03FCE0057A317 /* AppDelegate.h */ = {isa = PBXFileReference; fileEncoding = 4; lastKnownFileType = sourcecode.c.h; path = AppDelegate.h; sourceTree = "<group>"; };
		48633B9F16C03FCE0057A317 /* AppDelegate.m */ = {isa = PBXFileReference; fileEncoding = 4; lastKnownFileType = sourcecode.c.objc; path = AppDelegate.m; sourceTree = "<group>"; };
		48633BA316C040520057A317 /* en */ = {isa = PBXFileReference; lastKnownFileType = text.plist.strings; name = en; path = en.lproj/InfoPlist.strings; sourceTree = "<group>"; };
		48633BAB16C041150057A317 /* en */ = {isa = PBXFileReference; lastKnownFileType = text.plist.strings; name = en; path = en.lproj/Localizable.strings; sourceTree = "<group>"; };
		48633BB116C046180057A317 /* de */ = {isa = PBXFileReference; lastKnownFileType = text.plist.strings; name = de; path = de.lproj/InfoPlist.strings; sourceTree = "<group>"; };
		48633BB216C046180057A317 /* de */ = {isa = PBXFileReference; lastKnownFileType = text.plist.strings; name = de; path = de.lproj/Localizable.strings; sourceTree = "<group>"; };
		4865313416E1253100E4A483 /* rounded-rect-frame.png */ = {isa = PBXFileReference; lastKnownFileType = image.png; path = "rounded-rect-frame.png"; sourceTree = "<group>"; };
		4865313516E1253100E4A483 /* rounded-rect-frame@2x.png */ = {isa = PBXFileReference; lastKnownFileType = image.png; path = "rounded-rect-frame@2x.png"; sourceTree = "<group>"; };
		4879B6AD16E25490006593D8 /* Default-568h@2x.png */ = {isa = PBXFileReference; lastKnownFileType = image.png; path = "Default-568h@2x.png"; sourceTree = "<group>"; };
		4879B6AE16E25490006593D8 /* Default.png */ = {isa = PBXFileReference; lastKnownFileType = image.png; path = Default.png; sourceTree = "<group>"; };
		4879B6AF16E25490006593D8 /* Default@2x.png */ = {isa = PBXFileReference; lastKnownFileType = image.png; path = "Default@2x.png"; sourceTree = "<group>"; };
		4879B6B416E281D5006593D8 /* Icon-72.png */ = {isa = PBXFileReference; lastKnownFileType = image.png; path = "Icon-72.png"; sourceTree = "<group>"; };
		4879B6B516E281D5006593D8 /* Icon-72@2x.png */ = {isa = PBXFileReference; lastKnownFileType = image.png; path = "Icon-72@2x.png"; sourceTree = "<group>"; };
		4879B6B616E281D5006593D8 /* Icon-Small-50.png */ = {isa = PBXFileReference; lastKnownFileType = image.png; path = "Icon-Small-50.png"; sourceTree = "<group>"; };
		4879B6B716E281D5006593D8 /* Icon-Small-50@2x.png */ = {isa = PBXFileReference; lastKnownFileType = image.png; path = "Icon-Small-50@2x.png"; sourceTree = "<group>"; };
		4879B6B816E281D5006593D8 /* Icon-Small.png */ = {isa = PBXFileReference; lastKnownFileType = image.png; path = "Icon-Small.png"; sourceTree = "<group>"; };
		4879B6B916E281D5006593D8 /* Icon-Small@2x.png */ = {isa = PBXFileReference; lastKnownFileType = image.png; path = "Icon-Small@2x.png"; sourceTree = "<group>"; };
		4879B6BA16E281D5006593D8 /* Icon.png */ = {isa = PBXFileReference; lastKnownFileType = image.png; path = Icon.png; sourceTree = "<group>"; };
		4879B6BB16E281D5006593D8 /* Icon@2x.png */ = {isa = PBXFileReference; lastKnownFileType = image.png; path = "Icon@2x.png"; sourceTree = "<group>"; };
		4896090E17417D4800597CAF /* icon-chevron.png */ = {isa = PBXFileReference; lastKnownFileType = image.png; path = "icon-chevron.png"; sourceTree = "<group>"; };
		4896090F17417D4800597CAF /* icon-chevron@2x.png */ = {isa = PBXFileReference; lastKnownFileType = image.png; path = "icon-chevron@2x.png"; sourceTree = "<group>"; };
		4896091A1741807800597CAF /* icon-location-landscape.png */ = {isa = PBXFileReference; lastKnownFileType = image.png; path = "icon-location-landscape.png"; sourceTree = "<group>"; };
		4896091B1741807800597CAF /* icon-location-landscape@2x.png */ = {isa = PBXFileReference; lastKnownFileType = image.png; path = "icon-location-landscape@2x.png"; sourceTree = "<group>"; };
		4896091C1741807800597CAF /* icon-location-portrait.png */ = {isa = PBXFileReference; lastKnownFileType = image.png; path = "icon-location-portrait.png"; sourceTree = "<group>"; };
		4896091D1741807800597CAF /* icon-location-portrait@2x.png */ = {isa = PBXFileReference; lastKnownFileType = image.png; path = "icon-location-portrait@2x.png"; sourceTree = "<group>"; };
		4896092A1741824800597CAF /* bar-button-landscape.png */ = {isa = PBXFileReference; lastKnownFileType = image.png; path = "bar-button-landscape.png"; sourceTree = "<group>"; };
		4896092B1741824900597CAF /* bar-button-landscape@2x.png */ = {isa = PBXFileReference; lastKnownFileType = image.png; path = "bar-button-landscape@2x.png"; sourceTree = "<group>"; };
		4896092C1741824900597CAF /* bar-button-portrait.png */ = {isa = PBXFileReference; lastKnownFileType = image.png; path = "bar-button-portrait.png"; sourceTree = "<group>"; };
		4896092D1741824A00597CAF /* bar-button-portrait@2x.png */ = {isa = PBXFileReference; lastKnownFileType = image.png; path = "bar-button-portrait@2x.png"; sourceTree = "<group>"; };
		489609341745675800597CAF /* icon-region-landscape.png */ = {isa = PBXFileReference; lastKnownFileType = image.png; path = "icon-region-landscape.png"; sourceTree = "<group>"; };
		489609351745675900597CAF /* icon-region-landscape@2x.png */ = {isa = PBXFileReference; lastKnownFileType = image.png; path = "icon-region-landscape@2x.png"; sourceTree = "<group>"; };
		489609361745675D00597CAF /* icon-region-portrait.png */ = {isa = PBXFileReference; lastKnownFileType = image.png; path = "icon-region-portrait.png"; sourceTree = "<group>"; };
		489609371745676300597CAF /* icon-region-portrait@2x.png */ = {isa = PBXFileReference; lastKnownFileType = image.png; path = "icon-region-portrait@2x.png"; sourceTree = "<group>"; };
		48A08C8E16DBF5A5000A2470 /* Localization.h */ = {isa = PBXFileReference; fileEncoding = 4; lastKnownFileType = sourcecode.c.h; path = Localization.h; sourceTree = "<group>"; };
		48A08C8F16DBF5A5000A2470 /* Localization.m */ = {isa = PBXFileReference; fileEncoding = 4; lastKnownFileType = sourcecode.c.objc; path = Localization.m; sourceTree = "<group>"; };
		48A08C9216DBF620000A2470 /* LocalizationTests.h */ = {isa = PBXFileReference; fileEncoding = 4; lastKnownFileType = sourcecode.c.h; path = LocalizationTests.h; sourceTree = "<group>"; };
		48A08C9316DBF620000A2470 /* LocalizationTests.m */ = {isa = PBXFileReference; fileEncoding = 4; lastKnownFileType = sourcecode.c.objc; path = LocalizationTests.m; sourceTree = "<group>"; };
		48AC6D6E16BF0964004C4AF4 /* StolpersteinSearchData.h */ = {isa = PBXFileReference; fileEncoding = 4; lastKnownFileType = sourcecode.c.h; path = StolpersteinSearchData.h; sourceTree = "<group>"; };
		48AC6D6F16BF0964004C4AF4 /* StolpersteinSearchData.m */ = {isa = PBXFileReference; fileEncoding = 4; lastKnownFileType = sourcecode.c.objc; path = StolpersteinSearchData.m; sourceTree = "<group>"; };
		48BAF38316E926DE007250A0 /* Settings.bundle */ = {isa = PBXFileReference; lastKnownFileType = "wrapper.plug-in"; path = Settings.bundle; sourceTree = "<group>"; };
		48BAF38616E9405C007250A0 /* DiagnosticsService.h */ = {isa = PBXFileReference; fileEncoding = 4; lastKnownFileType = sourcecode.c.h; path = DiagnosticsService.h; sourceTree = "<group>"; };
		48BAF38716E9405C007250A0 /* DiagnosticsService.m */ = {isa = PBXFileReference; fileEncoding = 4; lastKnownFileType = sourcecode.c.objc; path = DiagnosticsService.m; sourceTree = "<group>"; };
		48C0272C172B024F0053B8E9 /* Stolpersteine-Config.plist */ = {isa = PBXFileReference; fileEncoding = 4; lastKnownFileType = text.plist.xml; path = "Stolpersteine-Config.plist"; sourceTree = "<group>"; };
		48C02731172F05A50053B8E9 /* LinkedTextLabel.h */ = {isa = PBXFileReference; fileEncoding = 4; lastKnownFileType = sourcecode.c.h; path = LinkedTextLabel.h; sourceTree = "<group>"; };
		48C02732172F05A50053B8E9 /* LinkedTextLabel.m */ = {isa = PBXFileReference; fileEncoding = 4; lastKnownFileType = sourcecode.c.objc; path = LinkedTextLabel.m; sourceTree = "<group>"; };
		6205ED93175E021D00482DF9 /* libPods.a */ = {isa = PBXFileReference; lastKnownFileType = archive.ar; name = libPods.a; path = "Pods/build/Release-iphoneos/libPods.a"; sourceTree = "<group>"; };
		6205ED95175E023000482DF9 /* libPods.a */ = {isa = PBXFileReference; lastKnownFileType = archive.ar; name = libPods.a; path = "Pods/build/Release-iphoneos/libPods.a"; sourceTree = "<group>"; };
		620B6C44171847550035C2AC /* buildnumber_dynamic.xcconfig */ = {isa = PBXFileReference; fileEncoding = 4; lastKnownFileType = text.xcconfig; path = buildnumber_dynamic.xcconfig; sourceTree = "<group>"; };
		620B6C46171848E30035C2AC /* buildnumber_fixed.xcconfig */ = {isa = PBXFileReference; lastKnownFileType = text.xcconfig; path = buildnumber_fixed.xcconfig; sourceTree = "<group>"; };
		6222BEFF16A030E5006ED538 /* NSDictionary+Parsing.h */ = {isa = PBXFileReference; fileEncoding = 4; lastKnownFileType = sourcecode.c.h; path = "NSDictionary+Parsing.h"; sourceTree = "<group>"; };
		6222BF0016A030E5006ED538 /* NSDictionary+Parsing.m */ = {isa = PBXFileReference; fileEncoding = 4; lastKnownFileType = sourcecode.c.objc; path = "NSDictionary+Parsing.m"; sourceTree = "<group>"; };
		6222BF2316A037CE006ED538 /* Stolpersteine Unit Tests.octest */ = {isa = PBXFileReference; explicitFileType = wrapper.cfbundle; includeInIndex = 0; path = "Stolpersteine Unit Tests.octest"; sourceTree = BUILT_PRODUCTS_DIR; };
		6222BF2416A037CE006ED538 /* SenTestingKit.framework */ = {isa = PBXFileReference; lastKnownFileType = wrapper.framework; name = SenTestingKit.framework; path = Library/Frameworks/SenTestingKit.framework; sourceTree = DEVELOPER_DIR; };
		6222BF2A16A037CE006ED538 /* Stolpersteine Unit Tests-Info.plist */ = {isa = PBXFileReference; lastKnownFileType = text.plist.xml; path = "Stolpersteine Unit Tests-Info.plist"; sourceTree = "<group>"; };
		6222BF2C16A037CE006ED538 /* en */ = {isa = PBXFileReference; lastKnownFileType = text.plist.strings; name = en; path = en.lproj/InfoPlist.strings; sourceTree = "<group>"; };
		6222BF3116A037CE006ED538 /* Stolpersteine Unit Tests-Prefix.pch */ = {isa = PBXFileReference; lastKnownFileType = sourcecode.c.h; path = "Stolpersteine Unit Tests-Prefix.pch"; sourceTree = "<group>"; };
		6243177216BFDF2400055933 /* image-frame.png */ = {isa = PBXFileReference; lastKnownFileType = image.png; path = "image-frame.png"; sourceTree = "<group>"; };
		6243177316BFDF2400055933 /* image-frame@2x.png */ = {isa = PBXFileReference; lastKnownFileType = image.png; path = "image-frame@2x.png"; sourceTree = "<group>"; };
		6243177416BFDF2400055933 /* search-text-field-clear-button-landscape.png */ = {isa = PBXFileReference; lastKnownFileType = image.png; path = "search-text-field-clear-button-landscape.png"; sourceTree = "<group>"; };
		6243177516BFDF2400055933 /* search-text-field-clear-button-landscape@2x.png */ = {isa = PBXFileReference; lastKnownFileType = image.png; path = "search-text-field-clear-button-landscape@2x.png"; sourceTree = "<group>"; };
		6243177616BFDF2400055933 /* search-text-field-clear-button-portrait.png */ = {isa = PBXFileReference; lastKnownFileType = image.png; path = "search-text-field-clear-button-portrait.png"; sourceTree = "<group>"; };
		6243177716BFDF2400055933 /* search-text-field-clear-button-portrait@2x.png */ = {isa = PBXFileReference; lastKnownFileType = image.png; path = "search-text-field-clear-button-portrait@2x.png"; sourceTree = "<group>"; };
		6243177816BFDF2400055933 /* search-text-field-landscape.png */ = {isa = PBXFileReference; lastKnownFileType = image.png; path = "search-text-field-landscape.png"; sourceTree = "<group>"; };
		6243177916BFDF2400055933 /* search-text-field-landscape@2x.png */ = {isa = PBXFileReference; lastKnownFileType = image.png; path = "search-text-field-landscape@2x.png"; sourceTree = "<group>"; };
		6243177A16BFDF2400055933 /* search-text-field-magnifier-landscape.png */ = {isa = PBXFileReference; lastKnownFileType = image.png; path = "search-text-field-magnifier-landscape.png"; sourceTree = "<group>"; };
		6243177B16BFDF2400055933 /* search-text-field-magnifier-landscape@2x.png */ = {isa = PBXFileReference; lastKnownFileType = image.png; path = "search-text-field-magnifier-landscape@2x.png"; sourceTree = "<group>"; };
		6243177C16BFDF2400055933 /* search-text-field-magnifier-portrait.png */ = {isa = PBXFileReference; lastKnownFileType = image.png; path = "search-text-field-magnifier-portrait.png"; sourceTree = "<group>"; };
		6243177D16BFDF2400055933 /* search-text-field-magnifier-portrait@2x.png */ = {isa = PBXFileReference; lastKnownFileType = image.png; path = "search-text-field-magnifier-portrait@2x.png"; sourceTree = "<group>"; };
		6243177E16BFDF2400055933 /* search-text-field-portrait.png */ = {isa = PBXFileReference; lastKnownFileType = image.png; path = "search-text-field-portrait.png"; sourceTree = "<group>"; };
		6243177F16BFDF2400055933 /* search-text-field-portrait@2x.png */ = {isa = PBXFileReference; lastKnownFileType = image.png; path = "search-text-field-portrait@2x.png"; sourceTree = "<group>"; };
		627A0B9E16BC007600CFA71E /* CoreData.framework */ = {isa = PBXFileReference; lastKnownFileType = wrapper.framework; name = CoreData.framework; path = System/Library/Frameworks/CoreData.framework; sourceTree = SDKROOT; };
		627E43B2169B0F050065C1F1 /* Stolpersteine.app */ = {isa = PBXFileReference; explicitFileType = wrapper.application; includeInIndex = 0; path = Stolpersteine.app; sourceTree = BUILT_PRODUCTS_DIR; };
		627E43B6169B0F050065C1F1 /* UIKit.framework */ = {isa = PBXFileReference; lastKnownFileType = wrapper.framework; name = UIKit.framework; path = System/Library/Frameworks/UIKit.framework; sourceTree = SDKROOT; };
		627E43B8169B0F050065C1F1 /* Foundation.framework */ = {isa = PBXFileReference; lastKnownFileType = wrapper.framework; name = Foundation.framework; path = System/Library/Frameworks/Foundation.framework; sourceTree = SDKROOT; };
		627E43BA169B0F050065C1F1 /* CoreGraphics.framework */ = {isa = PBXFileReference; lastKnownFileType = wrapper.framework; name = CoreGraphics.framework; path = System/Library/Frameworks/CoreGraphics.framework; sourceTree = SDKROOT; };
		627E43BE169B0F050065C1F1 /* Stolpersteine-Info.plist */ = {isa = PBXFileReference; lastKnownFileType = text.plist.xml; path = "Stolpersteine-Info.plist"; sourceTree = "<group>"; };
		627E43C2169B0F050065C1F1 /* main.m */ = {isa = PBXFileReference; lastKnownFileType = sourcecode.c.objc; path = main.m; sourceTree = "<group>"; };
		627E43C4169B0F050065C1F1 /* Stolpersteine-Prefix.pch */ = {isa = PBXFileReference; lastKnownFileType = sourcecode.c.h; path = "Stolpersteine-Prefix.pch"; sourceTree = "<group>"; };
		627E43D9169B0FFC0065C1F1 /* MapKit.framework */ = {isa = PBXFileReference; lastKnownFileType = wrapper.framework; name = MapKit.framework; path = System/Library/Frameworks/MapKit.framework; sourceTree = SDKROOT; };
		627E4402169B27360065C1F1 /* SystemConfiguration.framework */ = {isa = PBXFileReference; lastKnownFileType = wrapper.framework; name = SystemConfiguration.framework; path = System/Library/Frameworks/SystemConfiguration.framework; sourceTree = SDKROOT; };
		627E4404169B273D0065C1F1 /* MobileCoreServices.framework */ = {isa = PBXFileReference; lastKnownFileType = wrapper.framework; name = MobileCoreServices.framework; path = System/Library/Frameworks/MobileCoreServices.framework; sourceTree = SDKROOT; };
		627E4430169C420A0065C1F1 /* StolpersteinNetworkService.h */ = {isa = PBXFileReference; fileEncoding = 4; lastKnownFileType = sourcecode.c.h; path = StolpersteinNetworkService.h; sourceTree = "<group>"; };
		627E4431169C420A0065C1F1 /* StolpersteinNetworkService.m */ = {isa = PBXFileReference; fileEncoding = 4; lastKnownFileType = sourcecode.c.objc; path = StolpersteinNetworkService.m; sourceTree = "<group>"; };
		627E4436169C43970065C1F1 /* Stolperstein.h */ = {isa = PBXFileReference; fileEncoding = 4; lastKnownFileType = sourcecode.c.h; path = Stolperstein.h; sourceTree = "<group>"; };
		627E4437169C43970065C1F1 /* Stolperstein.m */ = {isa = PBXFileReference; fileEncoding = 4; lastKnownFileType = sourcecode.c.objc; path = Stolperstein.m; sourceTree = "<group>"; };
		62F147BC170202A1003E7DAA /* SearchBar.h */ = {isa = PBXFileReference; fileEncoding = 4; lastKnownFileType = sourcecode.c.h; path = SearchBar.h; sourceTree = "<group>"; };
		62F147BD170202A1003E7DAA /* SearchBar.m */ = {isa = PBXFileReference; fileEncoding = 4; lastKnownFileType = sourcecode.c.objc; path = SearchBar.m; sourceTree = "<group>"; };
		62F147BE170202A1003E7DAA /* SearchBarDelegate.h */ = {isa = PBXFileReference; fileEncoding = 4; lastKnownFileType = sourcecode.c.h; path = SearchBarDelegate.h; sourceTree = "<group>"; };
		62F147BF170202A1003E7DAA /* SearchDisplayController.h */ = {isa = PBXFileReference; fileEncoding = 4; lastKnownFileType = sourcecode.c.h; path = SearchDisplayController.h; sourceTree = "<group>"; };
		62F147C0170202A1003E7DAA /* SearchDisplayController.m */ = {isa = PBXFileReference; fileEncoding = 4; lastKnownFileType = sourcecode.c.objc; path = SearchDisplayController.m; sourceTree = "<group>"; };
		62F147C1170202A1003E7DAA /* SearchDisplayControllerDelegate.h */ = {isa = PBXFileReference; fileEncoding = 4; lastKnownFileType = sourcecode.c.h; path = SearchDisplayControllerDelegate.h; sourceTree = "<group>"; };
		62F147C2170202A1003E7DAA /* SearchTextField.h */ = {isa = PBXFileReference; fileEncoding = 4; lastKnownFileType = sourcecode.c.h; path = SearchTextField.h; sourceTree = "<group>"; };
		62F147C3170202A1003E7DAA /* SearchTextField.m */ = {isa = PBXFileReference; fileEncoding = 4; lastKnownFileType = sourcecode.c.objc; path = SearchTextField.m; sourceTree = "<group>"; };
		62F147C717020B18003E7DAA /* navigation-bar-landscape.png */ = {isa = PBXFileReference; lastKnownFileType = image.png; path = "navigation-bar-landscape.png"; sourceTree = "<group>"; };
		62F147C817020B19003E7DAA /* navigation-bar-landscape@2x.png */ = {isa = PBXFileReference; lastKnownFileType = image.png; path = "navigation-bar-landscape@2x.png"; sourceTree = "<group>"; };
		62F147C917020B19003E7DAA /* navigation-bar-portrait.png */ = {isa = PBXFileReference; lastKnownFileType = image.png; path = "navigation-bar-portrait.png"; sourceTree = "<group>"; };
		62F147CA17020B19003E7DAA /* navigation-bar-portrait@2x.png */ = {isa = PBXFileReference; lastKnownFileType = image.png; path = "navigation-bar-portrait@2x.png"; sourceTree = "<group>"; };
		90D265056EBE417F95BF08CA /* Pods.xcconfig */ = {isa = PBXFileReference; includeInIndex = 1; lastKnownFileType = text.xcconfig; name = Pods.xcconfig; path = Pods/Pods.xcconfig; sourceTree = SOURCE_ROOT; };
/* End PBXFileReference section */

/* Begin PBXFrameworksBuildPhase section */
		480FFF8216A0C6150012CCD5 /* Frameworks */ = {
			isa = PBXFrameworksBuildPhase;
			buildActionMask = 2147483647;
			files = (
				6205ED96175E023000482DF9 /* libPods.a in Frameworks */,
				480FFF9E16A0C75D0012CCD5 /* CoreLocation.framework in Frameworks */,
				480FFF9D16A0C7520012CCD5 /* MobileCoreServices.framework in Frameworks */,
				480FFF9C16A0C74B0012CCD5 /* SystemConfiguration.framework in Frameworks */,
				480FFF8716A0C6160012CCD5 /* SenTestingKit.framework in Frameworks */,
				480FFF8816A0C6160012CCD5 /* UIKit.framework in Frameworks */,
				480FFF8916A0C6160012CCD5 /* Foundation.framework in Frameworks */,
			);
			runOnlyForDeploymentPostprocessing = 0;
		};
		6222BF1F16A037CE006ED538 /* Frameworks */ = {
			isa = PBXFrameworksBuildPhase;
			buildActionMask = 2147483647;
			files = (
				6205ED94175E021D00482DF9 /* libPods.a in Frameworks */,
				627C1BF316FB35A000097711 /* MapKit.framework in Frameworks */,
				6222BF4716A04411006ED538 /* SystemConfiguration.framework in Frameworks */,
				6222BF4616A0440A006ED538 /* MobileCoreServices.framework in Frameworks */,
				6222BF4516A043F0006ED538 /* CoreLocation.framework in Frameworks */,
				6222BF2516A037CE006ED538 /* SenTestingKit.framework in Frameworks */,
				6222BF2616A037CE006ED538 /* UIKit.framework in Frameworks */,
				6222BF2716A037CE006ED538 /* Foundation.framework in Frameworks */,
			);
			runOnlyForDeploymentPostprocessing = 0;
		};
		627E43AF169B0F050065C1F1 /* Frameworks */ = {
			isa = PBXFrameworksBuildPhase;
			buildActionMask = 2147483647;
			files = (
				4805809516C5BD8800C49272 /* AddressBook.framework in Frameworks */,
				627A0B9F16BC007600CFA71E /* CoreData.framework in Frameworks */,
				484C8EE5169B609F001CEA59 /* CoreLocation.framework in Frameworks */,
				627E4405169B273D0065C1F1 /* MobileCoreServices.framework in Frameworks */,
				627E4403169B27370065C1F1 /* SystemConfiguration.framework in Frameworks */,
				627E43DA169B0FFC0065C1F1 /* MapKit.framework in Frameworks */,
				627E43B7169B0F050065C1F1 /* UIKit.framework in Frameworks */,
				627E43B9169B0F050065C1F1 /* Foundation.framework in Frameworks */,
				627E43BB169B0F050065C1F1 /* CoreGraphics.framework in Frameworks */,
				3C54663BAC5249899F421A67 /* libPods.a in Frameworks */,
			);
			runOnlyForDeploymentPostprocessing = 0;
		};
/* End PBXFrameworksBuildPhase section */

/* Begin PBXGroup section */
		4808CF3616FCFE4C00E89E97 /* Clustering */ = {
			isa = PBXGroup;
			children = (
				4808CF3716FCFE4C00E89E97 /* MapClusterAnnotation.h */,
				4808CF3816FCFE4C00E89E97 /* MapClusterAnnotation.m */,
				4808CF3916FCFE4C00E89E97 /* MapClusterController.h */,
				4808CF3A16FCFE4C00E89E97 /* MapClusterController.m */,
				481CBC861704CD2700695499 /* MapClusterControllerDelegate.h */,
				4808CF3B16FCFE4C00E89E97 /* MapClusterControllerUtils.h */,
				4808CF3C16FCFE4C00E89E97 /* MapClusterControllerUtils.m */,
			);
			path = Clustering;
			sourceTree = "<group>";
		};
		4808CF411700C1E000E89E97 /* Clustering */ = {
			isa = PBXGroup;
			children = (
				4808CF421700C1E000E89E97 /* MapClusterControllerUtilsTests.h */,
				4808CF431700C1E000E89E97 /* MapClusterControllerUtilsTests.m */,
			);
			path = Clustering;
			sourceTree = "<group>";
		};
		480FFF8A16A0C6160012CCD5 /* Stolpersteine Integration Tests */ = {
			isa = PBXGroup;
			children = (
				480FFF9816A0C6890012CCD5 /* Stolpersteine API */,
				480FFF8B16A0C6160012CCD5 /* Supporting Files */,
			);
			path = "Stolpersteine Integration Tests";
			sourceTree = "<group>";
		};
		480FFF8B16A0C6160012CCD5 /* Supporting Files */ = {
			isa = PBXGroup;
			children = (
				480FFF8C16A0C6160012CCD5 /* Stolpersteine Integration Tests-Info.plist */,
				480FFF8D16A0C6160012CCD5 /* InfoPlist.strings */,
				480FFF9316A0C6160012CCD5 /* Stolpersteine Integration Tests-Prefix.pch */,
			);
			name = "Supporting Files";
			sourceTree = "<group>";
		};
		480FFF9816A0C6890012CCD5 /* Stolpersteine API */ = {
			isa = PBXGroup;
			children = (
				480FFF9916A0C6890012CCD5 /* StolpersteineNetworkServiceTests.h */,
				480FFF9A16A0C6890012CCD5 /* StolpersteineNetworkServiceTests.m */,
			);
			path = "Stolpersteine API";
			sourceTree = "<group>";
		};
		4825F929174E8F7C0058B811 /* Image Gallery */ = {
			isa = PBXGroup;
			children = (
				4825F92A174E8F7C0058B811 /* FullScreenImageGallerySegue.h */,
				4825F92B174E8F7C0058B811 /* FullScreenImageGallerySegue.m */,
				4825F930174E8F7C0058B811 /* ImageGalleryView.h */,
				4825F931174E8F7C0058B811 /* ImageGalleryView.m */,
				4825F932174E8F7C0058B811 /* ImageGalleryViewDelegate.h */,
				4825F92E174E8F7C0058B811 /* ImageGalleryItemView.h */,
				4825F92F174E8F7C0058B811 /* ImageGalleryItemView.m */,
				4825F933174E8F7C0058B811 /* ProgressImageView.h */,
				4825F934174E8F7C0058B811 /* ProgressImageView.m */,
			);
			path = "Image Gallery";
			sourceTree = "<group>";
		};
		48383811171A036D00141F46 /* Stolpersteine API */ = {
			isa = PBXGroup;
			children = (
				48383812171A036D00141F46 /* StolpersteinTests.h */,
				48383813171A036D00141F46 /* StolpersteinTests.m */,
			);
			path = "Stolpersteine API";
			sourceTree = "<group>";
		};
		48633B8616C03F690057A317 /* iPhone */ = {
			isa = PBXGroup;
			children = (
				48633B8916C03F690057A317 /* MapViewController.h */,
				48633B8A16C03F690057A317 /* MapViewController.m */,
				48633B9516C03F690057A317 /* StolpersteinListViewController.h */,
				48633B9616C03F690057A317 /* StolpersteinListViewController.m */,
				48633B9316C03F690057A317 /* StolpersteinDetailViewController.h */,
				48633B9416C03F690057A317 /* StolpersteinDetailViewController.m */,
				48C02731172F05A50053B8E9 /* LinkedTextLabel.h */,
				48C02732172F05A50053B8E9 /* LinkedTextLabel.m */,
				4825F929174E8F7C0058B811 /* Image Gallery */,
			);
			path = iPhone;
			sourceTree = "<group>";
		};
		48633BA116C040520057A317 /* UI */ = {
			isa = PBXGroup;
			children = (
				4805808C16C19DF100C49272 /* MainStoryboard.storyboard */,
				48633BA216C040520057A317 /* InfoPlist.strings */,
				48633BAC16C041150057A317 /* Localizable.strings */,
				48BAF38316E926DE007250A0 /* Settings.bundle */,
			);
			path = UI;
			sourceTree = "<group>";
		};
		4879B6AC16E25490006593D8 /* Launch Images */ = {
			isa = PBXGroup;
			children = (
				4879B6AD16E25490006593D8 /* Default-568h@2x.png */,
				4879B6AE16E25490006593D8 /* Default.png */,
				4879B6AF16E25490006593D8 /* Default@2x.png */,
			);
			path = "Launch Images";
			sourceTree = "<group>";
		};
		4879B6B316E281D5006593D8 /* App Icons */ = {
			isa = PBXGroup;
			children = (
				4879B6B416E281D5006593D8 /* Icon-72.png */,
				4879B6B516E281D5006593D8 /* Icon-72@2x.png */,
				4879B6B616E281D5006593D8 /* Icon-Small-50.png */,
				4879B6B716E281D5006593D8 /* Icon-Small-50@2x.png */,
				4879B6B816E281D5006593D8 /* Icon-Small.png */,
				4879B6B916E281D5006593D8 /* Icon-Small@2x.png */,
				4879B6BA16E281D5006593D8 /* Icon.png */,
				4879B6BB16E281D5006593D8 /* Icon@2x.png */,
			);
			path = "App Icons";
			sourceTree = "<group>";
		};
		48A08C8716DBF380000A2470 /* Shared */ = {
			isa = PBXGroup;
			children = (
				4808CF411700C1E000E89E97 /* Clustering */,
				48383811171A036D00141F46 /* Stolpersteine API */,
				48A08C9216DBF620000A2470 /* LocalizationTests.h */,
				48A08C9316DBF620000A2470 /* LocalizationTests.m */,
			);
			path = Shared;
			sourceTree = "<group>";
		};
		6222BF2816A037CE006ED538 /* Stolpersteine Unit Tests */ = {
			isa = PBXGroup;
			children = (
				48A08C8716DBF380000A2470 /* Shared */,
				6222BF2916A037CE006ED538 /* Supporting Files */,
			);
			path = "Stolpersteine Unit Tests";
			sourceTree = "<group>";
		};
		6222BF2916A037CE006ED538 /* Supporting Files */ = {
			isa = PBXGroup;
			children = (
				6222BF2A16A037CE006ED538 /* Stolpersteine Unit Tests-Info.plist */,
				6222BF2B16A037CE006ED538 /* InfoPlist.strings */,
				6222BF3116A037CE006ED538 /* Stolpersteine Unit Tests-Prefix.pch */,
			);
			name = "Supporting Files";
			sourceTree = "<group>";
		};
		6243177116BFDF2400055933 /* Images */ = {
			isa = PBXGroup;
			children = (
				4896090E17417D4800597CAF /* icon-chevron.png */,
				4896090F17417D4800597CAF /* icon-chevron@2x.png */,
				4896091A1741807800597CAF /* icon-location-landscape.png */,
				4896091B1741807800597CAF /* icon-location-landscape@2x.png */,
				4896091C1741807800597CAF /* icon-location-portrait.png */,
				4896091D1741807800597CAF /* icon-location-portrait@2x.png */,
				489609341745675800597CAF /* icon-region-landscape.png */,
				489609351745675900597CAF /* icon-region-landscape@2x.png */,
				489609361745675D00597CAF /* icon-region-portrait.png */,
				489609371745676300597CAF /* icon-region-portrait@2x.png */,
				4896092A1741824800597CAF /* bar-button-landscape.png */,
				4896092B1741824900597CAF /* bar-button-landscape@2x.png */,
				4896092C1741824900597CAF /* bar-button-portrait.png */,
				4896092D1741824A00597CAF /* bar-button-portrait@2x.png */,
				4865313416E1253100E4A483 /* rounded-rect-frame.png */,
				4865313516E1253100E4A483 /* rounded-rect-frame@2x.png */,
				6243177216BFDF2400055933 /* image-frame.png */,
				6243177316BFDF2400055933 /* image-frame@2x.png */,
				62F147C717020B18003E7DAA /* navigation-bar-landscape.png */,
				62F147C817020B19003E7DAA /* navigation-bar-landscape@2x.png */,
				62F147C917020B19003E7DAA /* navigation-bar-portrait.png */,
				62F147CA17020B19003E7DAA /* navigation-bar-portrait@2x.png */,
				6243177416BFDF2400055933 /* search-text-field-clear-button-landscape.png */,
				6243177516BFDF2400055933 /* search-text-field-clear-button-landscape@2x.png */,
				6243177616BFDF2400055933 /* search-text-field-clear-button-portrait.png */,
				6243177716BFDF2400055933 /* search-text-field-clear-button-portrait@2x.png */,
				6243177816BFDF2400055933 /* search-text-field-landscape.png */,
				6243177916BFDF2400055933 /* search-text-field-landscape@2x.png */,
				6243177A16BFDF2400055933 /* search-text-field-magnifier-landscape.png */,
				6243177B16BFDF2400055933 /* search-text-field-magnifier-landscape@2x.png */,
				6243177C16BFDF2400055933 /* search-text-field-magnifier-portrait.png */,
				6243177D16BFDF2400055933 /* search-text-field-magnifier-portrait@2x.png */,
				6243177E16BFDF2400055933 /* search-text-field-portrait.png */,
				6243177F16BFDF2400055933 /* search-text-field-portrait@2x.png */,
			);
			path = Images;
			sourceTree = "<group>";
		};
		626BBF0E16AEB15600DEC6EA /* Resources */ = {
			isa = PBXGroup;
			children = (
				48633BA116C040520057A317 /* UI */,
				6243177116BFDF2400055933 /* Images */,
				4879B6AC16E25490006593D8 /* Launch Images */,
				4879B6B316E281D5006593D8 /* App Icons */,
			);
			name = Resources;
			path = Stolpersteine/Resources;
			sourceTree = SOURCE_ROOT;
		};
		627E43A7169B0F040065C1F1 = {
			isa = PBXGroup;
			children = (
				627E43BC169B0F050065C1F1 /* Stolpersteine */,
				6222BF2816A037CE006ED538 /* Stolpersteine Unit Tests */,
				480FFF8A16A0C6160012CCD5 /* Stolpersteine Integration Tests */,
				627E43B5169B0F050065C1F1 /* Frameworks */,
				627E43B3169B0F050065C1F1 /* Products */,
				90D265056EBE417F95BF08CA /* Pods.xcconfig */,
			);
			sourceTree = "<group>";
		};
		627E43B3169B0F050065C1F1 /* Products */ = {
			isa = PBXGroup;
			children = (
				627E43B2169B0F050065C1F1 /* Stolpersteine.app */,
				6222BF2316A037CE006ED538 /* Stolpersteine Unit Tests.octest */,
				480FFF8616A0C6150012CCD5 /* Stolpersteine Integration Tests.octest */,
			);
			name = Products;
			sourceTree = "<group>";
		};
		627E43B5169B0F050065C1F1 /* Frameworks */ = {
			isa = PBXGroup;
			children = (
				4805809416C5BD8800C49272 /* AddressBook.framework */,
				627A0B9E16BC007600CFA71E /* CoreData.framework */,
				484C8EE4169B609F001CEA59 /* CoreLocation.framework */,
				627E4404169B273D0065C1F1 /* MobileCoreServices.framework */,
				627E4402169B27360065C1F1 /* SystemConfiguration.framework */,
				627E43D9169B0FFC0065C1F1 /* MapKit.framework */,
				627E43B6169B0F050065C1F1 /* UIKit.framework */,
				627E43B8169B0F050065C1F1 /* Foundation.framework */,
				627E43BA169B0F050065C1F1 /* CoreGraphics.framework */,
				6222BF2416A037CE006ED538 /* SenTestingKit.framework */,
				195B6404122D49D18523AE52 /* libPods.a */,
				6205ED95175E023000482DF9 /* libPods.a */,
				6205ED93175E021D00482DF9 /* libPods.a */,
			);
			name = Frameworks;
			sourceTree = "<group>";
		};
		627E43BC169B0F050065C1F1 /* Stolpersteine */ = {
			isa = PBXGroup;
			children = (
				48633B8616C03F690057A317 /* iPhone */,
				627E43E3169B270B0065C1F1 /* Shared */,
				626BBF0E16AEB15600DEC6EA /* Resources */,
				627E43BD169B0F050065C1F1 /* Supporting Files */,
			);
			path = Stolpersteine;
			sourceTree = "<group>";
		};
		627E43BD169B0F050065C1F1 /* Supporting Files */ = {
			isa = PBXGroup;
			children = (
				627E43BE169B0F050065C1F1 /* Stolpersteine-Info.plist */,
				48C0272C172B024F0053B8E9 /* Stolpersteine-Config.plist */,
				627E43C2169B0F050065C1F1 /* main.m */,
				627E43C4169B0F050065C1F1 /* Stolpersteine-Prefix.pch */,
				620B6C44171847550035C2AC /* buildnumber_dynamic.xcconfig */,
				620B6C46171848E30035C2AC /* buildnumber_fixed.xcconfig */,
			);
			name = "Supporting Files";
			sourceTree = "<group>";
		};
		627E43E3169B270B0065C1F1 /* Shared */ = {
			isa = PBXGroup;
			children = (
				48633B9E16C03FCE0057A317 /* AppDelegate.h */,
				48633B9F16C03FCE0057A317 /* AppDelegate.m */,
				48A08C8E16DBF5A5000A2470 /* Localization.h */,
				48A08C8F16DBF5A5000A2470 /* Localization.m */,
				48BAF38616E9405C007250A0 /* DiagnosticsService.h */,
				48BAF38716E9405C007250A0 /* DiagnosticsService.m */,
				62F147BB170202A1003E7DAA /* Search Bar */,
				4808CF3616FCFE4C00E89E97 /* Clustering */,
				627E442F169C41EC0065C1F1 /* Stolpersteine API */,
			);
			path = Shared;
			sourceTree = "<group>";
		};
		627E442F169C41EC0065C1F1 /* Stolpersteine API */ = {
			isa = PBXGroup;
			children = (
				627E4430169C420A0065C1F1 /* StolpersteinNetworkService.h */,
				627E4431169C420A0065C1F1 /* StolpersteinNetworkService.m */,
				6222BEFF16A030E5006ED538 /* NSDictionary+Parsing.h */,
				6222BF0016A030E5006ED538 /* NSDictionary+Parsing.m */,
				627E4436169C43970065C1F1 /* Stolperstein.h */,
				627E4437169C43970065C1F1 /* Stolperstein.m */,
				48AC6D6E16BF0964004C4AF4 /* StolpersteinSearchData.h */,
				48AC6D6F16BF0964004C4AF4 /* StolpersteinSearchData.m */,
			);
			path = "Stolpersteine API";
			sourceTree = "<group>";
		};
		62F147BB170202A1003E7DAA /* Search Bar */ = {
			isa = PBXGroup;
			children = (
				62F147BC170202A1003E7DAA /* SearchBar.h */,
				62F147BD170202A1003E7DAA /* SearchBar.m */,
				62F147BE170202A1003E7DAA /* SearchBarDelegate.h */,
				62F147BF170202A1003E7DAA /* SearchDisplayController.h */,
				62F147C0170202A1003E7DAA /* SearchDisplayController.m */,
				62F147C1170202A1003E7DAA /* SearchDisplayControllerDelegate.h */,
				62F147C2170202A1003E7DAA /* SearchTextField.h */,
				62F147C3170202A1003E7DAA /* SearchTextField.m */,
			);
			path = "Search Bar";
			sourceTree = "<group>";
		};
/* End PBXGroup section */

/* Begin PBXNativeTarget section */
		480FFF8516A0C6150012CCD5 /* Stolpersteine Integration Tests */ = {
			isa = PBXNativeTarget;
			buildConfigurationList = 480FFF9616A0C6160012CCD5 /* Build configuration list for PBXNativeTarget "Stolpersteine Integration Tests" */;
			buildPhases = (
				480FFF8116A0C6150012CCD5 /* Sources */,
				480FFF8216A0C6150012CCD5 /* Frameworks */,
				480FFF8316A0C6150012CCD5 /* Resources */,
				480FFF8416A0C6150012CCD5 /* ShellScript */,
			);
			buildRules = (
			);
			dependencies = (
			);
			name = "Stolpersteine Integration Tests";
			productName = "Stolpersteine Integration Tests";
			productReference = 480FFF8616A0C6150012CCD5 /* Stolpersteine Integration Tests.octest */;
			productType = "com.apple.product-type.bundle";
		};
		6222BF2216A037CE006ED538 /* Stolpersteine Unit Tests */ = {
			isa = PBXNativeTarget;
			buildConfigurationList = 6222BF3216A037CE006ED538 /* Build configuration list for PBXNativeTarget "Stolpersteine Unit Tests" */;
			buildPhases = (
				6222BF1E16A037CE006ED538 /* Sources */,
				6222BF1F16A037CE006ED538 /* Frameworks */,
				6222BF2016A037CE006ED538 /* Resources */,
				6222BF2116A037CE006ED538 /* ShellScript */,
			);
			buildRules = (
			);
			dependencies = (
			);
			name = "Stolpersteine Unit Tests";
			productName = "Stolpersteine Unit Tests";
			productReference = 6222BF2316A037CE006ED538 /* Stolpersteine Unit Tests.octest */;
			productType = "com.apple.product-type.bundle";
		};
		627E43B1169B0F050065C1F1 /* Stolpersteine */ = {
			isa = PBXNativeTarget;
			buildConfigurationList = 627E43D6169B0F050065C1F1 /* Build configuration list for PBXNativeTarget "Stolpersteine" */;
			buildPhases = (
				2F6635C216FD4FBD8E884A37 /* Check Pods Manifest.lock */,
				627E43AE169B0F050065C1F1 /* Sources */,
				627E43AF169B0F050065C1F1 /* Frameworks */,
				627E43B0169B0F050065C1F1 /* Resources */,
				62C5C8961718654D00949659 /* ShellScript */,
				48BAF38516E92AAB007250A0 /* ShellScript */,
				285A05C6FE1C454AB4BAF7C0 /* Copy Pods Resources */,
			);
			buildRules = (
			);
			dependencies = (
			);
			name = Stolpersteine;
			productName = Stolpersteine;
			productReference = 627E43B2169B0F050065C1F1 /* Stolpersteine.app */;
			productType = "com.apple.product-type.application";
		};
/* End PBXNativeTarget section */

/* Begin PBXProject section */
		627E43A9169B0F050065C1F1 /* Project object */ = {
			isa = PBXProject;
			attributes = {
				LastUpgradeCheck = 0450;
				ORGANIZATIONNAME = "Option-U Software";
			};
			buildConfigurationList = 627E43AC169B0F050065C1F1 /* Build configuration list for PBXProject "Stolpersteine" */;
			compatibilityVersion = "Xcode 3.2";
			developmentRegion = English;
			hasScannedForEncodings = 0;
			knownRegions = (
				en,
				de,
			);
			mainGroup = 627E43A7169B0F040065C1F1;
			productRefGroup = 627E43B3169B0F050065C1F1 /* Products */;
			projectDirPath = "";
			projectRoot = "";
			targets = (
				627E43B1169B0F050065C1F1 /* Stolpersteine */,
				6222BF2216A037CE006ED538 /* Stolpersteine Unit Tests */,
				480FFF8516A0C6150012CCD5 /* Stolpersteine Integration Tests */,
			);
		};
/* End PBXProject section */

/* Begin PBXResourcesBuildPhase section */
		480FFF8316A0C6150012CCD5 /* Resources */ = {
			isa = PBXResourcesBuildPhase;
			buildActionMask = 2147483647;
			files = (
				480FFF8F16A0C6160012CCD5 /* InfoPlist.strings in Resources */,
			);
			runOnlyForDeploymentPostprocessing = 0;
		};
		6222BF2016A037CE006ED538 /* Resources */ = {
			isa = PBXResourcesBuildPhase;
			buildActionMask = 2147483647;
			files = (
				6222BF2D16A037CE006ED538 /* InfoPlist.strings in Resources */,
			);
			runOnlyForDeploymentPostprocessing = 0;
		};
		627E43B0169B0F050065C1F1 /* Resources */ = {
			isa = PBXResourcesBuildPhase;
			buildActionMask = 2147483647;
			files = (
				6243178016BFDF2400055933 /* image-frame.png in Resources */,
				6243178116BFDF2400055933 /* image-frame@2x.png in Resources */,
				6243178216BFDF2400055933 /* search-text-field-clear-button-landscape.png in Resources */,
				6243178316BFDF2400055933 /* search-text-field-clear-button-landscape@2x.png in Resources */,
				6243178416BFDF2400055933 /* search-text-field-clear-button-portrait.png in Resources */,
				6243178516BFDF2400055933 /* search-text-field-clear-button-portrait@2x.png in Resources */,
				6243178616BFDF2400055933 /* search-text-field-landscape.png in Resources */,
				6243178716BFDF2400055933 /* search-text-field-landscape@2x.png in Resources */,
				6243178816BFDF2400055933 /* search-text-field-magnifier-landscape.png in Resources */,
				6243178916BFDF2400055933 /* search-text-field-magnifier-landscape@2x.png in Resources */,
				6243178A16BFDF2400055933 /* search-text-field-magnifier-portrait.png in Resources */,
				6243178B16BFDF2400055933 /* search-text-field-magnifier-portrait@2x.png in Resources */,
				6243178C16BFDF2400055933 /* search-text-field-portrait.png in Resources */,
				6243178D16BFDF2400055933 /* search-text-field-portrait@2x.png in Resources */,
				48633BA616C040520057A317 /* InfoPlist.strings in Resources */,
				48633BAA16C041150057A317 /* Localizable.strings in Resources */,
				4805808D16C19DF100C49272 /* MainStoryboard.storyboard in Resources */,
				4865313816E1253100E4A483 /* rounded-rect-frame.png in Resources */,
				4865313916E1253100E4A483 /* rounded-rect-frame@2x.png in Resources */,
				4879B6B016E25490006593D8 /* Default-568h@2x.png in Resources */,
				4879B6B116E25490006593D8 /* Default.png in Resources */,
				4879B6B216E25490006593D8 /* Default@2x.png in Resources */,
				4879B6BC16E281D5006593D8 /* Icon-72.png in Resources */,
				4879B6BD16E281D5006593D8 /* Icon-72@2x.png in Resources */,
				4879B6BE16E281D5006593D8 /* Icon-Small-50.png in Resources */,
				4879B6BF16E281D5006593D8 /* Icon-Small-50@2x.png in Resources */,
				4879B6C016E281D5006593D8 /* Icon-Small.png in Resources */,
				4879B6C116E281D5006593D8 /* Icon-Small@2x.png in Resources */,
				4879B6C216E281D5006593D8 /* Icon.png in Resources */,
				4879B6C316E281D5006593D8 /* Icon@2x.png in Resources */,
				48BAF38416E926DE007250A0 /* Settings.bundle in Resources */,
				62F147CB17020B19003E7DAA /* navigation-bar-landscape.png in Resources */,
				62F147CC17020B19003E7DAA /* navigation-bar-landscape@2x.png in Resources */,
				62F147CD17020B19003E7DAA /* navigation-bar-portrait.png in Resources */,
				62F147CE17020B19003E7DAA /* navigation-bar-portrait@2x.png in Resources */,
				48C0272D172B024F0053B8E9 /* Stolpersteine-Config.plist in Resources */,
				4896091417417D4A00597CAF /* icon-chevron.png in Resources */,
				4896091517417D4A00597CAF /* icon-chevron@2x.png in Resources */,
				4896091E1741807900597CAF /* icon-location-landscape.png in Resources */,
				4896091F1741807900597CAF /* icon-location-landscape@2x.png in Resources */,
				489609201741807900597CAF /* icon-location-portrait.png in Resources */,
				489609211741807900597CAF /* icon-location-portrait@2x.png in Resources */,
				4896092E1741824A00597CAF /* bar-button-landscape.png in Resources */,
				4896092F1741824A00597CAF /* bar-button-landscape@2x.png in Resources */,
				489609301741824A00597CAF /* bar-button-portrait.png in Resources */,
				489609311741824A00597CAF /* bar-button-portrait@2x.png in Resources */,
				489609381745676C00597CAF /* icon-region-landscape.png in Resources */,
				489609391745676C00597CAF /* icon-region-landscape@2x.png in Resources */,
				4896093A1745676C00597CAF /* icon-region-portrait.png in Resources */,
				4896093B1745676C00597CAF /* icon-region-portrait@2x.png in Resources */,
			);
			runOnlyForDeploymentPostprocessing = 0;
		};
/* End PBXResourcesBuildPhase section */

/* Begin PBXShellScriptBuildPhase section */
		285A05C6FE1C454AB4BAF7C0 /* Copy Pods Resources */ = {
			isa = PBXShellScriptBuildPhase;
			buildActionMask = 2147483647;
			files = (
			);
			inputPaths = (
			);
			name = "Copy Pods Resources";
			outputPaths = (
			);
			runOnlyForDeploymentPostprocessing = 0;
			shellPath = /bin/sh;
			shellScript = "\"${SRCROOT}/Pods/Pods-resources.sh\"\n";
		};
		2F6635C216FD4FBD8E884A37 /* Check Pods Manifest.lock */ = {
			isa = PBXShellScriptBuildPhase;
			buildActionMask = 2147483647;
			files = (
			);
			inputPaths = (
			);
			name = "Check Pods Manifest.lock";
			outputPaths = (
			);
			runOnlyForDeploymentPostprocessing = 0;
			shellPath = /bin/sh;
			shellScript = "diff \"${PODS_ROOT}/../Podfile.lock\" \"${PODS_ROOT}/Manifest.lock\" > /dev/null\nif [[ $? != 0 ]] ; then\n    cat << EOM\nerror: The sandbox is not in sync with the Podfile.lock. Run 'pod install' or update your CocoaPods installation.\nEOM\n    exit 1\nfi\n";
		};
		480FFF8416A0C6150012CCD5 /* ShellScript */ = {
			isa = PBXShellScriptBuildPhase;
			buildActionMask = 2147483647;
			files = (
			);
			inputPaths = (
			);
			outputPaths = (
			);
			runOnlyForDeploymentPostprocessing = 0;
			shellPath = /bin/sh;
			shellScript = "# Run the unit tests in this test bundle.\n\"${SYSTEM_DEVELOPER_DIR}/Tools/RunUnitTests\"\n";
		};
		48BAF38516E92AAB007250A0 /* ShellScript */ = {
			isa = PBXShellScriptBuildPhase;
			buildActionMask = 2147483647;
			files = (
			);
			inputPaths = (
			);
			outputPaths = (
			);
			runOnlyForDeploymentPostprocessing = 0;
			shellPath = /bin/sh;
			shellScript = "# Copy version information into Settings.bundle\nshortVersion=`/usr/libexec/PlistBuddy -c \"Print CFBundleShortVersionString\" $SRCROOT/$INFOPLIST_FILE`\n#version=`/usr/libexec/PlistBuddy -c \"Print CFBundleVersion\" $SRCROOT/$INFOPLIST_FILE`\nversion=$BUILD_NUMBER\necho \"Stolpersteine \"$shortVersion\" (\"$version\")\"\n/usr/libexec/PlistBuddy -c \"Set :PreferenceSpecifiers:1:DefaultValue $shortVersion ($version)\" \"$BUILT_PRODUCTS_DIR/Stolpersteine.app/Settings.bundle/Root.plist\"\n\n# Copy version information into Info.plist\n/usr/libexec/PlistBuddy \"$BUILT_PRODUCTS_DIR/$INFOPLIST_PATH\" -c \"set :CFBundleVersion $BUILD_NUMBER\"";
		};
		6222BF2116A037CE006ED538 /* ShellScript */ = {
			isa = PBXShellScriptBuildPhase;
			buildActionMask = 2147483647;
			files = (
			);
			inputPaths = (
			);
			outputPaths = (
			);
			runOnlyForDeploymentPostprocessing = 0;
			shellPath = /bin/sh;
			shellScript = "# Run the unit tests in this test bundle.\n\"${SYSTEM_DEVELOPER_DIR}/Tools/RunUnitTests\"\n";
		};
		62C5C8961718654D00949659 /* ShellScript */ = {
			isa = PBXShellScriptBuildPhase;
			buildActionMask = 2147483647;
			files = (
			);
			inputPaths = (
			);
			outputPaths = (
			);
			runOnlyForDeploymentPostprocessing = 0;
			shellPath = /bin/sh;
			shellScript = "if [ \"$CONFIGURATION\" == \"Distribution\" ]\n    # Increment version number\n    then /usr/bin/perl -pe 's/(BUILD_NUMBER = )(\\d+)/$1.($2+1)/eg' -i $SRCROOT/Stolpersteine/buildnumber_dynamic.xcconfig\nfi";
		};
/* End PBXShellScriptBuildPhase section */

/* Begin PBXSourcesBuildPhase section */
		480FFF8116A0C6150012CCD5 /* Sources */ = {
			isa = PBXSourcesBuildPhase;
			buildActionMask = 2147483647;
			files = (
				480FFF9B16A0C6890012CCD5 /* StolpersteineNetworkServiceTests.m in Sources */,
				480FFF9F16A0C79D0012CCD5 /* StolpersteinNetworkService.m in Sources */,
				480FFFA016A0C79D0012CCD5 /* NSDictionary+Parsing.m in Sources */,
				480FFFA116A0C79D0012CCD5 /* Stolperstein.m in Sources */,
				48AC6D7216BF0964004C4AF4 /* StolpersteinSearchData.m in Sources */,
			);
			runOnlyForDeploymentPostprocessing = 0;
		};
		6222BF1E16A037CE006ED538 /* Sources */ = {
			isa = PBXSourcesBuildPhase;
			buildActionMask = 2147483647;
			files = (
				6222BF3916A043B2006ED538 /* StolpersteinNetworkService.m in Sources */,
				6222BF3A16A043B2006ED538 /* NSDictionary+Parsing.m in Sources */,
				6222BF3B16A043B2006ED538 /* Stolperstein.m in Sources */,
				48AC6D7116BF0964004C4AF4 /* StolpersteinSearchData.m in Sources */,
				48A08C9116DBF5A5000A2470 /* Localization.m in Sources */,
				48A08C9416DBF620000A2470 /* LocalizationTests.m in Sources */,
				4808CF4016FCFF1600E89E97 /* MapClusterControllerUtils.m in Sources */,
				4808CF441700C1E000E89E97 /* MapClusterControllerUtilsTests.m in Sources */,
				4808CF451700C21600E89E97 /* MapClusterAnnotation.m in Sources */,
				48383814171A036D00141F46 /* StolpersteinTests.m in Sources */,
			);
			runOnlyForDeploymentPostprocessing = 0;
		};
		627E43AE169B0F050065C1F1 /* Sources */ = {
			isa = PBXSourcesBuildPhase;
			buildActionMask = 2147483647;
			files = (
				627E43C3169B0F050065C1F1 /* main.m in Sources */,
				627E4432169C420A0065C1F1 /* StolpersteinNetworkService.m in Sources */,
				627E4438169C43970065C1F1 /* Stolperstein.m in Sources */,
				6222BF0116A030E5006ED538 /* NSDictionary+Parsing.m in Sources */,
				48AC6D7016BF0964004C4AF4 /* StolpersteinSearchData.m in Sources */,
				48633B9816C03F690057A317 /* MapViewController.m in Sources */,
				48633B9C16C03F690057A317 /* StolpersteinDetailViewController.m in Sources */,
				48633B9D16C03F690057A317 /* StolpersteinListViewController.m in Sources */,
				48633BA016C03FCE0057A317 /* AppDelegate.m in Sources */,
				48A08C9016DBF5A5000A2470 /* Localization.m in Sources */,
				48BAF38816E9405C007250A0 /* DiagnosticsService.m in Sources */,
				4808CF3D16FCFE4C00E89E97 /* MapClusterAnnotation.m in Sources */,
				4808CF3E16FCFE4C00E89E97 /* MapClusterController.m in Sources */,
				4808CF3F16FCFE4C00E89E97 /* MapClusterControllerUtils.m in Sources */,
				62F147C4170202A1003E7DAA /* SearchBar.m in Sources */,
				62F147C5170202A1003E7DAA /* SearchDisplayController.m in Sources */,
				62F147C6170202A1003E7DAA /* SearchTextField.m in Sources */,
				48C02733172F05A50053B8E9 /* LinkedTextLabel.m in Sources */,
				4825F935174E8F7C0058B811 /* FullScreenImageGallerySegue.m in Sources */,
				4825F937174E8F7C0058B811 /* ImageGalleryItemView.m in Sources */,
				4825F938174E8F7C0058B811 /* ImageGalleryView.m in Sources */,
				4825F939174E8F7C0058B811 /* ProgressImageView.m in Sources */,
			);
			runOnlyForDeploymentPostprocessing = 0;
		};
/* End PBXSourcesBuildPhase section */

/* Begin PBXVariantGroup section */
		480FFF8D16A0C6160012CCD5 /* InfoPlist.strings */ = {
			isa = PBXVariantGroup;
			children = (
				480FFF8E16A0C6160012CCD5 /* en */,
			);
			name = InfoPlist.strings;
			sourceTree = "<group>";
		};
		48633BA216C040520057A317 /* InfoPlist.strings */ = {
			isa = PBXVariantGroup;
			children = (
				48633BA316C040520057A317 /* en */,
				48633BB116C046180057A317 /* de */,
			);
			name = InfoPlist.strings;
			sourceTree = "<group>";
		};
		48633BAC16C041150057A317 /* Localizable.strings */ = {
			isa = PBXVariantGroup;
			children = (
				48633BAB16C041150057A317 /* en */,
				48633BB216C046180057A317 /* de */,
			);
			name = Localizable.strings;
			sourceTree = "<group>";
		};
		6222BF2B16A037CE006ED538 /* InfoPlist.strings */ = {
			isa = PBXVariantGroup;
			children = (
				6222BF2C16A037CE006ED538 /* en */,
			);
			name = InfoPlist.strings;
			sourceTree = "<group>";
		};
/* End PBXVariantGroup section */

/* Begin XCBuildConfiguration section */
		480FFF9416A0C6160012CCD5 /* Debug */ = {
			isa = XCBuildConfiguration;
			baseConfigurationReference = 90D265056EBE417F95BF08CA /* Pods.xcconfig */;
			buildSettings = {
				FRAMEWORK_SEARCH_PATHS = (
					"\"$(SDKROOT)/Developer/Library/Frameworks\"",
					"\"$(DEVELOPER_LIBRARY_DIR)/Frameworks\"",
				);
				GCC_PRECOMPILE_PREFIX_HEADER = YES;
				GCC_PREFIX_HEADER = "Stolpersteine Integration Tests/Stolpersteine Integration Tests-Prefix.pch";
				INFOPLIST_FILE = "Stolpersteine Integration Tests/Stolpersteine Integration Tests-Info.plist";
				PRODUCT_NAME = "$(TARGET_NAME)";
				WRAPPER_EXTENSION = octest;
			};
			name = Debug;
		};
		480FFF9516A0C6160012CCD5 /* Release */ = {
			isa = XCBuildConfiguration;
			baseConfigurationReference = 90D265056EBE417F95BF08CA /* Pods.xcconfig */;
			buildSettings = {
				FRAMEWORK_SEARCH_PATHS = (
					"\"$(SDKROOT)/Developer/Library/Frameworks\"",
					"\"$(DEVELOPER_LIBRARY_DIR)/Frameworks\"",
				);
				GCC_PRECOMPILE_PREFIX_HEADER = YES;
				GCC_PREFIX_HEADER = "Stolpersteine Integration Tests/Stolpersteine Integration Tests-Prefix.pch";
				INFOPLIST_FILE = "Stolpersteine Integration Tests/Stolpersteine Integration Tests-Info.plist";
				PRODUCT_NAME = "$(TARGET_NAME)";
				WRAPPER_EXTENSION = octest;
			};
			name = Release;
		};
		485E564417286B800038783C /* Distribution */ = {
			isa = XCBuildConfiguration;
			baseConfigurationReference = 620B6C44171847550035C2AC /* buildnumber_dynamic.xcconfig */;
			buildSettings = {
				ALWAYS_SEARCH_USER_PATHS = NO;
				CLANG_CXX_LANGUAGE_STANDARD = "gnu++0x";
				CLANG_CXX_LIBRARY = "libc++";
				CLANG_ENABLE_OBJC_ARC = YES;
				CLANG_WARN_EMPTY_BODY = YES;
				CLANG_WARN__DUPLICATE_METHOD_MATCH = YES;
				CODE_SIGN_IDENTITY = "iPhone Distribution";
				"CODE_SIGN_IDENTITY[sdk=iphoneos*]" = "iPhone Distribution";
				COPY_PHASE_STRIP = YES;
				GCC_C_LANGUAGE_STANDARD = gnu99;
				GCC_WARN_ABOUT_RETURN_TYPE = YES;
				GCC_WARN_UNINITIALIZED_AUTOS = YES;
				GCC_WARN_UNUSED_VARIABLE = YES;
				IPHONEOS_DEPLOYMENT_TARGET = 6.0;
				OTHER_CFLAGS = "-DNS_BLOCK_ASSERTIONS=1";
				PROVISIONING_PROFILE = "";
				"PROVISIONING_PROFILE[sdk=iphoneos*]" = "";
				SDKROOT = iphoneos;
				VALIDATE_PRODUCT = YES;
				WARNING_CFLAGS = (
					"-Wall",
					"-Wextra",
					"-Wno-unused-parameter",
					"-Wno-sign-compare",
				);
			};
			name = Distribution;
		};
		485E564517286B800038783C /* Distribution */ = {
			isa = XCBuildConfiguration;
			baseConfigurationReference = 90D265056EBE417F95BF08CA /* Pods.xcconfig */;
			buildSettings = {
				GCC_PRECOMPILE_PREFIX_HEADER = YES;
				GCC_PREFIX_HEADER = "Stolpersteine/Stolpersteine-Prefix.pch";
				INFOPLIST_FILE = "Stolpersteine/Stolpersteine-Info.plist";
				LIBRARY_SEARCH_PATHS = (
					"$(inherited)",
					"\"$(SRCROOT)/Stolpersteine/Shared/Google Analytics 2.0beta4\"",
				);
				PRODUCT_NAME = "$(TARGET_NAME)";
				WRAPPER_EXTENSION = app;
			};
			name = Distribution;
		};
		485E564617286B800038783C /* Distribution */ = {
			isa = XCBuildConfiguration;
			baseConfigurationReference = 90D265056EBE417F95BF08CA /* Pods.xcconfig */;
			buildSettings = {
				FRAMEWORK_SEARCH_PATHS = (
					"\"$(SDKROOT)/Developer/Library/Frameworks\"",
					"\"$(DEVELOPER_LIBRARY_DIR)/Frameworks\"",
				);
				GCC_PRECOMPILE_PREFIX_HEADER = YES;
				GCC_PREFIX_HEADER = "Stolpersteine Unit Tests/Stolpersteine Unit Tests-Prefix.pch";
				INFOPLIST_FILE = "Stolpersteine Unit Tests/Stolpersteine Unit Tests-Info.plist";
				PRODUCT_NAME = "$(TARGET_NAME)";
				WRAPPER_EXTENSION = octest;
			};
			name = Distribution;
		};
		485E564717286B800038783C /* Distribution */ = {
			isa = XCBuildConfiguration;
			baseConfigurationReference = 90D265056EBE417F95BF08CA /* Pods.xcconfig */;
			buildSettings = {
				FRAMEWORK_SEARCH_PATHS = (
					"\"$(SDKROOT)/Developer/Library/Frameworks\"",
					"\"$(DEVELOPER_LIBRARY_DIR)/Frameworks\"",
				);
				GCC_PRECOMPILE_PREFIX_HEADER = YES;
				GCC_PREFIX_HEADER = "Stolpersteine Integration Tests/Stolpersteine Integration Tests-Prefix.pch";
				INFOPLIST_FILE = "Stolpersteine Integration Tests/Stolpersteine Integration Tests-Info.plist";
				PRODUCT_NAME = "$(TARGET_NAME)";
				WRAPPER_EXTENSION = octest;
			};
			name = Distribution;
		};
		6222BF3316A037CE006ED538 /* Debug */ = {
			isa = XCBuildConfiguration;
			baseConfigurationReference = 90D265056EBE417F95BF08CA /* Pods.xcconfig */;
			buildSettings = {
				FRAMEWORK_SEARCH_PATHS = (
					"\"$(SDKROOT)/Developer/Library/Frameworks\"",
					"\"$(DEVELOPER_LIBRARY_DIR)/Frameworks\"",
				);
				GCC_PRECOMPILE_PREFIX_HEADER = YES;
				GCC_PREFIX_HEADER = "Stolpersteine Unit Tests/Stolpersteine Unit Tests-Prefix.pch";
				INFOPLIST_FILE = "Stolpersteine Unit Tests/Stolpersteine Unit Tests-Info.plist";
				PRODUCT_NAME = "$(TARGET_NAME)";
				WRAPPER_EXTENSION = octest;
			};
			name = Debug;
		};
		6222BF3416A037CE006ED538 /* Release */ = {
			isa = XCBuildConfiguration;
			baseConfigurationReference = 90D265056EBE417F95BF08CA /* Pods.xcconfig */;
			buildSettings = {
				FRAMEWORK_SEARCH_PATHS = (
					"\"$(SDKROOT)/Developer/Library/Frameworks\"",
					"\"$(DEVELOPER_LIBRARY_DIR)/Frameworks\"",
				);
				GCC_PRECOMPILE_PREFIX_HEADER = YES;
				GCC_PREFIX_HEADER = "Stolpersteine Unit Tests/Stolpersteine Unit Tests-Prefix.pch";
				INFOPLIST_FILE = "Stolpersteine Unit Tests/Stolpersteine Unit Tests-Info.plist";
				PRODUCT_NAME = "$(TARGET_NAME)";
				WRAPPER_EXTENSION = octest;
			};
			name = Release;
		};
		627E43D4169B0F050065C1F1 /* Debug */ = {
			isa = XCBuildConfiguration;
			baseConfigurationReference = 620B6C46171848E30035C2AC /* buildnumber_fixed.xcconfig */;
			buildSettings = {
				ALWAYS_SEARCH_USER_PATHS = NO;
				CLANG_CXX_LANGUAGE_STANDARD = "gnu++0x";
				CLANG_CXX_LIBRARY = "libc++";
				CLANG_ENABLE_OBJC_ARC = YES;
				CLANG_WARN_EMPTY_BODY = YES;
				CLANG_WARN__DUPLICATE_METHOD_MATCH = YES;
				"CODE_SIGN_IDENTITY[sdk=iphoneos*]" = "iPhone Developer";
				COPY_PHASE_STRIP = NO;
				GCC_C_LANGUAGE_STANDARD = gnu99;
				GCC_DYNAMIC_NO_PIC = NO;
				GCC_OPTIMIZATION_LEVEL = 0;
				GCC_PREPROCESSOR_DEFINITIONS = (
					"DEBUG=1",
					"$(inherited)",
				);
				GCC_SYMBOLS_PRIVATE_EXTERN = NO;
				GCC_WARN_ABOUT_RETURN_TYPE = YES;
				GCC_WARN_UNINITIALIZED_AUTOS = YES;
				GCC_WARN_UNUSED_VARIABLE = YES;
				IPHONEOS_DEPLOYMENT_TARGET = 6.0;
				ONLY_ACTIVE_ARCH = YES;
				SDKROOT = iphoneos;
				WARNING_CFLAGS = (
					"-Wall",
					"-Wextra",
					"-Wno-unused-parameter",
					"-Wno-sign-compare",
				);
			};
			name = Debug;
		};
		627E43D5169B0F050065C1F1 /* Release */ = {
			isa = XCBuildConfiguration;
			baseConfigurationReference = 620B6C46171848E30035C2AC /* buildnumber_fixed.xcconfig */;
			buildSettings = {
				ALWAYS_SEARCH_USER_PATHS = NO;
				CLANG_CXX_LANGUAGE_STANDARD = "gnu++0x";
				CLANG_CXX_LIBRARY = "libc++";
				CLANG_ENABLE_OBJC_ARC = YES;
				CLANG_WARN_EMPTY_BODY = YES;
				CLANG_WARN__DUPLICATE_METHOD_MATCH = YES;
				"CODE_SIGN_IDENTITY[sdk=iphoneos*]" = "iPhone Developer";
				COPY_PHASE_STRIP = YES;
				GCC_C_LANGUAGE_STANDARD = gnu99;
				GCC_WARN_ABOUT_RETURN_TYPE = YES;
				GCC_WARN_UNINITIALIZED_AUTOS = YES;
				GCC_WARN_UNUSED_VARIABLE = YES;
				IPHONEOS_DEPLOYMENT_TARGET = 6.0;
				OTHER_CFLAGS = "-DNS_BLOCK_ASSERTIONS=1";
				SDKROOT = iphoneos;
				VALIDATE_PRODUCT = YES;
				WARNING_CFLAGS = (
					"-Wall",
					"-Wextra",
					"-Wno-unused-parameter",
					"-Wno-sign-compare",
				);
			};
			name = Release;
		};
		627E43D7169B0F050065C1F1 /* Debug */ = {
			isa = XCBuildConfiguration;
			baseConfigurationReference = 90D265056EBE417F95BF08CA /* Pods.xcconfig */;
			buildSettings = {
				GCC_PRECOMPILE_PREFIX_HEADER = YES;
				GCC_PREFIX_HEADER = "Stolpersteine/Stolpersteine-Prefix.pch";
				INFOPLIST_FILE = "Stolpersteine/Stolpersteine-Info.plist";
				LIBRARY_SEARCH_PATHS = (
					"$(inherited)",
					"\"$(SRCROOT)/Stolpersteine/Shared/Google Analytics 2.0beta4\"",
				);
				PRODUCT_NAME = "$(TARGET_NAME)";
				WRAPPER_EXTENSION = app;
			};
			name = Debug;
		};
		627E43D8169B0F050065C1F1 /* Release */ = {
			isa = XCBuildConfiguration;
			baseConfigurationReference = 90D265056EBE417F95BF08CA /* Pods.xcconfig */;
			buildSettings = {
				GCC_PRECOMPILE_PREFIX_HEADER = YES;
				GCC_PREFIX_HEADER = "Stolpersteine/Stolpersteine-Prefix.pch";
				INFOPLIST_FILE = "Stolpersteine/Stolpersteine-Info.plist";
				LIBRARY_SEARCH_PATHS = (
					"$(inherited)",
					"\"$(SRCROOT)/Stolpersteine/Shared/Google Analytics 2.0beta4\"",
				);
				PRODUCT_NAME = "$(TARGET_NAME)";
				WRAPPER_EXTENSION = app;
			};
			name = Release;
		};
/* End XCBuildConfiguration section */

/* Begin XCConfigurationList section */
		480FFF9616A0C6160012CCD5 /* Build configuration list for PBXNativeTarget "Stolpersteine Integration Tests" */ = {
			isa = XCConfigurationList;
			buildConfigurations = (
				480FFF9416A0C6160012CCD5 /* Debug */,
				480FFF9516A0C6160012CCD5 /* Release */,
				485E564717286B800038783C /* Distribution */,
			);
			defaultConfigurationIsVisible = 0;
			defaultConfigurationName = Release;
		};
		6222BF3216A037CE006ED538 /* Build configuration list for PBXNativeTarget "Stolpersteine Unit Tests" */ = {
			isa = XCConfigurationList;
			buildConfigurations = (
				6222BF3316A037CE006ED538 /* Debug */,
				6222BF3416A037CE006ED538 /* Release */,
				485E564617286B800038783C /* Distribution */,
			);
			defaultConfigurationIsVisible = 0;
			defaultConfigurationName = Release;
		};
		627E43AC169B0F050065C1F1 /* Build configuration list for PBXProject "Stolpersteine" */ = {
			isa = XCConfigurationList;
			buildConfigurations = (
				627E43D4169B0F050065C1F1 /* Debug */,
				627E43D5169B0F050065C1F1 /* Release */,
				485E564417286B800038783C /* Distribution */,
			);
			defaultConfigurationIsVisible = 0;
			defaultConfigurationName = Release;
		};
		627E43D6169B0F050065C1F1 /* Build configuration list for PBXNativeTarget "Stolpersteine" */ = {
			isa = XCConfigurationList;
			buildConfigurations = (
				627E43D7169B0F050065C1F1 /* Debug */,
				627E43D8169B0F050065C1F1 /* Release */,
				485E564517286B800038783C /* Distribution */,
			);
			defaultConfigurationIsVisible = 0;
			defaultConfigurationName = Release;
		};
/* End XCConfigurationList section */
	};
	rootObject = 627E43A9169B0F050065C1F1 /* Project object */;
}
